// !$*UTF8*$!
{
	archiveVersion = 1;
	classes = {
	};
	objectVersion = 48;
	objects = {

/* Begin PBXBuildFile section */
		C701E13E1F40FED600BD36C0 /* AppDelegate.swift in Sources */ = {isa = PBXBuildFile; fileRef = C701E13D1F40FED600BD36C0 /* AppDelegate.swift */; };
		C701E1401F40FED600BD36C0 /* ViewController.swift in Sources */ = {isa = PBXBuildFile; fileRef = C701E13F1F40FED600BD36C0 /* ViewController.swift */; };
		C701E1431F40FED600BD36C0 /* Main.storyboard in Resources */ = {isa = PBXBuildFile; fileRef = C701E1411F40FED600BD36C0 /* Main.storyboard */; };
		C701E1451F40FED600BD36C0 /* Assets.xcassets in Resources */ = {isa = PBXBuildFile; fileRef = C701E1441F40FED600BD36C0 /* Assets.xcassets */; };
		C701E1481F40FED600BD36C0 /* LaunchScreen.storyboard in Resources */ = {isa = PBXBuildFile; fileRef = C701E1461F40FED600BD36C0 /* LaunchScreen.storyboard */; };
		C701E1501F40FF5A00BD36C0 /* HomeCollectionViewController.swift in Sources */ = {isa = PBXBuildFile; fileRef = C701E14F1F40FF5A00BD36C0 /* HomeCollectionViewController.swift */; };
		C701E1521F41002500BD36C0 /* VideoCell.swift in Sources */ = {isa = PBXBuildFile; fileRef = C701E1511F41002500BD36C0 /* VideoCell.swift */; };
		C701E1681F41D97300BD36C0 /* Extensions.swift in Sources */ = {isa = PBXBuildFile; fileRef = C701E1671F41D92C00BD36C0 /* Extensions.swift */; };
		C701E16C1F41DD5300BD36C0 /* HomeNavigationController.swift in Sources */ = {isa = PBXBuildFile; fileRef = C701E16B1F41DD5300BD36C0 /* HomeNavigationController.swift */; };
		C701E16E1F41E35800BD36C0 /* Junk.swift in Sources */ = {isa = PBXBuildFile; fileRef = C701E16D1F41E35800BD36C0 /* Junk.swift */; };
		C701E1701F41E5CE00BD36C0 /* MenuBar.swift in Sources */ = {isa = PBXBuildFile; fileRef = C701E16F1F41E5CE00BD36C0 /* MenuBar.swift */; };
		C701E1721F41F60600BD36C0 /* MenuBarCell.swift in Sources */ = {isa = PBXBuildFile; fileRef = C701E1711F41F60600BD36C0 /* MenuBarCell.swift */; };
		C701E1741F4207B000BD36C0 /* BaseCell.swift in Sources */ = {isa = PBXBuildFile; fileRef = C701E1731F4207B000BD36C0 /* BaseCell.swift */; };
		C701E1771F42284E00BD36C0 /* YoutubeVideo.swift in Sources */ = {isa = PBXBuildFile; fileRef = C701E1761F42284E00BD36C0 /* YoutubeVideo.swift */; };
		C74692BB1F42E0EE00506BA7 /* FeedCell.swift in Sources */ = {isa = PBXBuildFile; fileRef = C74692BA1F42E0EE00506BA7 /* FeedCell.swift */; };
		C7AC83F31F4271AF00708AEF /* AppService.swift in Sources */ = {isa = PBXBuildFile; fileRef = C7AC83F21F4271AF00708AEF /* AppService.swift */; };
/* End PBXBuildFile section */

/* Begin PBXFileReference section */
		C701E13A1F40FED600BD36C0 /* YoutubeApp.app */ = {isa = PBXFileReference; explicitFileType = wrapper.application; includeInIndex = 0; path = YoutubeApp.app; sourceTree = BUILT_PRODUCTS_DIR; };
		C701E13D1F40FED600BD36C0 /* AppDelegate.swift */ = {isa = PBXFileReference; lastKnownFileType = sourcecode.swift; path = AppDelegate.swift; sourceTree = "<group>"; };
		C701E13F1F40FED600BD36C0 /* ViewController.swift */ = {isa = PBXFileReference; lastKnownFileType = sourcecode.swift; path = ViewController.swift; sourceTree = "<group>"; };
		C701E1421F40FED600BD36C0 /* Base */ = {isa = PBXFileReference; lastKnownFileType = file.storyboard; name = Base; path = Base.lproj/Main.storyboard; sourceTree = "<group>"; };
		C701E1441F40FED600BD36C0 /* Assets.xcassets */ = {isa = PBXFileReference; lastKnownFileType = folder.assetcatalog; path = Assets.xcassets; sourceTree = "<group>"; };
		C701E1471F40FED600BD36C0 /* Base */ = {isa = PBXFileReference; lastKnownFileType = file.storyboard; name = Base; path = Base.lproj/LaunchScreen.storyboard; sourceTree = "<group>"; };
		C701E1491F40FED600BD36C0 /* Info.plist */ = {isa = PBXFileReference; lastKnownFileType = text.plist.xml; path = Info.plist; sourceTree = "<group>"; };
		C701E14F1F40FF5A00BD36C0 /* HomeCollectionViewController.swift */ = {isa = PBXFileReference; lastKnownFileType = sourcecode.swift; path = HomeCollectionViewController.swift; sourceTree = "<group>"; };
		C701E1511F41002500BD36C0 /* VideoCell.swift */ = {isa = PBXFileReference; lastKnownFileType = sourcecode.swift; path = VideoCell.swift; sourceTree = "<group>"; };
		C701E1671F41D92C00BD36C0 /* Extensions.swift */ = {isa = PBXFileReference; lastKnownFileType = sourcecode.swift; path = Extensions.swift; sourceTree = "<group>"; };
		C701E16B1F41DD5300BD36C0 /* HomeNavigationController.swift */ = {isa = PBXFileReference; lastKnownFileType = sourcecode.swift; path = HomeNavigationController.swift; sourceTree = "<group>"; };
		C701E16D1F41E35800BD36C0 /* Junk.swift */ = {isa = PBXFileReference; lastKnownFileType = sourcecode.swift; path = Junk.swift; sourceTree = "<group>"; };
		C701E16F1F41E5CE00BD36C0 /* MenuBar.swift */ = {isa = PBXFileReference; lastKnownFileType = sourcecode.swift; path = MenuBar.swift; sourceTree = "<group>"; };
		C701E1711F41F60600BD36C0 /* MenuBarCell.swift */ = {isa = PBXFileReference; lastKnownFileType = sourcecode.swift; path = MenuBarCell.swift; sourceTree = "<group>"; };
		C701E1731F4207B000BD36C0 /* BaseCell.swift */ = {isa = PBXFileReference; lastKnownFileType = sourcecode.swift; path = BaseCell.swift; sourceTree = "<group>"; };
		C701E1761F42284E00BD36C0 /* YoutubeVideo.swift */ = {isa = PBXFileReference; lastKnownFileType = sourcecode.swift; path = YoutubeVideo.swift; sourceTree = "<group>"; };
		C74692BA1F42E0EE00506BA7 /* FeedCell.swift */ = {isa = PBXFileReference; lastKnownFileType = sourcecode.swift; path = FeedCell.swift; sourceTree = "<group>"; };
		C7AC83F21F4271AF00708AEF /* AppService.swift */ = {isa = PBXFileReference; lastKnownFileType = sourcecode.swift; path = AppService.swift; sourceTree = "<group>"; };
/* End PBXFileReference section */

/* Begin PBXFrameworksBuildPhase section */
		C701E1371F40FED600BD36C0 /* Frameworks */ = {
			isa = PBXFrameworksBuildPhase;
			buildActionMask = 2147483647;
			files = (
			);
			runOnlyForDeploymentPostprocessing = 0;
		};
/* End PBXFrameworksBuildPhase section */

/* Begin PBXGroup section */
		C701E1311F40FED600BD36C0 = {
			isa = PBXGroup;
			children = (
				C701E13C1F40FED600BD36C0 /* YoutubeApp */,
				C701E13B1F40FED600BD36C0 /* Products */,
			);
			sourceTree = "<group>";
		};
		C701E13B1F40FED600BD36C0 /* Products */ = {
			isa = PBXGroup;
			children = (
				C701E13A1F40FED600BD36C0 /* YoutubeApp.app */,
			);
			name = Products;
			sourceTree = "<group>";
		};
		C701E13C1F40FED600BD36C0 /* YoutubeApp */ = {
			isa = PBXGroup;
			children = (
				C7AC83F11F42717E00708AEF /* Service */,
				C701E1751F42282900BD36C0 /* Model */,
				C701E1691F41DBDA00BD36C0 /* View */,
				C701E16A1F41DBDF00BD36C0 /* Controller */,
				C701E1671F41D92C00BD36C0 /* Extensions.swift */,
				C701E13D1F40FED600BD36C0 /* AppDelegate.swift */,
				C701E16D1F41E35800BD36C0 /* Junk.swift */,
				C701E1411F40FED600BD36C0 /* Main.storyboard */,
				C701E1441F40FED600BD36C0 /* Assets.xcassets */,
				C701E1461F40FED600BD36C0 /* LaunchScreen.storyboard */,
				C701E1491F40FED600BD36C0 /* Info.plist */,
			);
			path = YoutubeApp;
			sourceTree = "<group>";
		};
		C701E1691F41DBDA00BD36C0 /* View */ = {
			isa = PBXGroup;
			children = (
				C701E1731F4207B000BD36C0 /* BaseCell.swift */,
				C701E1511F41002500BD36C0 /* VideoCell.swift */,
				C701E16F1F41E5CE00BD36C0 /* MenuBar.swift */,
				C701E1711F41F60600BD36C0 /* MenuBarCell.swift */,
				C74692BA1F42E0EE00506BA7 /* FeedCell.swift */,
			);
			path = View;
			sourceTree = "<group>";
		};
		C701E16A1F41DBDF00BD36C0 /* Controller */ = {
			isa = PBXGroup;
			children = (
				C701E14F1F40FF5A00BD36C0 /* HomeCollectionViewController.swift */,
				C701E16B1F41DD5300BD36C0 /* HomeNavigationController.swift */,
				C701E13F1F40FED600BD36C0 /* ViewController.swift */,
			);
			path = Controller;
			sourceTree = "<group>";
		};
		C701E1751F42282900BD36C0 /* Model */ = {
			isa = PBXGroup;
			children = (
				C701E1761F42284E00BD36C0 /* YoutubeVideo.swift */,
			);
			path = Model;
			sourceTree = "<group>";
		};
		C7AC83F11F42717E00708AEF /* Service */ = {
			isa = PBXGroup;
			children = (
				C7AC83F21F4271AF00708AEF /* AppService.swift */,
			);
			path = Service;
			sourceTree = "<group>";
		};
/* End PBXGroup section */

/* Begin PBXNativeTarget section */
		C701E1391F40FED600BD36C0 /* YoutubeApp */ = {
			isa = PBXNativeTarget;
			buildConfigurationList = C701E14C1F40FED600BD36C0 /* Build configuration list for PBXNativeTarget "YoutubeApp" */;
			buildPhases = (
				C701E1361F40FED600BD36C0 /* Sources */,
				C701E1371F40FED600BD36C0 /* Frameworks */,
				C701E1381F40FED600BD36C0 /* Resources */,
			);
			buildRules = (
			);
			dependencies = (
			);
			name = YoutubeApp;
			productName = YoutubeApp;
			productReference = C701E13A1F40FED600BD36C0 /* YoutubeApp.app */;
			productType = "com.apple.product-type.application";
		};
/* End PBXNativeTarget section */

/* Begin PBXProject section */
		C701E1321F40FED600BD36C0 /* Project object */ = {
			isa = PBXProject;
			attributes = {
				LastSwiftUpdateCheck = 0900;
				LastUpgradeCheck = 0900;
				ORGANIZATIONNAME = geomakesgames;
				TargetAttributes = {
					C701E1391F40FED600BD36C0 = {
						CreatedOnToolsVersion = 9.0;
					};
				};
			};
			buildConfigurationList = C701E1351F40FED600BD36C0 /* Build configuration list for PBXProject "YoutubeApp" */;
			compatibilityVersion = "Xcode 8.0";
			developmentRegion = en;
			hasScannedForEncodings = 0;
			knownRegions = (
				en,
				Base,
			);
			mainGroup = C701E1311F40FED600BD36C0;
			productRefGroup = C701E13B1F40FED600BD36C0 /* Products */;
			projectDirPath = "";
			projectRoot = "";
			targets = (
				C701E1391F40FED600BD36C0 /* YoutubeApp */,
			);
		};
/* End PBXProject section */

/* Begin PBXResourcesBuildPhase section */
		C701E1381F40FED600BD36C0 /* Resources */ = {
			isa = PBXResourcesBuildPhase;
			buildActionMask = 2147483647;
			files = (
				C701E1481F40FED600BD36C0 /* LaunchScreen.storyboard in Resources */,
				C701E1451F40FED600BD36C0 /* Assets.xcassets in Resources */,
				C701E1431F40FED600BD36C0 /* Main.storyboard in Resources */,
			);
			runOnlyForDeploymentPostprocessing = 0;
		};
/* End PBXResourcesBuildPhase section */

/* Begin PBXSourcesBuildPhase section */
		C701E1361F40FED600BD36C0 /* Sources */ = {
			isa = PBXSourcesBuildPhase;
			buildActionMask = 2147483647;
			files = (
				C701E1681F41D97300BD36C0 /* Extensions.swift in Sources */,
				C74692BB1F42E0EE00506BA7 /* FeedCell.swift in Sources */,
				C7AC83F31F4271AF00708AEF /* AppService.swift in Sources */,
				C701E1501F40FF5A00BD36C0 /* HomeCollectionViewController.swift in Sources */,
				C701E1701F41E5CE00BD36C0 /* MenuBar.swift in Sources */,
				C701E1521F41002500BD36C0 /* VideoCell.swift in Sources */,
				C701E1401F40FED600BD36C0 /* ViewController.swift in Sources */,
				C701E1721F41F60600BD36C0 /* MenuBarCell.swift in Sources */,
				C701E16E1F41E35800BD36C0 /* Junk.swift in Sources */,
				C701E16C1F41DD5300BD36C0 /* HomeNavigationController.swift in Sources */,
				C701E1741F4207B000BD36C0 /* BaseCell.swift in Sources */,
				C701E13E1F40FED600BD36C0 /* AppDelegate.swift in Sources */,
				C701E1771F42284E00BD36C0 /* YoutubeVideo.swift in Sources */,
			);
			runOnlyForDeploymentPostprocessing = 0;
		};
/* End PBXSourcesBuildPhase section */

/* Begin PBXVariantGroup section */
		C701E1411F40FED600BD36C0 /* Main.storyboard */ = {
			isa = PBXVariantGroup;
			children = (
				C701E1421F40FED600BD36C0 /* Base */,
			);
			name = Main.storyboard;
			sourceTree = "<group>";
		};
		C701E1461F40FED600BD36C0 /* LaunchScreen.storyboard */ = {
			isa = PBXVariantGroup;
			children = (
				C701E1471F40FED600BD36C0 /* Base */,
			);
			name = LaunchScreen.storyboard;
			sourceTree = "<group>";
		};
/* End PBXVariantGroup section */

/* Begin XCBuildConfiguration section */
		C701E14A1F40FED600BD36C0 /* Debug */ = {
			isa = XCBuildConfiguration;
			buildSettings = {
				ALWAYS_SEARCH_USER_PATHS = NO;
				CLANG_ANALYZER_NONNULL = YES;
				CLANG_ANALYZER_NUMBER_OBJECT_CONVERSION = YES_AGGRESSIVE;
				CLANG_CXX_LANGUAGE_STANDARD = "gnu++14";
				CLANG_CXX_LIBRARY = "libc++";
				CLANG_ENABLE_MODULES = YES;
				CLANG_ENABLE_OBJC_ARC = YES;
				CLANG_WARN_BLOCK_CAPTURE_AUTORELEASING = YES;
				CLANG_WARN_BOOL_CONVERSION = YES;
				CLANG_WARN_COMMA = YES;
				CLANG_WARN_CONSTANT_CONVERSION = YES;
				CLANG_WARN_DIRECT_OBJC_ISA_USAGE = YES_ERROR;
				CLANG_WARN_DOCUMENTATION_COMMENTS = YES;
				CLANG_WARN_EMPTY_BODY = YES;
				CLANG_WARN_ENUM_CONVERSION = YES;
				CLANG_WARN_INFINITE_RECURSION = YES;
				CLANG_WARN_INT_CONVERSION = YES;
				CLANG_WARN_OBJC_ROOT_CLASS = YES_ERROR;
				CLANG_WARN_RANGE_LOOP_ANALYSIS = YES;
				CLANG_WARN_STRICT_PROTOTYPES = YES;
				CLANG_WARN_SUSPICIOUS_MOVE = YES;
				CLANG_WARN_UNGUARDED_AVAILABILITY = YES_AGGRESSIVE;
				CLANG_WARN_UNREACHABLE_CODE = YES;
				CLANG_WARN__DUPLICATE_METHOD_MATCH = YES;
				CODE_SIGN_IDENTITY = "iPhone Developer";
				COPY_PHASE_STRIP = NO;
				DEBUG_INFORMATION_FORMAT = dwarf;
				ENABLE_STRICT_OBJC_MSGSEND = YES;
				ENABLE_TESTABILITY = YES;
				GCC_C_LANGUAGE_STANDARD = gnu11;
				GCC_DYNAMIC_NO_PIC = NO;
				GCC_NO_COMMON_BLOCKS = YES;
				GCC_OPTIMIZATION_LEVEL = 0;
				GCC_PREPROCESSOR_DEFINITIONS = (
					"DEBUG=1",
					"$(inherited)",
				);
				GCC_WARN_64_TO_32_BIT_CONVERSION = YES;
				GCC_WARN_ABOUT_RETURN_TYPE = YES_ERROR;
				GCC_WARN_UNDECLARED_SELECTOR = YES;
				GCC_WARN_UNINITIALIZED_AUTOS = YES_AGGRESSIVE;
				GCC_WARN_UNUSED_FUNCTION = YES;
				GCC_WARN_UNUSED_VARIABLE = YES;
				IPHONEOS_DEPLOYMENT_TARGET = 11.0;
				MTL_ENABLE_DEBUG_INFO = YES;
				ONLY_ACTIVE_ARCH = YES;
				SDKROOT = iphoneos;
				SWIFT_ACTIVE_COMPILATION_CONDITIONS = DEBUG;
				SWIFT_OPTIMIZATION_LEVEL = "-Onone";
			};
			name = Debug;
		};
		C701E14B1F40FED600BD36C0 /* Release */ = {
			isa = XCBuildConfiguration;
			buildSettings = {
				ALWAYS_SEARCH_USER_PATHS = NO;
				CLANG_ANALYZER_NONNULL = YES;
				CLANG_ANALYZER_NUMBER_OBJECT_CONVERSION = YES_AGGRESSIVE;
				CLANG_CXX_LANGUAGE_STANDARD = "gnu++14";
				CLANG_CXX_LIBRARY = "libc++";
				CLANG_ENABLE_MODULES = YES;
				CLANG_ENABLE_OBJC_ARC = YES;
				CLANG_WARN_BLOCK_CAPTURE_AUTORELEASING = YES;
				CLANG_WARN_BOOL_CONVERSION = YES;
				CLANG_WARN_COMMA = YES;
				CLANG_WARN_CONSTANT_CONVERSION = YES;
				CLANG_WARN_DIRECT_OBJC_ISA_USAGE = YES_ERROR;
				CLANG_WARN_DOCUMENTATION_COMMENTS = YES;
				CLANG_WARN_EMPTY_BODY = YES;
				CLANG_WARN_ENUM_CONVERSION = YES;
				CLANG_WARN_INFINITE_RECURSION = YES;
				CLANG_WARN_INT_CONVERSION = YES;
				CLANG_WARN_OBJC_ROOT_CLASS = YES_ERROR;
				CLANG_WARN_RANGE_LOOP_ANALYSIS = YES;
				CLANG_WARN_STRICT_PROTOTYPES = YES;
				CLANG_WARN_SUSPICIOUS_MOVE = YES;
				CLANG_WARN_UNGUARDED_AVAILABILITY = YES_AGGRESSIVE;
				CLANG_WARN_UNREACHABLE_CODE = YES;
				CLANG_WARN__DUPLICATE_METHOD_MATCH = YES;
				CODE_SIGN_IDENTITY = "iPhone Developer";
				COPY_PHASE_STRIP = NO;
				DEBUG_INFORMATION_FORMAT = "dwarf-with-dsym";
				ENABLE_NS_ASSERTIONS = NO;
				ENABLE_STRICT_OBJC_MSGSEND = YES;
				GCC_C_LANGUAGE_STANDARD = gnu11;
				GCC_NO_COMMON_BLOCKS = YES;
				GCC_WARN_64_TO_32_BIT_CONVERSION = YES;
				GCC_WARN_ABOUT_RETURN_TYPE = YES_ERROR;
				GCC_WARN_UNDECLARED_SELECTOR = YES;
				GCC_WARN_UNINITIALIZED_AUTOS = YES_AGGRESSIVE;
				GCC_WARN_UNUSED_FUNCTION = YES;
				GCC_WARN_UNUSED_VARIABLE = YES;
				IPHONEOS_DEPLOYMENT_TARGET = 11.0;
				MTL_ENABLE_DEBUG_INFO = NO;
				SDKROOT = iphoneos;
				SWIFT_OPTIMIZATION_LEVEL = "-Owholemodule";
				VALIDATE_PRODUCT = YES;
			};
			name = Release;
		};
		C701E14D1F40FED600BD36C0 /* Debug */ = {
			isa = XCBuildConfiguration;
			buildSettings = {
				ASSETCATALOG_COMPILER_APPICON_NAME = AppIcon;
				INFOPLIST_FILE = YoutubeApp/Info.plist;
				LD_RUNPATH_SEARCH_PATHS = "$(inherited) @executable_path/Frameworks";
				PRODUCT_BUNDLE_IDENTIFIER = co.geomakesgames.YoutubeApp;
				PRODUCT_NAME = "$(TARGET_NAME)";
				SWIFT_VERSION = 4.0;
				TARGETED_DEVICE_FAMILY = "1,2";
			};
			name = Debug;
		};
		C701E14E1F40FED600BD36C0 /* Release */ = {
			isa = XCBuildConfiguration;
			buildSettings = {
				ASSETCATALOG_COMPILER_APPICON_NAME = AppIcon;
				INFOPLIST_FILE = YoutubeApp/Info.plist;
				LD_RUNPATH_SEARCH_PATHS = "$(inherited) @executable_path/Frameworks";
				PRODUCT_BUNDLE_IDENTIFIER = co.geomakesgames.YoutubeApp;
				PRODUCT_NAME = "$(TARGET_NAME)";
				SWIFT_VERSION = 4.0;
				TARGETED_DEVICE_FAMILY = "1,2";
			};
			name = Release;
		};
/* End XCBuildConfiguration section */

/* Begin XCConfigurationList section */
		C701E1351F40FED600BD36C0 /* Build configuration list for PBXProject "YoutubeApp" */ = {
			isa = XCConfigurationList;
			buildConfigurations = (
				C701E14A1F40FED600BD36C0 /* Debug */,
				C701E14B1F40FED600BD36C0 /* Release */,
			);
			defaultConfigurationIsVisible = 0;
			defaultConfigurationName = Release;
		};
		C701E14C1F40FED600BD36C0 /* Build configuration list for PBXNativeTarget "YoutubeApp" */ = {
			isa = XCConfigurationList;
			buildConfigurations = (
				C701E14D1F40FED600BD36C0 /* Debug */,
				C701E14E1F40FED600BD36C0 /* Release */,
			);
			defaultConfigurationIsVisible = 0;
			defaultConfigurationName = Release;
		};
/* End XCConfigurationList section */
	};
	rootObject = C701E1321F40FED600BD36C0 /* Project object */;
}
