// !$*UTF8*$!
{
	archiveVersion = 1;
	classes = {
	};
	objectVersion = 46;
	objects = {

/* Begin PBXBuildFile section */
		C70778221F43629900308D0A /* MyReadingCollectionViewCell.swift in Sources */ = {isa = PBXBuildFile; fileRef = C70778211F43629900308D0A /* MyReadingCollectionViewCell.swift */; };
		C724266F1F446BEB0021F48E /* CosmosTouchTarget.swift in Sources */ = {isa = PBXBuildFile; fileRef = C72426571F446BB60021F48E /* CosmosTouchTarget.swift */; };
		C72426701F446BEB0021F48E /* RightToLeft.swift in Sources */ = {isa = PBXBuildFile; fileRef = C72426581F446BB60021F48E /* RightToLeft.swift */; };
		C72426711F446BF10021F48E /* StarFillMode.swift in Sources */ = {isa = PBXBuildFile; fileRef = C724265A1F446BB60021F48E /* StarFillMode.swift */; };
		C72426721F446BF10021F48E /* StarLayer.swift in Sources */ = {isa = PBXBuildFile; fileRef = C724265B1F446BB60021F48E /* StarLayer.swift */; };
		C72426731F446BFB0021F48E /* CosmosAccessibility.swift in Sources */ = {isa = PBXBuildFile; fileRef = C724264B1F446BB60021F48E /* CosmosAccessibility.swift */; };
		C72426741F446BFB0021F48E /* CosmosDefaultSettings.swift in Sources */ = {isa = PBXBuildFile; fileRef = C724264C1F446BB60021F48E /* CosmosDefaultSettings.swift */; };
		C72426751F446BFB0021F48E /* CosmosLayerHelper.swift in Sources */ = {isa = PBXBuildFile; fileRef = C724264D1F446BB60021F48E /* CosmosLayerHelper.swift */; };
		C72426761F446BFB0021F48E /* CosmosLayers.swift in Sources */ = {isa = PBXBuildFile; fileRef = C724264E1F446BB60021F48E /* CosmosLayers.swift */; };
		C72426771F446BFB0021F48E /* CosmosLocalizedRating.swift in Sources */ = {isa = PBXBuildFile; fileRef = C724264F1F446BB60021F48E /* CosmosLocalizedRating.swift */; };
		C72426781F446BFB0021F48E /* CosmosRating.swift in Sources */ = {isa = PBXBuildFile; fileRef = C72426501F446BB60021F48E /* CosmosRating.swift */; };
		C72426791F446BFB0021F48E /* CosmosSettings.swift in Sources */ = {isa = PBXBuildFile; fileRef = C72426511F446BB60021F48E /* CosmosSettings.swift */; };
		C724267A1F446BFB0021F48E /* CosmosSize.swift in Sources */ = {isa = PBXBuildFile; fileRef = C72426521F446BB60021F48E /* CosmosSize.swift */; };
		C724267B1F446BFB0021F48E /* CosmosText.swift in Sources */ = {isa = PBXBuildFile; fileRef = C72426531F446BB60021F48E /* CosmosText.swift */; };
		C724267C1F446BFB0021F48E /* CosmosTouch.swift in Sources */ = {isa = PBXBuildFile; fileRef = C72426541F446BB60021F48E /* CosmosTouch.swift */; };
		C724267D1F446BFB0021F48E /* CosmosView.swift in Sources */ = {isa = PBXBuildFile; fileRef = C72426551F446BB60021F48E /* CosmosView.swift */; };
		C73182701F432A9B000D6EDA /* MyReadingViewController.swift in Sources */ = {isa = PBXBuildFile; fileRef = C731826F1F432A9B000D6EDA /* MyReadingViewController.swift */; };
		C74A2F4C1F4393AE001188D3 /* MenuBar.swift in Sources */ = {isa = PBXBuildFile; fileRef = C74A2F371F439392001188D3 /* MenuBar.swift */; };
		C74A2F4D1F4393B0001188D3 /* MenuBarCell.swift in Sources */ = {isa = PBXBuildFile; fileRef = C74A2F381F439392001188D3 /* MenuBarCell.swift */; };
		C74A2F4F1F43BD49001188D3 /* LayoutableImageView.swift in Sources */ = {isa = PBXBuildFile; fileRef = C74A2F4E1F43BD49001188D3 /* LayoutableImageView.swift */; };
		C74A2F511F43C0B2001188D3 /* RatingsView.swift in Sources */ = {isa = PBXBuildFile; fileRef = C74A2F501F43C0B2001188D3 /* RatingsView.swift */; };
		C7626DD21F3DDF4B00D0CD62 /* Assets.xcassets in Resources */ = {isa = PBXBuildFile; fileRef = C7626DD11F3DDF4B00D0CD62 /* Assets.xcassets */; };
		C767E4681F4482DA008651E3 /* AddAccountViewController.swift in Sources */ = {isa = PBXBuildFile; fileRef = C767E4671F4482DA008651E3 /* AddAccountViewController.swift */; };
		C78BE1E31F3E605F000672C2 /* LayoutableButton.swift in Sources */ = {isa = PBXBuildFile; fileRef = C78BE1E11F3E605F000672C2 /* LayoutableButton.swift */; };
		C78BE1E41F3E605F000672C2 /* LayoutableView.swift in Sources */ = {isa = PBXBuildFile; fileRef = C78BE1E21F3E605F000672C2 /* LayoutableView.swift */; };
		C78C6F9E1F4349E000D47279 /* OnboardingBookSelectionViewController.swift in Sources */ = {isa = PBXBuildFile; fileRef = C78C6F9D1F4349E000D47279 /* OnboardingBookSelectionViewController.swift */; };
		C78C87CB1F3C3CCA00B386FC /* AppDelegate.swift in Sources */ = {isa = PBXBuildFile; fileRef = C78C87CA1F3C3CCA00B386FC /* AppDelegate.swift */; };
		C78C87CD1F3C3CCA00B386FC /* MicrophonePermisionsViewController.swift in Sources */ = {isa = PBXBuildFile; fileRef = C78C87CC1F3C3CCA00B386FC /* MicrophonePermisionsViewController.swift */; };
		C78C87D01F3C3CCA00B386FC /* OnboardingProcessMain.storyboard in Resources */ = {isa = PBXBuildFile; fileRef = C78C87CE1F3C3CCA00B386FC /* OnboardingProcessMain.storyboard */; };
		C78C87D51F3C3CCA00B386FC /* LaunchScreen.storyboard in Resources */ = {isa = PBXBuildFile; fileRef = C78C87D31F3C3CCA00B386FC /* LaunchScreen.storyboard */; };
		C78C87DF1F3C3D6A00B386FC /* OnboardingWalkthroughPageViewController.swift in Sources */ = {isa = PBXBuildFile; fileRef = C78C87DC1F3C3D6A00B386FC /* OnboardingWalkthroughPageViewController.swift */; };
		C78C87E01F3C3D6A00B386FC /* WalkthroughModel.swift in Sources */ = {isa = PBXBuildFile; fileRef = C78C87DD1F3C3D6A00B386FC /* WalkthroughModel.swift */; };
		C78C87E11F3C3D6A00B386FC /* WalkthroughViewController.swift in Sources */ = {isa = PBXBuildFile; fileRef = C78C87DE1F3C3D6A00B386FC /* WalkthroughViewController.swift */; };
		C78C87F11F3C7EAF00B386FC /* CHIPageControlAji.swift in Sources */ = {isa = PBXBuildFile; fileRef = C78C87E41F3C7EAF00B386FC /* CHIPageControlAji.swift */; };
		C78C87F21F3C7EAF00B386FC /* CHIPageControlAleppo.swift in Sources */ = {isa = PBXBuildFile; fileRef = C78C87E51F3C7EAF00B386FC /* CHIPageControlAleppo.swift */; };
		C78C87F31F3C7EAF00B386FC /* CHIPageControlChimayo.swift in Sources */ = {isa = PBXBuildFile; fileRef = C78C87E61F3C7EAF00B386FC /* CHIPageControlChimayo.swift */; };
		C78C87F41F3C7EAF00B386FC /* CHIPageControlFresno.swift in Sources */ = {isa = PBXBuildFile; fileRef = C78C87E71F3C7EAF00B386FC /* CHIPageControlFresno.swift */; };
		C78C87F51F3C7EAF00B386FC /* CHIPageControlJalapeno.swift in Sources */ = {isa = PBXBuildFile; fileRef = C78C87E81F3C7EAF00B386FC /* CHIPageControlJalapeno.swift */; };
		C78C87F61F3C7EAF00B386FC /* CHIPageControlJaloro.swift in Sources */ = {isa = PBXBuildFile; fileRef = C78C87E91F3C7EAF00B386FC /* CHIPageControlJaloro.swift */; };
		C78C87F71F3C7EAF00B386FC /* CHIPageControlPaprika.swift in Sources */ = {isa = PBXBuildFile; fileRef = C78C87EA1F3C7EAF00B386FC /* CHIPageControlPaprika.swift */; };
		C78C87F81F3C7EAF00B386FC /* CHIPageControlPuya.swift in Sources */ = {isa = PBXBuildFile; fileRef = C78C87EB1F3C7EAF00B386FC /* CHIPageControlPuya.swift */; };
		C78C87F91F3C7EAF00B386FC /* CHIBasePageControl.swift in Sources */ = {isa = PBXBuildFile; fileRef = C78C87ED1F3C7EAF00B386FC /* CHIBasePageControl.swift */; };
		C78C87FA1F3C7EAF00B386FC /* CHILayer.swift in Sources */ = {isa = PBXBuildFile; fileRef = C78C87EE1F3C7EAF00B386FC /* CHILayer.swift */; };
		C78C87FB1F3C7EAF00B386FC /* CHIPageControllable.swift in Sources */ = {isa = PBXBuildFile; fileRef = C78C87EF1F3C7EAF00B386FC /* CHIPageControllable.swift */; };
		C78C87FC1F3C7EAF00B386FC /* Info.plist in Resources */ = {isa = PBXBuildFile; fileRef = C78C87F01F3C7EAF00B386FC /* Info.plist */; };
		C78C87FE1F3C812C00B386FC /* SelectAccountViewController.swift in Sources */ = {isa = PBXBuildFile; fileRef = C78C87FD1F3C812C00B386FC /* SelectAccountViewController.swift */; };
		C78C88001F3C838A00B386FC /* LoginViewController.swift in Sources */ = {isa = PBXBuildFile; fileRef = C78C87FF1F3C838A00B386FC /* LoginViewController.swift */; };
		C78C88021F3C8B5C00B386FC /* OnboardingCoordinator.swift in Sources */ = {isa = PBXBuildFile; fileRef = C78C88011F3C8B5C00B386FC /* OnboardingCoordinator.swift */; };
		C78C90FF1F3C8E7700B386FC /* RxSwift.framework in Frameworks */ = {isa = PBXBuildFile; fileRef = C78C90D61F3C8E6C00B386FC /* RxSwift.framework */; };
		C78C91001F3C8E7700B386FC /* RxSwift.framework in Embed Frameworks */ = {isa = PBXBuildFile; fileRef = C78C90D61F3C8E6C00B386FC /* RxSwift.framework */; settings = {ATTRIBUTES = (CodeSignOnCopy, RemoveHeadersOnCopy, ); }; };
		C78C91031F3C8E7700B386FC /* RxCocoa.framework in Frameworks */ = {isa = PBXBuildFile; fileRef = C78C90DE1F3C8E6C00B386FC /* RxCocoa.framework */; };
		C78C91041F3C8E7700B386FC /* RxCocoa.framework in Embed Frameworks */ = {isa = PBXBuildFile; fileRef = C78C90DE1F3C8E6C00B386FC /* RxCocoa.framework */; settings = {ATTRIBUTES = (CodeSignOnCopy, RemoveHeadersOnCopy, ); }; };
		C78C910A1F3CA7E400B386FC /* AppCoordinator.swift in Sources */ = {isa = PBXBuildFile; fileRef = C78C91091F3CA7E400B386FC /* AppCoordinator.swift */; };
		C78C91981F3CAEB600B386FC /* Services.swift in Sources */ = {isa = PBXBuildFile; fileRef = C78C91971F3CAEB600B386FC /* Services.swift */; };
		C78C919A1F3CAFC400B386FC /* AppServices.swift in Sources */ = {isa = PBXBuildFile; fileRef = C78C91991F3CAFC400B386FC /* AppServices.swift */; };
		C78C919C1F3CAFD800B386FC /* MockServices.swift in Sources */ = {isa = PBXBuildFile; fileRef = C78C919B1F3CAFD800B386FC /* MockServices.swift */; };
		C78C919F1F3CB16700B386FC /* BookModel.swift in Sources */ = {isa = PBXBuildFile; fileRef = C78C919E1F3CB16700B386FC /* BookModel.swift */; };
		C78C91A11F3CB1B900B386FC /* RealmBookModel.swift in Sources */ = {isa = PBXBuildFile; fileRef = C78C91A01F3CB1B900B386FC /* RealmBookModel.swift */; };
		C78C91A41F3CB43900B386FC /* MyBookViewController.swift in Sources */ = {isa = PBXBuildFile; fileRef = C78C91A31F3CB43900B386FC /* MyBookViewController.swift */; };
		C7A3A5001F44CB6100A89BE8 /* NavigationController.swift in Sources */ = {isa = PBXBuildFile; fileRef = C7A3A4FF1F44CB6100A89BE8 /* NavigationController.swift */; };
		C7E08E771F443EEB00207D1C /* MyReadingSectionsCollectionViewCell.swift in Sources */ = {isa = PBXBuildFile; fileRef = C7E08E761F443EEB00207D1C /* MyReadingSectionsCollectionViewCell.swift */; };
		C7E08E791F443F1700207D1C /* BaseCell.swift in Sources */ = {isa = PBXBuildFile; fileRef = C7E08E781F443F1700207D1C /* BaseCell.swift */; };
		C7E35B861F3D044E002874DB /* OnboardingBookSelectionViewCell.swift in Sources */ = {isa = PBXBuildFile; fileRef = C7E35B851F3D044E002874DB /* OnboardingBookSelectionViewCell.swift */; };
		C7E35B9C1F3D0912002874DB /* CircularImageView.swift in Sources */ = {isa = PBXBuildFile; fileRef = C7E35B9B1F3D0912002874DB /* CircularImageView.swift */; };
		C7FA9EFE1F44A6F600EC42B1 /* Extensions.swift in Sources */ = {isa = PBXBuildFile; fileRef = C7FA9EFD1F44A6F600EC42B1 /* Extensions.swift */; };
/* End PBXBuildFile section */

/* Begin PBXContainerItemProxy section */
		C78C90D51F3C8E6C00B386FC /* PBXContainerItemProxy */ = {
			isa = PBXContainerItemProxy;
			containerPortal = C78C90BD1F3C8E6B00B386FC /* Rx.xcodeproj */;
			proxyType = 2;
			remoteGlobalIDString = C8A56AD71AD7424700B4673B;
			remoteInfo = "RxSwift-iOS";
		};
		C78C90D71F3C8E6C00B386FC /* PBXContainerItemProxy */ = {
			isa = PBXContainerItemProxy;
			containerPortal = C78C90BD1F3C8E6B00B386FC /* Rx.xcodeproj */;
			proxyType = 2;
			remoteGlobalIDString = C88BB8711B07E5ED0064D411;
			remoteInfo = "RxSwift-macOS";
		};
		C78C90D91F3C8E6C00B386FC /* PBXContainerItemProxy */ = {
			isa = PBXContainerItemProxy;
			containerPortal = C78C90BD1F3C8E6B00B386FC /* Rx.xcodeproj */;
			proxyType = 2;
			remoteGlobalIDString = D2EA280C1BB9B5A200880ED3;
			remoteInfo = "RxSwift-tvOS";
		};
		C78C90DB1F3C8E6C00B386FC /* PBXContainerItemProxy */ = {
			isa = PBXContainerItemProxy;
			containerPortal = C78C90BD1F3C8E6B00B386FC /* Rx.xcodeproj */;
			proxyType = 2;
			remoteGlobalIDString = C8F0C0021BBBFB8B001B112F;
			remoteInfo = "RxSwift-watchOS";
		};
		C78C90DD1F3C8E6C00B386FC /* PBXContainerItemProxy */ = {
			isa = PBXContainerItemProxy;
			containerPortal = C78C90BD1F3C8E6B00B386FC /* Rx.xcodeproj */;
			proxyType = 2;
			remoteGlobalIDString = C809396D1B8A71760088E94D;
			remoteInfo = "RxCocoa-iOS";
		};
		C78C90DF1F3C8E6C00B386FC /* PBXContainerItemProxy */ = {
			isa = PBXContainerItemProxy;
			containerPortal = C78C90BD1F3C8E6B00B386FC /* Rx.xcodeproj */;
			proxyType = 2;
			remoteGlobalIDString = C80939E71B8A71840088E94D;
			remoteInfo = "RxCocoa-macOS";
		};
		C78C90E11F3C8E6C00B386FC /* PBXContainerItemProxy */ = {
			isa = PBXContainerItemProxy;
			containerPortal = C78C90BD1F3C8E6B00B386FC /* Rx.xcodeproj */;
			proxyType = 2;
			remoteGlobalIDString = D2138C751BB9BE9800339B5C;
			remoteInfo = "RxCocoa-tvOS";
		};
		C78C90E31F3C8E6C00B386FC /* PBXContainerItemProxy */ = {
			isa = PBXContainerItemProxy;
			containerPortal = C78C90BD1F3C8E6B00B386FC /* Rx.xcodeproj */;
			proxyType = 2;
			remoteGlobalIDString = C8F0C04B1BBBFBB9001B112F;
			remoteInfo = "RxCocoa-watchOS";
		};
		C78C90E51F3C8E6C00B386FC /* PBXContainerItemProxy */ = {
			isa = PBXContainerItemProxy;
			containerPortal = C78C90BD1F3C8E6B00B386FC /* Rx.xcodeproj */;
			proxyType = 2;
			remoteGlobalIDString = C8093BC71B8A71F00088E94D;
			remoteInfo = "RxBlocking-iOS";
		};
		C78C90E71F3C8E6C00B386FC /* PBXContainerItemProxy */ = {
			isa = PBXContainerItemProxy;
			containerPortal = C78C90BD1F3C8E6B00B386FC /* Rx.xcodeproj */;
			proxyType = 2;
			remoteGlobalIDString = C8093C451B8A71FC0088E94D;
			remoteInfo = "RxBlocking-macOS";
		};
		C78C90E91F3C8E6C00B386FC /* PBXContainerItemProxy */ = {
			isa = PBXContainerItemProxy;
			containerPortal = C78C90BD1F3C8E6B00B386FC /* Rx.xcodeproj */;
			proxyType = 2;
			remoteGlobalIDString = D2EBEB811BB9B99D003A27DC;
			remoteInfo = "RxBlocking-tvOS";
		};
		C78C90EB1F3C8E6C00B386FC /* PBXContainerItemProxy */ = {
			isa = PBXContainerItemProxy;
			containerPortal = C78C90BD1F3C8E6B00B386FC /* Rx.xcodeproj */;
			proxyType = 2;
			remoteGlobalIDString = C8F0C0581BBBFBCE001B112F;
			remoteInfo = "RxBlocking-watchOS";
		};
		C78C90ED1F3C8E6C00B386FC /* PBXContainerItemProxy */ = {
			isa = PBXContainerItemProxy;
			containerPortal = C78C90BD1F3C8E6B00B386FC /* Rx.xcodeproj */;
			proxyType = 2;
			remoteGlobalIDString = C88FA50C1C25C44800CCFEA4;
			remoteInfo = "RxTest-iOS";
		};
		C78C90EF1F3C8E6C00B386FC /* PBXContainerItemProxy */ = {
			isa = PBXContainerItemProxy;
			containerPortal = C78C90BD1F3C8E6B00B386FC /* Rx.xcodeproj */;
			proxyType = 2;
			remoteGlobalIDString = C88FA51D1C25C4B500CCFEA4;
			remoteInfo = "RxTest-macOS";
		};
		C78C90F11F3C8E6C00B386FC /* PBXContainerItemProxy */ = {
			isa = PBXContainerItemProxy;
			containerPortal = C78C90BD1F3C8E6B00B386FC /* Rx.xcodeproj */;
			proxyType = 2;
			remoteGlobalIDString = C88FA52E1C25C4C000CCFEA4;
			remoteInfo = "RxTest-tvOS";
		};
		C78C90F31F3C8E6C00B386FC /* PBXContainerItemProxy */ = {
			isa = PBXContainerItemProxy;
			containerPortal = C78C90BD1F3C8E6B00B386FC /* Rx.xcodeproj */;
			proxyType = 2;
			remoteGlobalIDString = C88FA53F1C25C4CC00CCFEA4;
			remoteInfo = "RxTest-watchOS";
		};
		C78C90F51F3C8E6C00B386FC /* PBXContainerItemProxy */ = {
			isa = PBXContainerItemProxy;
			containerPortal = C78C90BD1F3C8E6B00B386FC /* Rx.xcodeproj */;
			proxyType = 2;
			remoteGlobalIDString = C83508C31C386F6F0027C24C;
			remoteInfo = "AllTests-iOS";
		};
		C78C90F71F3C8E6C00B386FC /* PBXContainerItemProxy */ = {
			isa = PBXContainerItemProxy;
			containerPortal = C78C90BD1F3C8E6B00B386FC /* Rx.xcodeproj */;
			proxyType = 2;
			remoteGlobalIDString = C83509841C38740E0027C24C;
			remoteInfo = "AllTests-tvOS";
		};
		C78C90F91F3C8E6C00B386FC /* PBXContainerItemProxy */ = {
			isa = PBXContainerItemProxy;
			containerPortal = C78C90BD1F3C8E6B00B386FC /* Rx.xcodeproj */;
			proxyType = 2;
			remoteGlobalIDString = C83509941C38742C0027C24C;
			remoteInfo = "AllTests-macOS";
		};
		C78C90FB1F3C8E6C00B386FC /* PBXContainerItemProxy */ = {
			isa = PBXContainerItemProxy;
			containerPortal = C78C90BD1F3C8E6B00B386FC /* Rx.xcodeproj */;
			proxyType = 2;
			remoteGlobalIDString = C85BA04B1C3878740075D68E;
			remoteInfo = Microoptimizations;
		};
		C78C90FD1F3C8E6C00B386FC /* PBXContainerItemProxy */ = {
			isa = PBXContainerItemProxy;
			containerPortal = C78C90BD1F3C8E6B00B386FC /* Rx.xcodeproj */;
			proxyType = 2;
			remoteGlobalIDString = C8E8BA551E2C181A00A4AC2C;
			remoteInfo = Benchmarks;
		};
		C78C91011F3C8E7700B386FC /* PBXContainerItemProxy */ = {
			isa = PBXContainerItemProxy;
			containerPortal = C78C90BD1F3C8E6B00B386FC /* Rx.xcodeproj */;
			proxyType = 1;
			remoteGlobalIDString = C8A56AD61AD7424700B4673B;
			remoteInfo = "RxSwift-iOS";
		};
		C78C91051F3C8E7700B386FC /* PBXContainerItemProxy */ = {
			isa = PBXContainerItemProxy;
			containerPortal = C78C90BD1F3C8E6B00B386FC /* Rx.xcodeproj */;
			proxyType = 1;
			remoteGlobalIDString = C80938F51B8A71760088E94D;
			remoteInfo = "RxCocoa-iOS";
		};
/* End PBXContainerItemProxy section */

/* Begin PBXCopyFilesBuildPhase section */
		C78C90BB1F3C8DC500B386FC /* Embed Frameworks */ = {
			isa = PBXCopyFilesBuildPhase;
			buildActionMask = 2147483647;
			dstPath = "";
			dstSubfolderSpec = 10;
			files = (
				C78C91041F3C8E7700B386FC /* RxCocoa.framework in Embed Frameworks */,
				C78C91001F3C8E7700B386FC /* RxSwift.framework in Embed Frameworks */,
			);
			name = "Embed Frameworks";
			runOnlyForDeploymentPostprocessing = 0;
		};
/* End PBXCopyFilesBuildPhase section */

/* Begin PBXFileReference section */
		C70778211F43629900308D0A /* MyReadingCollectionViewCell.swift */ = {isa = PBXFileReference; lastKnownFileType = sourcecode.swift; path = MyReadingCollectionViewCell.swift; sourceTree = "<group>"; };
		C724264A1F446BB60021F48E /* Cosmos.h */ = {isa = PBXFileReference; lastKnownFileType = sourcecode.c.h; path = Cosmos.h; sourceTree = "<group>"; };
		C724264B1F446BB60021F48E /* CosmosAccessibility.swift */ = {isa = PBXFileReference; lastKnownFileType = sourcecode.swift; path = CosmosAccessibility.swift; sourceTree = "<group>"; };
		C724264C1F446BB60021F48E /* CosmosDefaultSettings.swift */ = {isa = PBXFileReference; lastKnownFileType = sourcecode.swift; path = CosmosDefaultSettings.swift; sourceTree = "<group>"; };
		C724264D1F446BB60021F48E /* CosmosLayerHelper.swift */ = {isa = PBXFileReference; lastKnownFileType = sourcecode.swift; path = CosmosLayerHelper.swift; sourceTree = "<group>"; };
		C724264E1F446BB60021F48E /* CosmosLayers.swift */ = {isa = PBXFileReference; lastKnownFileType = sourcecode.swift; path = CosmosLayers.swift; sourceTree = "<group>"; };
		C724264F1F446BB60021F48E /* CosmosLocalizedRating.swift */ = {isa = PBXFileReference; lastKnownFileType = sourcecode.swift; path = CosmosLocalizedRating.swift; sourceTree = "<group>"; };
		C72426501F446BB60021F48E /* CosmosRating.swift */ = {isa = PBXFileReference; lastKnownFileType = sourcecode.swift; path = CosmosRating.swift; sourceTree = "<group>"; };
		C72426511F446BB60021F48E /* CosmosSettings.swift */ = {isa = PBXFileReference; lastKnownFileType = sourcecode.swift; path = CosmosSettings.swift; sourceTree = "<group>"; };
		C72426521F446BB60021F48E /* CosmosSize.swift */ = {isa = PBXFileReference; lastKnownFileType = sourcecode.swift; path = CosmosSize.swift; sourceTree = "<group>"; };
		C72426531F446BB60021F48E /* CosmosText.swift */ = {isa = PBXFileReference; lastKnownFileType = sourcecode.swift; path = CosmosText.swift; sourceTree = "<group>"; };
		C72426541F446BB60021F48E /* CosmosTouch.swift */ = {isa = PBXFileReference; lastKnownFileType = sourcecode.swift; path = CosmosTouch.swift; sourceTree = "<group>"; };
		C72426551F446BB60021F48E /* CosmosView.swift */ = {isa = PBXFileReference; lastKnownFileType = sourcecode.swift; path = CosmosView.swift; sourceTree = "<group>"; };
		C72426571F446BB60021F48E /* CosmosTouchTarget.swift */ = {isa = PBXFileReference; lastKnownFileType = sourcecode.swift; path = CosmosTouchTarget.swift; sourceTree = "<group>"; };
		C72426581F446BB60021F48E /* RightToLeft.swift */ = {isa = PBXFileReference; lastKnownFileType = sourcecode.swift; path = RightToLeft.swift; sourceTree = "<group>"; };
		C724265A1F446BB60021F48E /* StarFillMode.swift */ = {isa = PBXFileReference; lastKnownFileType = sourcecode.swift; path = StarFillMode.swift; sourceTree = "<group>"; };
		C724265B1F446BB60021F48E /* StarLayer.swift */ = {isa = PBXFileReference; lastKnownFileType = sourcecode.swift; path = StarLayer.swift; sourceTree = "<group>"; };
		C731826F1F432A9B000D6EDA /* MyReadingViewController.swift */ = {isa = PBXFileReference; lastKnownFileType = sourcecode.swift; path = MyReadingViewController.swift; sourceTree = "<group>"; };
		C74A2F371F439392001188D3 /* MenuBar.swift */ = {isa = PBXFileReference; lastKnownFileType = sourcecode.swift; path = MenuBar.swift; sourceTree = "<group>"; };
		C74A2F381F439392001188D3 /* MenuBarCell.swift */ = {isa = PBXFileReference; lastKnownFileType = sourcecode.swift; path = MenuBarCell.swift; sourceTree = "<group>"; };
		C74A2F4E1F43BD49001188D3 /* LayoutableImageView.swift */ = {isa = PBXFileReference; lastKnownFileType = sourcecode.swift; path = LayoutableImageView.swift; sourceTree = "<group>"; };
		C74A2F501F43C0B2001188D3 /* RatingsView.swift */ = {isa = PBXFileReference; lastKnownFileType = sourcecode.swift; path = RatingsView.swift; sourceTree = "<group>"; };
		C7626DD11F3DDF4B00D0CD62 /* Assets.xcassets */ = {isa = PBXFileReference; lastKnownFileType = folder.assetcatalog; path = Assets.xcassets; sourceTree = "<group>"; };
		C767E4671F4482DA008651E3 /* AddAccountViewController.swift */ = {isa = PBXFileReference; lastKnownFileType = sourcecode.swift; path = AddAccountViewController.swift; sourceTree = "<group>"; };
		C78BE1E11F3E605F000672C2 /* LayoutableButton.swift */ = {isa = PBXFileReference; fileEncoding = 4; lastKnownFileType = sourcecode.swift; path = LayoutableButton.swift; sourceTree = "<group>"; };
		C78BE1E21F3E605F000672C2 /* LayoutableView.swift */ = {isa = PBXFileReference; fileEncoding = 4; lastKnownFileType = sourcecode.swift; path = LayoutableView.swift; sourceTree = "<group>"; };
		C78C6F9D1F4349E000D47279 /* OnboardingBookSelectionViewController.swift */ = {isa = PBXFileReference; lastKnownFileType = sourcecode.swift; path = OnboardingBookSelectionViewController.swift; sourceTree = "<group>"; };
		C78C87C71F3C3CCA00B386FC /* OnboardingScreenProcess.app */ = {isa = PBXFileReference; explicitFileType = wrapper.application; includeInIndex = 0; path = OnboardingScreenProcess.app; sourceTree = BUILT_PRODUCTS_DIR; };
		C78C87CA1F3C3CCA00B386FC /* AppDelegate.swift */ = {isa = PBXFileReference; lastKnownFileType = sourcecode.swift; path = AppDelegate.swift; sourceTree = "<group>"; };
		C78C87CC1F3C3CCA00B386FC /* MicrophonePermisionsViewController.swift */ = {isa = PBXFileReference; lastKnownFileType = sourcecode.swift; path = MicrophonePermisionsViewController.swift; sourceTree = "<group>"; };
		C78C87CF1F3C3CCA00B386FC /* Base */ = {isa = PBXFileReference; lastKnownFileType = file.storyboard; name = Base; path = Base.lproj/OnboardingProcessMain.storyboard; sourceTree = "<group>"; };
		C78C87D41F3C3CCA00B386FC /* Base */ = {isa = PBXFileReference; lastKnownFileType = file.storyboard; name = Base; path = Base.lproj/LaunchScreen.storyboard; sourceTree = "<group>"; };
		C78C87D61F3C3CCA00B386FC /* Info.plist */ = {isa = PBXFileReference; lastKnownFileType = text.plist.xml; path = Info.plist; sourceTree = "<group>"; };
		C78C87DC1F3C3D6A00B386FC /* OnboardingWalkthroughPageViewController.swift */ = {isa = PBXFileReference; fileEncoding = 4; lastKnownFileType = sourcecode.swift; path = OnboardingWalkthroughPageViewController.swift; sourceTree = "<group>"; };
		C78C87DD1F3C3D6A00B386FC /* WalkthroughModel.swift */ = {isa = PBXFileReference; fileEncoding = 4; lastKnownFileType = sourcecode.swift; path = WalkthroughModel.swift; sourceTree = "<group>"; };
		C78C87DE1F3C3D6A00B386FC /* WalkthroughViewController.swift */ = {isa = PBXFileReference; fileEncoding = 4; lastKnownFileType = sourcecode.swift; path = WalkthroughViewController.swift; sourceTree = "<group>"; };
		C78C87E31F3C7EAF00B386FC /* CHIPageControl.h */ = {isa = PBXFileReference; fileEncoding = 4; lastKnownFileType = sourcecode.c.h; path = CHIPageControl.h; sourceTree = "<group>"; };
		C78C87E41F3C7EAF00B386FC /* CHIPageControlAji.swift */ = {isa = PBXFileReference; fileEncoding = 4; lastKnownFileType = sourcecode.swift; path = CHIPageControlAji.swift; sourceTree = "<group>"; };
		C78C87E51F3C7EAF00B386FC /* CHIPageControlAleppo.swift */ = {isa = PBXFileReference; fileEncoding = 4; lastKnownFileType = sourcecode.swift; path = CHIPageControlAleppo.swift; sourceTree = "<group>"; };
		C78C87E61F3C7EAF00B386FC /* CHIPageControlChimayo.swift */ = {isa = PBXFileReference; fileEncoding = 4; lastKnownFileType = sourcecode.swift; path = CHIPageControlChimayo.swift; sourceTree = "<group>"; };
		C78C87E71F3C7EAF00B386FC /* CHIPageControlFresno.swift */ = {isa = PBXFileReference; fileEncoding = 4; lastKnownFileType = sourcecode.swift; path = CHIPageControlFresno.swift; sourceTree = "<group>"; };
		C78C87E81F3C7EAF00B386FC /* CHIPageControlJalapeno.swift */ = {isa = PBXFileReference; fileEncoding = 4; lastKnownFileType = sourcecode.swift; path = CHIPageControlJalapeno.swift; sourceTree = "<group>"; };
		C78C87E91F3C7EAF00B386FC /* CHIPageControlJaloro.swift */ = {isa = PBXFileReference; fileEncoding = 4; lastKnownFileType = sourcecode.swift; path = CHIPageControlJaloro.swift; sourceTree = "<group>"; };
		C78C87EA1F3C7EAF00B386FC /* CHIPageControlPaprika.swift */ = {isa = PBXFileReference; fileEncoding = 4; lastKnownFileType = sourcecode.swift; path = CHIPageControlPaprika.swift; sourceTree = "<group>"; };
		C78C87EB1F3C7EAF00B386FC /* CHIPageControlPuya.swift */ = {isa = PBXFileReference; fileEncoding = 4; lastKnownFileType = sourcecode.swift; path = CHIPageControlPuya.swift; sourceTree = "<group>"; };
		C78C87ED1F3C7EAF00B386FC /* CHIBasePageControl.swift */ = {isa = PBXFileReference; fileEncoding = 4; lastKnownFileType = sourcecode.swift; path = CHIBasePageControl.swift; sourceTree = "<group>"; };
		C78C87EE1F3C7EAF00B386FC /* CHILayer.swift */ = {isa = PBXFileReference; fileEncoding = 4; lastKnownFileType = sourcecode.swift; path = CHILayer.swift; sourceTree = "<group>"; };
		C78C87EF1F3C7EAF00B386FC /* CHIPageControllable.swift */ = {isa = PBXFileReference; fileEncoding = 4; lastKnownFileType = sourcecode.swift; path = CHIPageControllable.swift; sourceTree = "<group>"; };
		C78C87F01F3C7EAF00B386FC /* Info.plist */ = {isa = PBXFileReference; fileEncoding = 4; lastKnownFileType = text.plist.xml; path = Info.plist; sourceTree = "<group>"; };
		C78C87FD1F3C812C00B386FC /* SelectAccountViewController.swift */ = {isa = PBXFileReference; fileEncoding = 4; lastKnownFileType = sourcecode.swift; path = SelectAccountViewController.swift; sourceTree = "<group>"; };
		C78C87FF1F3C838A00B386FC /* LoginViewController.swift */ = {isa = PBXFileReference; fileEncoding = 4; lastKnownFileType = sourcecode.swift; path = LoginViewController.swift; sourceTree = "<group>"; };
		C78C88011F3C8B5C00B386FC /* OnboardingCoordinator.swift */ = {isa = PBXFileReference; fileEncoding = 4; lastKnownFileType = sourcecode.swift; path = OnboardingCoordinator.swift; sourceTree = "<group>"; };
		C78C90BD1F3C8E6B00B386FC /* Rx.xcodeproj */ = {isa = PBXFileReference; lastKnownFileType = "wrapper.pb-project"; name = Rx.xcodeproj; path = RxSwift/Rx.xcodeproj; sourceTree = "<group>"; };
		C78C91091F3CA7E400B386FC /* AppCoordinator.swift */ = {isa = PBXFileReference; fileEncoding = 4; lastKnownFileType = sourcecode.swift; name = AppCoordinator.swift; path = ../AppCoordinator.swift; sourceTree = "<group>"; };
		C78C91971F3CAEB600B386FC /* Services.swift */ = {isa = PBXFileReference; fileEncoding = 4; lastKnownFileType = sourcecode.swift; path = Services.swift; sourceTree = "<group>"; };
		C78C91991F3CAFC400B386FC /* AppServices.swift */ = {isa = PBXFileReference; fileEncoding = 4; lastKnownFileType = sourcecode.swift; path = AppServices.swift; sourceTree = "<group>"; };
		C78C919B1F3CAFD800B386FC /* MockServices.swift */ = {isa = PBXFileReference; fileEncoding = 4; lastKnownFileType = sourcecode.swift; path = MockServices.swift; sourceTree = "<group>"; };
		C78C919E1F3CB16700B386FC /* BookModel.swift */ = {isa = PBXFileReference; fileEncoding = 4; lastKnownFileType = sourcecode.swift; path = BookModel.swift; sourceTree = "<group>"; };
		C78C91A01F3CB1B900B386FC /* RealmBookModel.swift */ = {isa = PBXFileReference; fileEncoding = 4; lastKnownFileType = sourcecode.swift; path = RealmBookModel.swift; sourceTree = "<group>"; };
		C78C91A31F3CB43900B386FC /* MyBookViewController.swift */ = {isa = PBXFileReference; fileEncoding = 4; lastKnownFileType = sourcecode.swift; path = MyBookViewController.swift; sourceTree = "<group>"; };
		C7A3A4FF1F44CB6100A89BE8 /* NavigationController.swift */ = {isa = PBXFileReference; lastKnownFileType = sourcecode.swift; path = NavigationController.swift; sourceTree = "<group>"; };
		C7E08E761F443EEB00207D1C /* MyReadingSectionsCollectionViewCell.swift */ = {isa = PBXFileReference; lastKnownFileType = sourcecode.swift; path = MyReadingSectionsCollectionViewCell.swift; sourceTree = "<group>"; };
		C7E08E781F443F1700207D1C /* BaseCell.swift */ = {isa = PBXFileReference; lastKnownFileType = sourcecode.swift; path = BaseCell.swift; sourceTree = "<group>"; };
		C7E35B851F3D044E002874DB /* OnboardingBookSelectionViewCell.swift */ = {isa = PBXFileReference; fileEncoding = 4; lastKnownFileType = sourcecode.swift; path = OnboardingBookSelectionViewCell.swift; sourceTree = "<group>"; };
		C7E35B9B1F3D0912002874DB /* CircularImageView.swift */ = {isa = PBXFileReference; fileEncoding = 4; lastKnownFileType = sourcecode.swift; path = CircularImageView.swift; sourceTree = "<group>"; };
		C7FA9EFD1F44A6F600EC42B1 /* Extensions.swift */ = {isa = PBXFileReference; lastKnownFileType = sourcecode.swift; path = Extensions.swift; sourceTree = "<group>"; };
/* End PBXFileReference section */

/* Begin PBXFrameworksBuildPhase section */
		C78C87C41F3C3CCA00B386FC /* Frameworks */ = {
			isa = PBXFrameworksBuildPhase;
			buildActionMask = 2147483647;
			files = (
				C78C91031F3C8E7700B386FC /* RxCocoa.framework in Frameworks */,
				C78C90FF1F3C8E7700B386FC /* RxSwift.framework in Frameworks */,
			);
			runOnlyForDeploymentPostprocessing = 0;
		};
/* End PBXFrameworksBuildPhase section */

/* Begin PBXGroup section */
		C72426491F446BB60021F48E /* Cosmos */ = {
			isa = PBXGroup;
			children = (
				C724264A1F446BB60021F48E /* Cosmos.h */,
				C724264B1F446BB60021F48E /* CosmosAccessibility.swift */,
				C724264C1F446BB60021F48E /* CosmosDefaultSettings.swift */,
				C724264D1F446BB60021F48E /* CosmosLayerHelper.swift */,
				C724264E1F446BB60021F48E /* CosmosLayers.swift */,
				C724264F1F446BB60021F48E /* CosmosLocalizedRating.swift */,
				C72426501F446BB60021F48E /* CosmosRating.swift */,
				C72426511F446BB60021F48E /* CosmosSettings.swift */,
				C72426521F446BB60021F48E /* CosmosSize.swift */,
				C72426531F446BB60021F48E /* CosmosText.swift */,
				C72426541F446BB60021F48E /* CosmosTouch.swift */,
				C72426551F446BB60021F48E /* CosmosView.swift */,
				C72426561F446BB60021F48E /* Helpers */,
				C724265A1F446BB60021F48E /* StarFillMode.swift */,
				C724265B1F446BB60021F48E /* StarLayer.swift */,
			);
			path = Cosmos;
			sourceTree = "<group>";
		};
		C72426561F446BB60021F48E /* Helpers */ = {
			isa = PBXGroup;
			children = (
				C72426571F446BB60021F48E /* CosmosTouchTarget.swift */,
				C72426581F446BB60021F48E /* RightToLeft.swift */,
			);
			path = Helpers;
			sourceTree = "<group>";
		};
		C731825B1F432A7D000D6EDA /* MyReading */ = {
			isa = PBXGroup;
			children = (
				C731826F1F432A9B000D6EDA /* MyReadingViewController.swift */,
				C70778211F43629900308D0A /* MyReadingCollectionViewCell.swift */,
				C7E08E761F443EEB00207D1C /* MyReadingSectionsCollectionViewCell.swift */,
			);
			path = MyReading;
			sourceTree = "<group>";
		};
		C78C87BE1F3C3CCA00B386FC = {
			isa = PBXGroup;
			children = (
				C78C90BC1F3C8E5B00B386FC /* Dependencies */,
				C78C87C91F3C3CCA00B386FC /* OnboardingScreenProcess */,
				C78C87C81F3C3CCA00B386FC /* Products */,
			);
			sourceTree = "<group>";
		};
		C78C87C81F3C3CCA00B386FC /* Products */ = {
			isa = PBXGroup;
			children = (
				C78C87C71F3C3CCA00B386FC /* OnboardingScreenProcess.app */,
			);
			name = Products;
			sourceTree = "<group>";
		};
		C78C87C91F3C3CCA00B386FC /* OnboardingScreenProcess */ = {
			isa = PBXGroup;
			children = (
				C78C87CE1F3C3CCA00B386FC /* OnboardingProcessMain.storyboard */,
				C7A3A4FF1F44CB6100A89BE8 /* NavigationController.swift */,
				C78C87CA1F3C3CCA00B386FC /* AppDelegate.swift */,
				C78C91091F3CA7E400B386FC /* AppCoordinator.swift */,
				C78C87FF1F3C838A00B386FC /* LoginViewController.swift */,
				C767E4671F4482DA008651E3 /* AddAccountViewController.swift */,
				C78C87FD1F3C812C00B386FC /* SelectAccountViewController.swift */,
				C78C910B1F3CABFD00B386FC /* Onboarding */,
				C731825B1F432A7D000D6EDA /* MyReading */,
				C78C91A21F3CB41E00B386FC /* Book */,
				C78C91961F3CAE9500B386FC /* Services */,
				C78C919D1F3CB15500B386FC /* Models */,
				C7E35B9A1F3D08C4002874DB /* Views */,
				C7626DD11F3DDF4B00D0CD62 /* Assets.xcassets */,
				C78C87D31F3C3CCA00B386FC /* LaunchScreen.storyboard */,
				C78C87D61F3C3CCA00B386FC /* Info.plist */,
				C7FA9EFD1F44A6F600EC42B1 /* Extensions.swift */,
			);
			path = OnboardingScreenProcess;
			sourceTree = "<group>";
		};
		C78C87E21F3C7EAF00B386FC /* CHIPageControl */ = {
			isa = PBXGroup;
			children = (
				C78C87E31F3C7EAF00B386FC /* CHIPageControl.h */,
				C78C87E41F3C7EAF00B386FC /* CHIPageControlAji.swift */,
				C78C87E51F3C7EAF00B386FC /* CHIPageControlAleppo.swift */,
				C78C87E61F3C7EAF00B386FC /* CHIPageControlChimayo.swift */,
				C78C87E71F3C7EAF00B386FC /* CHIPageControlFresno.swift */,
				C78C87E81F3C7EAF00B386FC /* CHIPageControlJalapeno.swift */,
				C78C87E91F3C7EAF00B386FC /* CHIPageControlJaloro.swift */,
				C78C87EA1F3C7EAF00B386FC /* CHIPageControlPaprika.swift */,
				C78C87EB1F3C7EAF00B386FC /* CHIPageControlPuya.swift */,
				C78C87EC1F3C7EAF00B386FC /* Core */,
				C78C87F01F3C7EAF00B386FC /* Info.plist */,
			);
			path = CHIPageControl;
			sourceTree = "<group>";
		};
		C78C87EC1F3C7EAF00B386FC /* Core */ = {
			isa = PBXGroup;
			children = (
				C78C87ED1F3C7EAF00B386FC /* CHIBasePageControl.swift */,
				C78C87EE1F3C7EAF00B386FC /* CHILayer.swift */,
				C78C87EF1F3C7EAF00B386FC /* CHIPageControllable.swift */,
			);
			path = Core;
			sourceTree = "<group>";
		};
		C78C90BC1F3C8E5B00B386FC /* Dependencies */ = {
			isa = PBXGroup;
			children = (
				C78C90BD1F3C8E6B00B386FC /* Rx.xcodeproj */,
			);
			name = Dependencies;
			sourceTree = "<group>";
		};
		C78C90BE1F3C8E6B00B386FC /* Products */ = {
			isa = PBXGroup;
			children = (
				C78C90D61F3C8E6C00B386FC /* RxSwift.framework */,
				C78C90D81F3C8E6C00B386FC /* RxSwift.framework */,
				C78C90DA1F3C8E6C00B386FC /* RxSwift.framework */,
				C78C90DC1F3C8E6C00B386FC /* RxSwift.framework */,
				C78C90DE1F3C8E6C00B386FC /* RxCocoa.framework */,
				C78C90E01F3C8E6C00B386FC /* RxCocoa.framework */,
				C78C90E21F3C8E6C00B386FC /* RxCocoa.framework */,
				C78C90E41F3C8E6C00B386FC /* RxCocoa.framework */,
				C78C90E61F3C8E6C00B386FC /* RxBlocking.framework */,
				C78C90E81F3C8E6C00B386FC /* RxBlocking.framework */,
				C78C90EA1F3C8E6C00B386FC /* RxBlocking.framework */,
				C78C90EC1F3C8E6C00B386FC /* RxBlocking.framework */,
				C78C90EE1F3C8E6C00B386FC /* RxTest.framework */,
				C78C90F01F3C8E6C00B386FC /* RxTest.framework */,
				C78C90F21F3C8E6C00B386FC /* RxTest.framework */,
				C78C90F41F3C8E6C00B386FC /* RxTest.framework */,
				C78C90F61F3C8E6C00B386FC /* AllTests-iOS.xctest */,
				C78C90F81F3C8E6C00B386FC /* AllTests-tvOS.xctest */,
				C78C90FA1F3C8E6C00B386FC /* AllTests-macOS.xctest */,
				C78C90FC1F3C8E6C00B386FC /* PerformanceTests.app */,
				C78C90FE1F3C8E6C00B386FC /* Benchmarks.xctest */,
			);
			name = Products;
			sourceTree = "<group>";
		};
		C78C910B1F3CABFD00B386FC /* Onboarding */ = {
			isa = PBXGroup;
			children = (
				C78C87E21F3C7EAF00B386FC /* CHIPageControl */,
				C78C88011F3C8B5C00B386FC /* OnboardingCoordinator.swift */,
				C78C87DC1F3C3D6A00B386FC /* OnboardingWalkthroughPageViewController.swift */,
				C78C87DE1F3C3D6A00B386FC /* WalkthroughViewController.swift */,
				C78C87CC1F3C3CCA00B386FC /* MicrophonePermisionsViewController.swift */,
				C78C6F9D1F4349E000D47279 /* OnboardingBookSelectionViewController.swift */,
				C7E35B851F3D044E002874DB /* OnboardingBookSelectionViewCell.swift */,
			);
			name = Onboarding;
			sourceTree = "<group>";
		};
		C78C91961F3CAE9500B386FC /* Services */ = {
			isa = PBXGroup;
			children = (
				C78C91971F3CAEB600B386FC /* Services.swift */,
				C78C91991F3CAFC400B386FC /* AppServices.swift */,
				C78C919B1F3CAFD800B386FC /* MockServices.swift */,
			);
			name = Services;
			sourceTree = "<group>";
		};
		C78C919D1F3CB15500B386FC /* Models */ = {
			isa = PBXGroup;
			children = (
				C78C919E1F3CB16700B386FC /* BookModel.swift */,
				C78C91A01F3CB1B900B386FC /* RealmBookModel.swift */,
				C78C87DD1F3C3D6A00B386FC /* WalkthroughModel.swift */,
			);
			name = Models;
			sourceTree = "<group>";
		};
		C78C91A21F3CB41E00B386FC /* Book */ = {
			isa = PBXGroup;
			children = (
				C78C91A31F3CB43900B386FC /* MyBookViewController.swift */,
			);
			name = Book;
			sourceTree = "<group>";
		};
		C7E35B9A1F3D08C4002874DB /* Views */ = {
			isa = PBXGroup;
			children = (
				C72426491F446BB60021F48E /* Cosmos */,
				C7E08E781F443F1700207D1C /* BaseCell.swift */,
				C74A2F371F439392001188D3 /* MenuBar.swift */,
				C74A2F381F439392001188D3 /* MenuBarCell.swift */,
				C78BE1E11F3E605F000672C2 /* LayoutableButton.swift */,
				C78BE1E21F3E605F000672C2 /* LayoutableView.swift */,
				C74A2F4E1F43BD49001188D3 /* LayoutableImageView.swift */,
				C74A2F501F43C0B2001188D3 /* RatingsView.swift */,
				C7E35B9B1F3D0912002874DB /* CircularImageView.swift */,
			);
			name = Views;
			sourceTree = "<group>";
		};
/* End PBXGroup section */

/* Begin PBXNativeTarget section */
		C78C87C61F3C3CCA00B386FC /* OnboardingScreenProcess */ = {
			isa = PBXNativeTarget;
			buildConfigurationList = C78C87D91F3C3CCA00B386FC /* Build configuration list for PBXNativeTarget "OnboardingScreenProcess" */;
			buildPhases = (
				C78C87C31F3C3CCA00B386FC /* Sources */,
				C78C87C41F3C3CCA00B386FC /* Frameworks */,
				C78C87C51F3C3CCA00B386FC /* Resources */,
				C78C90BB1F3C8DC500B386FC /* Embed Frameworks */,
			);
			buildRules = (
			);
			dependencies = (
				C78C91021F3C8E7700B386FC /* PBXTargetDependency */,
				C78C91061F3C8E7700B386FC /* PBXTargetDependency */,
			);
			name = OnboardingScreenProcess;
			productName = OnboardingScreenProcess;
			productReference = C78C87C71F3C3CCA00B386FC /* OnboardingScreenProcess.app */;
			productType = "com.apple.product-type.application";
		};
/* End PBXNativeTarget section */

/* Begin PBXProject section */
		C78C87BF1F3C3CCA00B386FC /* Project object */ = {
			isa = PBXProject;
			attributes = {
				LastSwiftUpdateCheck = 0830;
				LastUpgradeCheck = 0830;
				ORGANIZATIONNAME = geomakesgames;
				TargetAttributes = {
					C78C87C61F3C3CCA00B386FC = {
						CreatedOnToolsVersion = 8.3.3;
						ProvisioningStyle = Automatic;
					};
				};
			};
			buildConfigurationList = C78C87C21F3C3CCA00B386FC /* Build configuration list for PBXProject "OnboardingScreenProcess" */;
			compatibilityVersion = "Xcode 3.2";
			developmentRegion = English;
			hasScannedForEncodings = 0;
			knownRegions = (
				en,
				Base,
			);
			mainGroup = C78C87BE1F3C3CCA00B386FC;
			productRefGroup = C78C87C81F3C3CCA00B386FC /* Products */;
			projectDirPath = "";
			projectReferences = (
				{
					ProductGroup = C78C90BE1F3C8E6B00B386FC /* Products */;
					ProjectRef = C78C90BD1F3C8E6B00B386FC /* Rx.xcodeproj */;
				},
			);
			projectRoot = "";
			targets = (
				C78C87C61F3C3CCA00B386FC /* OnboardingScreenProcess */,
			);
		};
/* End PBXProject section */

/* Begin PBXReferenceProxy section */
		C78C90D61F3C8E6C00B386FC /* RxSwift.framework */ = {
			isa = PBXReferenceProxy;
			fileType = wrapper.framework;
			path = RxSwift.framework;
			remoteRef = C78C90D51F3C8E6C00B386FC /* PBXContainerItemProxy */;
			sourceTree = BUILT_PRODUCTS_DIR;
		};
		C78C90D81F3C8E6C00B386FC /* RxSwift.framework */ = {
			isa = PBXReferenceProxy;
			fileType = wrapper.framework;
			path = RxSwift.framework;
			remoteRef = C78C90D71F3C8E6C00B386FC /* PBXContainerItemProxy */;
			sourceTree = BUILT_PRODUCTS_DIR;
		};
		C78C90DA1F3C8E6C00B386FC /* RxSwift.framework */ = {
			isa = PBXReferenceProxy;
			fileType = wrapper.framework;
			path = RxSwift.framework;
			remoteRef = C78C90D91F3C8E6C00B386FC /* PBXContainerItemProxy */;
			sourceTree = BUILT_PRODUCTS_DIR;
		};
		C78C90DC1F3C8E6C00B386FC /* RxSwift.framework */ = {
			isa = PBXReferenceProxy;
			fileType = wrapper.framework;
			path = RxSwift.framework;
			remoteRef = C78C90DB1F3C8E6C00B386FC /* PBXContainerItemProxy */;
			sourceTree = BUILT_PRODUCTS_DIR;
		};
		C78C90DE1F3C8E6C00B386FC /* RxCocoa.framework */ = {
			isa = PBXReferenceProxy;
			fileType = wrapper.framework;
			path = RxCocoa.framework;
			remoteRef = C78C90DD1F3C8E6C00B386FC /* PBXContainerItemProxy */;
			sourceTree = BUILT_PRODUCTS_DIR;
		};
		C78C90E01F3C8E6C00B386FC /* RxCocoa.framework */ = {
			isa = PBXReferenceProxy;
			fileType = wrapper.framework;
			path = RxCocoa.framework;
			remoteRef = C78C90DF1F3C8E6C00B386FC /* PBXContainerItemProxy */;
			sourceTree = BUILT_PRODUCTS_DIR;
		};
		C78C90E21F3C8E6C00B386FC /* RxCocoa.framework */ = {
			isa = PBXReferenceProxy;
			fileType = wrapper.framework;
			path = RxCocoa.framework;
			remoteRef = C78C90E11F3C8E6C00B386FC /* PBXContainerItemProxy */;
			sourceTree = BUILT_PRODUCTS_DIR;
		};
		C78C90E41F3C8E6C00B386FC /* RxCocoa.framework */ = {
			isa = PBXReferenceProxy;
			fileType = wrapper.framework;
			path = RxCocoa.framework;
			remoteRef = C78C90E31F3C8E6C00B386FC /* PBXContainerItemProxy */;
			sourceTree = BUILT_PRODUCTS_DIR;
		};
		C78C90E61F3C8E6C00B386FC /* RxBlocking.framework */ = {
			isa = PBXReferenceProxy;
			fileType = wrapper.framework;
			path = RxBlocking.framework;
			remoteRef = C78C90E51F3C8E6C00B386FC /* PBXContainerItemProxy */;
			sourceTree = BUILT_PRODUCTS_DIR;
		};
		C78C90E81F3C8E6C00B386FC /* RxBlocking.framework */ = {
			isa = PBXReferenceProxy;
			fileType = wrapper.framework;
			path = RxBlocking.framework;
			remoteRef = C78C90E71F3C8E6C00B386FC /* PBXContainerItemProxy */;
			sourceTree = BUILT_PRODUCTS_DIR;
		};
		C78C90EA1F3C8E6C00B386FC /* RxBlocking.framework */ = {
			isa = PBXReferenceProxy;
			fileType = wrapper.framework;
			path = RxBlocking.framework;
			remoteRef = C78C90E91F3C8E6C00B386FC /* PBXContainerItemProxy */;
			sourceTree = BUILT_PRODUCTS_DIR;
		};
		C78C90EC1F3C8E6C00B386FC /* RxBlocking.framework */ = {
			isa = PBXReferenceProxy;
			fileType = wrapper.framework;
			path = RxBlocking.framework;
			remoteRef = C78C90EB1F3C8E6C00B386FC /* PBXContainerItemProxy */;
			sourceTree = BUILT_PRODUCTS_DIR;
		};
		C78C90EE1F3C8E6C00B386FC /* RxTest.framework */ = {
			isa = PBXReferenceProxy;
			fileType = wrapper.framework;
			path = RxTest.framework;
			remoteRef = C78C90ED1F3C8E6C00B386FC /* PBXContainerItemProxy */;
			sourceTree = BUILT_PRODUCTS_DIR;
		};
		C78C90F01F3C8E6C00B386FC /* RxTest.framework */ = {
			isa = PBXReferenceProxy;
			fileType = wrapper.framework;
			path = RxTest.framework;
			remoteRef = C78C90EF1F3C8E6C00B386FC /* PBXContainerItemProxy */;
			sourceTree = BUILT_PRODUCTS_DIR;
		};
		C78C90F21F3C8E6C00B386FC /* RxTest.framework */ = {
			isa = PBXReferenceProxy;
			fileType = wrapper.framework;
			path = RxTest.framework;
			remoteRef = C78C90F11F3C8E6C00B386FC /* PBXContainerItemProxy */;
			sourceTree = BUILT_PRODUCTS_DIR;
		};
		C78C90F41F3C8E6C00B386FC /* RxTest.framework */ = {
			isa = PBXReferenceProxy;
			fileType = wrapper.framework;
			path = RxTest.framework;
			remoteRef = C78C90F31F3C8E6C00B386FC /* PBXContainerItemProxy */;
			sourceTree = BUILT_PRODUCTS_DIR;
		};
		C78C90F61F3C8E6C00B386FC /* AllTests-iOS.xctest */ = {
			isa = PBXReferenceProxy;
			fileType = wrapper.cfbundle;
			path = "AllTests-iOS.xctest";
			remoteRef = C78C90F51F3C8E6C00B386FC /* PBXContainerItemProxy */;
			sourceTree = BUILT_PRODUCTS_DIR;
		};
		C78C90F81F3C8E6C00B386FC /* AllTests-tvOS.xctest */ = {
			isa = PBXReferenceProxy;
			fileType = wrapper.cfbundle;
			path = "AllTests-tvOS.xctest";
			remoteRef = C78C90F71F3C8E6C00B386FC /* PBXContainerItemProxy */;
			sourceTree = BUILT_PRODUCTS_DIR;
		};
		C78C90FA1F3C8E6C00B386FC /* AllTests-macOS.xctest */ = {
			isa = PBXReferenceProxy;
			fileType = wrapper.cfbundle;
			path = "AllTests-macOS.xctest";
			remoteRef = C78C90F91F3C8E6C00B386FC /* PBXContainerItemProxy */;
			sourceTree = BUILT_PRODUCTS_DIR;
		};
		C78C90FC1F3C8E6C00B386FC /* PerformanceTests.app */ = {
			isa = PBXReferenceProxy;
			fileType = wrapper.application;
			name = PerformanceTests.app;
			path = Microoptimizations.app;
			remoteRef = C78C90FB1F3C8E6C00B386FC /* PBXContainerItemProxy */;
			sourceTree = BUILT_PRODUCTS_DIR;
		};
		C78C90FE1F3C8E6C00B386FC /* Benchmarks.xctest */ = {
			isa = PBXReferenceProxy;
			fileType = wrapper.cfbundle;
			path = Benchmarks.xctest;
			remoteRef = C78C90FD1F3C8E6C00B386FC /* PBXContainerItemProxy */;
			sourceTree = BUILT_PRODUCTS_DIR;
		};
/* End PBXReferenceProxy section */

/* Begin PBXResourcesBuildPhase section */
		C78C87C51F3C3CCA00B386FC /* Resources */ = {
			isa = PBXResourcesBuildPhase;
			buildActionMask = 2147483647;
			files = (
				C78C87FC1F3C7EAF00B386FC /* Info.plist in Resources */,
				C78C87D51F3C3CCA00B386FC /* LaunchScreen.storyboard in Resources */,
				C7626DD21F3DDF4B00D0CD62 /* Assets.xcassets in Resources */,
				C78C87D01F3C3CCA00B386FC /* OnboardingProcessMain.storyboard in Resources */,
			);
			runOnlyForDeploymentPostprocessing = 0;
		};
/* End PBXResourcesBuildPhase section */

/* Begin PBXSourcesBuildPhase section */
		C78C87C31F3C3CCA00B386FC /* Sources */ = {
			isa = PBXSourcesBuildPhase;
			buildActionMask = 2147483647;
			files = (
				C724267B1F446BFB0021F48E /* CosmosText.swift in Sources */,
				C7E35B9C1F3D0912002874DB /* CircularImageView.swift in Sources */,
				C724266F1F446BEB0021F48E /* CosmosTouchTarget.swift in Sources */,
				C78C87F91F3C7EAF00B386FC /* CHIBasePageControl.swift in Sources */,
				C74A2F4F1F43BD49001188D3 /* LayoutableImageView.swift in Sources */,
				C72426751F446BFB0021F48E /* CosmosLayerHelper.swift in Sources */,
				C7FA9EFE1F44A6F600EC42B1 /* Extensions.swift in Sources */,
				C72426781F446BFB0021F48E /* CosmosRating.swift in Sources */,
				C78C87F41F3C7EAF00B386FC /* CHIPageControlFresno.swift in Sources */,
				C7E35B861F3D044E002874DB /* OnboardingBookSelectionViewCell.swift in Sources */,
				C78BE1E41F3E605F000672C2 /* LayoutableView.swift in Sources */,
				C724267A1F446BFB0021F48E /* CosmosSize.swift in Sources */,
				C78C91981F3CAEB600B386FC /* Services.swift in Sources */,
				C78C88001F3C838A00B386FC /* LoginViewController.swift in Sources */,
				C78C919F1F3CB16700B386FC /* BookModel.swift in Sources */,
				C78C91A41F3CB43900B386FC /* MyBookViewController.swift in Sources */,
				C78C87F11F3C7EAF00B386FC /* CHIPageControlAji.swift in Sources */,
				C78C87DF1F3C3D6A00B386FC /* OnboardingWalkthroughPageViewController.swift in Sources */,
				C72426711F446BF10021F48E /* StarFillMode.swift in Sources */,
				C72426731F446BFB0021F48E /* CosmosAccessibility.swift in Sources */,
				C78C910A1F3CA7E400B386FC /* AppCoordinator.swift in Sources */,
				C73182701F432A9B000D6EDA /* MyReadingViewController.swift in Sources */,
				C767E4681F4482DA008651E3 /* AddAccountViewController.swift in Sources */,
				C74A2F4D1F4393B0001188D3 /* MenuBarCell.swift in Sources */,
				C724267D1F446BFB0021F48E /* CosmosView.swift in Sources */,
				C78C87F31F3C7EAF00B386FC /* CHIPageControlChimayo.swift in Sources */,
				C78C87F71F3C7EAF00B386FC /* CHIPageControlPaprika.swift in Sources */,
				C7E08E771F443EEB00207D1C /* MyReadingSectionsCollectionViewCell.swift in Sources */,
				C78C87FB1F3C7EAF00B386FC /* CHIPageControllable.swift in Sources */,
				C78C919C1F3CAFD800B386FC /* MockServices.swift in Sources */,
				C72426791F446BFB0021F48E /* CosmosSettings.swift in Sources */,
				C78C6F9E1F4349E000D47279 /* OnboardingBookSelectionViewController.swift in Sources */,
				C74A2F4C1F4393AE001188D3 /* MenuBar.swift in Sources */,
				C724267C1F446BFB0021F48E /* CosmosTouch.swift in Sources */,
				C72426741F446BFB0021F48E /* CosmosDefaultSettings.swift in Sources */,
				C78C87F61F3C7EAF00B386FC /* CHIPageControlJaloro.swift in Sources */,
				C78C919A1F3CAFC400B386FC /* AppServices.swift in Sources */,
				C78C87CD1F3C3CCA00B386FC /* MicrophonePermisionsViewController.swift in Sources */,
				C78C87E01F3C3D6A00B386FC /* WalkthroughModel.swift in Sources */,
				C78C87CB1F3C3CCA00B386FC /* AppDelegate.swift in Sources */,
				C72426761F446BFB0021F48E /* CosmosLayers.swift in Sources */,
				C78C91A11F3CB1B900B386FC /* RealmBookModel.swift in Sources */,
				C78C88021F3C8B5C00B386FC /* OnboardingCoordinator.swift in Sources */,
				C78C87F51F3C7EAF00B386FC /* CHIPageControlJalapeno.swift in Sources */,
				C72426721F446BF10021F48E /* StarLayer.swift in Sources */,
				C72426701F446BEB0021F48E /* RightToLeft.swift in Sources */,
				C70778221F43629900308D0A /* MyReadingCollectionViewCell.swift in Sources */,
				C78C87E11F3C3D6A00B386FC /* WalkthroughViewController.swift in Sources */,
				C78C87F21F3C7EAF00B386FC /* CHIPageControlAleppo.swift in Sources */,
				C74A2F511F43C0B2001188D3 /* RatingsView.swift in Sources */,
				C7A3A5001F44CB6100A89BE8 /* NavigationController.swift in Sources */,
				C78C87FE1F3C812C00B386FC /* SelectAccountViewController.swift in Sources */,
				C78BE1E31F3E605F000672C2 /* LayoutableButton.swift in Sources */,
				C7E08E791F443F1700207D1C /* BaseCell.swift in Sources */,
				C78C87FA1F3C7EAF00B386FC /* CHILayer.swift in Sources */,
				C72426771F446BFB0021F48E /* CosmosLocalizedRating.swift in Sources */,
				C78C87F81F3C7EAF00B386FC /* CHIPageControlPuya.swift in Sources */,
			);
			runOnlyForDeploymentPostprocessing = 0;
		};
/* End PBXSourcesBuildPhase section */

/* Begin PBXTargetDependency section */
		C78C91021F3C8E7700B386FC /* PBXTargetDependency */ = {
			isa = PBXTargetDependency;
			name = "RxSwift-iOS";
			targetProxy = C78C91011F3C8E7700B386FC /* PBXContainerItemProxy */;
		};
		C78C91061F3C8E7700B386FC /* PBXTargetDependency */ = {
			isa = PBXTargetDependency;
			name = "RxCocoa-iOS";
			targetProxy = C78C91051F3C8E7700B386FC /* PBXContainerItemProxy */;
		};
/* End PBXTargetDependency section */

/* Begin PBXVariantGroup section */
		C78C87CE1F3C3CCA00B386FC /* OnboardingProcessMain.storyboard */ = {
			isa = PBXVariantGroup;
			children = (
				C78C87CF1F3C3CCA00B386FC /* Base */,
			);
			name = OnboardingProcessMain.storyboard;
			sourceTree = "<group>";
		};
		C78C87D31F3C3CCA00B386FC /* LaunchScreen.storyboard */ = {
			isa = PBXVariantGroup;
			children = (
				C78C87D41F3C3CCA00B386FC /* Base */,
			);
			name = LaunchScreen.storyboard;
			sourceTree = "<group>";
		};
/* End PBXVariantGroup section */

/* Begin XCBuildConfiguration section */
		C78C87D71F3C3CCA00B386FC /* Debug */ = {
			isa = XCBuildConfiguration;
			buildSettings = {
				ALWAYS_SEARCH_USER_PATHS = NO;
				CLANG_ANALYZER_NONNULL = YES;
				CLANG_ANALYZER_NUMBER_OBJECT_CONVERSION = YES_AGGRESSIVE;
				CLANG_CXX_LANGUAGE_STANDARD = "gnu++0x";
				CLANG_CXX_LIBRARY = "libc++";
				CLANG_ENABLE_MODULES = YES;
				CLANG_ENABLE_OBJC_ARC = YES;
				CLANG_WARN_BOOL_CONVERSION = YES;
				CLANG_WARN_CONSTANT_CONVERSION = YES;
				CLANG_WARN_DIRECT_OBJC_ISA_USAGE = YES_ERROR;
				CLANG_WARN_DOCUMENTATION_COMMENTS = YES;
				CLANG_WARN_EMPTY_BODY = YES;
				CLANG_WARN_ENUM_CONVERSION = YES;
				CLANG_WARN_INFINITE_RECURSION = YES;
				CLANG_WARN_INT_CONVERSION = YES;
				CLANG_WARN_OBJC_ROOT_CLASS = YES_ERROR;
				CLANG_WARN_SUSPICIOUS_MOVE = YES;
				CLANG_WARN_UNREACHABLE_CODE = YES;
				CLANG_WARN__DUPLICATE_METHOD_MATCH = YES;
				"CODE_SIGN_IDENTITY[sdk=iphoneos*]" = "iPhone Developer";
				COPY_PHASE_STRIP = NO;
				DEBUG_INFORMATION_FORMAT = dwarf;
				ENABLE_STRICT_OBJC_MSGSEND = YES;
				ENABLE_TESTABILITY = YES;
				GCC_C_LANGUAGE_STANDARD = gnu99;
				GCC_DYNAMIC_NO_PIC = NO;
				GCC_NO_COMMON_BLOCKS = YES;
				GCC_OPTIMIZATION_LEVEL = 0;
				GCC_PREPROCESSOR_DEFINITIONS = (
					"DEBUG=1",
					"$(inherited)",
				);
				GCC_WARN_64_TO_32_BIT_CONVERSION = YES;
				GCC_WARN_ABOUT_RETURN_TYPE = YES_ERROR;
				GCC_WARN_UNDECLARED_SELECTOR = YES;
				GCC_WARN_UNINITIALIZED_AUTOS = YES_AGGRESSIVE;
				GCC_WARN_UNUSED_FUNCTION = YES;
				GCC_WARN_UNUSED_VARIABLE = YES;
				IPHONEOS_DEPLOYMENT_TARGET = 10.3;
				MTL_ENABLE_DEBUG_INFO = YES;
				ONLY_ACTIVE_ARCH = YES;
				SDKROOT = iphoneos;
				SWIFT_ACTIVE_COMPILATION_CONDITIONS = DEBUG;
				SWIFT_OPTIMIZATION_LEVEL = "-Onone";
				TARGETED_DEVICE_FAMILY = "1,2";
			};
			name = Debug;
		};
		C78C87D81F3C3CCA00B386FC /* Release */ = {
			isa = XCBuildConfiguration;
			buildSettings = {
				ALWAYS_SEARCH_USER_PATHS = NO;
				CLANG_ANALYZER_NONNULL = YES;
				CLANG_ANALYZER_NUMBER_OBJECT_CONVERSION = YES_AGGRESSIVE;
				CLANG_CXX_LANGUAGE_STANDARD = "gnu++0x";
				CLANG_CXX_LIBRARY = "libc++";
				CLANG_ENABLE_MODULES = YES;
				CLANG_ENABLE_OBJC_ARC = YES;
				CLANG_WARN_BOOL_CONVERSION = YES;
				CLANG_WARN_CONSTANT_CONVERSION = YES;
				CLANG_WARN_DIRECT_OBJC_ISA_USAGE = YES_ERROR;
				CLANG_WARN_DOCUMENTATION_COMMENTS = YES;
				CLANG_WARN_EMPTY_BODY = YES;
				CLANG_WARN_ENUM_CONVERSION = YES;
				CLANG_WARN_INFINITE_RECURSION = YES;
				CLANG_WARN_INT_CONVERSION = YES;
				CLANG_WARN_OBJC_ROOT_CLASS = YES_ERROR;
				CLANG_WARN_SUSPICIOUS_MOVE = YES;
				CLANG_WARN_UNREACHABLE_CODE = YES;
				CLANG_WARN__DUPLICATE_METHOD_MATCH = YES;
				"CODE_SIGN_IDENTITY[sdk=iphoneos*]" = "iPhone Developer";
				COPY_PHASE_STRIP = NO;
				DEBUG_INFORMATION_FORMAT = "dwarf-with-dsym";
				ENABLE_NS_ASSERTIONS = NO;
				ENABLE_STRICT_OBJC_MSGSEND = YES;
				GCC_C_LANGUAGE_STANDARD = gnu99;
				GCC_NO_COMMON_BLOCKS = YES;
				GCC_WARN_64_TO_32_BIT_CONVERSION = YES;
				GCC_WARN_ABOUT_RETURN_TYPE = YES_ERROR;
				GCC_WARN_UNDECLARED_SELECTOR = YES;
				GCC_WARN_UNINITIALIZED_AUTOS = YES_AGGRESSIVE;
				GCC_WARN_UNUSED_FUNCTION = YES;
				GCC_WARN_UNUSED_VARIABLE = YES;
				IPHONEOS_DEPLOYMENT_TARGET = 10.3;
				MTL_ENABLE_DEBUG_INFO = NO;
				SDKROOT = iphoneos;
				SWIFT_OPTIMIZATION_LEVEL = "-Owholemodule";
				TARGETED_DEVICE_FAMILY = "1,2";
				VALIDATE_PRODUCT = YES;
			};
			name = Release;
		};
		C78C87DA1F3C3CCA00B386FC /* Debug */ = {
			isa = XCBuildConfiguration;
			buildSettings = {
				ALWAYS_EMBED_SWIFT_STANDARD_LIBRARIES = YES;
				ASSETCATALOG_COMPILER_APPICON_NAME = AppIcon;
				INFOPLIST_FILE = OnboardingScreenProcess/Info.plist;
				LD_RUNPATH_SEARCH_PATHS = "$(inherited) @executable_path/Frameworks";
				PRODUCT_BUNDLE_IDENTIFIER = co.geomakesgames.OnboardingScreenProcess;
				PRODUCT_NAME = "$(TARGET_NAME)";
				SWIFT_VERSION = 3.0;
			};
			name = Debug;
		};
		C78C87DB1F3C3CCA00B386FC /* Release */ = {
			isa = XCBuildConfiguration;
			buildSettings = {
				ALWAYS_EMBED_SWIFT_STANDARD_LIBRARIES = YES;
				ASSETCATALOG_COMPILER_APPICON_NAME = AppIcon;
				INFOPLIST_FILE = OnboardingScreenProcess/Info.plist;
				LD_RUNPATH_SEARCH_PATHS = "$(inherited) @executable_path/Frameworks";
				PRODUCT_BUNDLE_IDENTIFIER = co.geomakesgames.OnboardingScreenProcess;
				PRODUCT_NAME = "$(TARGET_NAME)";
				SWIFT_VERSION = 3.0;
			};
			name = Release;
		};
/* End XCBuildConfiguration section */

/* Begin XCConfigurationList section */
		C78C87C21F3C3CCA00B386FC /* Build configuration list for PBXProject "OnboardingScreenProcess" */ = {
			isa = XCConfigurationList;
			buildConfigurations = (
				C78C87D71F3C3CCA00B386FC /* Debug */,
				C78C87D81F3C3CCA00B386FC /* Release */,
			);
			defaultConfigurationIsVisible = 0;
			defaultConfigurationName = Release;
		};
		C78C87D91F3C3CCA00B386FC /* Build configuration list for PBXNativeTarget "OnboardingScreenProcess" */ = {
			isa = XCConfigurationList;
			buildConfigurations = (
				C78C87DA1F3C3CCA00B386FC /* Debug */,
				C78C87DB1F3C3CCA00B386FC /* Release */,
			);
			defaultConfigurationIsVisible = 0;
			defaultConfigurationName = Release;
		};
/* End XCConfigurationList section */
	};
	rootObject = C78C87BF1F3C3CCA00B386FC /* Project object */;
}
