// !$*UTF8*$!
{
	archiveVersion = 1;
	classes = {
	};
	objectVersion = 46;
	objects = {

/* Begin PBXBuildFile section */
		C72E27A51E9ED9EB0064E01B /* AppDelegate.swift in Sources */ = {isa = PBXBuildFile; fileRef = C72E27A41E9ED9EB0064E01B /* AppDelegate.swift */; };
		C72E27A71E9ED9EB0064E01B /* ViewController.swift in Sources */ = {isa = PBXBuildFile; fileRef = C72E27A61E9ED9EB0064E01B /* ViewController.swift */; };
		C72E27AA1E9ED9EB0064E01B /* Main.storyboard in Resources */ = {isa = PBXBuildFile; fileRef = C72E27A81E9ED9EB0064E01B /* Main.storyboard */; };
		C72E27AC1E9ED9EB0064E01B /* Assets.xcassets in Resources */ = {isa = PBXBuildFile; fileRef = C72E27AB1E9ED9EB0064E01B /* Assets.xcassets */; };
		C72E27AF1E9ED9EB0064E01B /* LaunchScreen.storyboard in Resources */ = {isa = PBXBuildFile; fileRef = C72E27AD1E9ED9EB0064E01B /* LaunchScreen.storyboard */; };
		C72E27BA1E9ED9EB0064E01B /* LearningSwiftCourseTests.swift in Sources */ = {isa = PBXBuildFile; fileRef = C72E27B91E9ED9EB0064E01B /* LearningSwiftCourseTests.swift */; };
		C72E27C51E9ED9EB0064E01B /* LearningSwiftCourseUITests.swift in Sources */ = {isa = PBXBuildFile; fileRef = C72E27C41E9ED9EB0064E01B /* LearningSwiftCourseUITests.swift */; };
		C77E832A1EA25F4F000AC715 /* RxGesture.framework in Frameworks */ = {isa = PBXBuildFile; fileRef = C77E83271EA25F18000AC715 /* RxGesture.framework */; };
		C77E832B1EA25F4F000AC715 /* RxGesture.framework in Embed Frameworks */ = {isa = PBXBuildFile; fileRef = C77E83271EA25F18000AC715 /* RxGesture.framework */; settings = {ATTRIBUTES = (CodeSignOnCopy, RemoveHeadersOnCopy, ); }; };
		C77E832E1EA25F4F000AC715 /* RxSwift.framework in Frameworks */ = {isa = PBXBuildFile; fileRef = C77E82F81EA25F08000AC715 /* RxSwift.framework */; };
		C77E832F1EA25F4F000AC715 /* RxSwift.framework in Embed Frameworks */ = {isa = PBXBuildFile; fileRef = C77E82F81EA25F08000AC715 /* RxSwift.framework */; settings = {ATTRIBUTES = (CodeSignOnCopy, RemoveHeadersOnCopy, ); }; };
		C77E83321EA25F4F000AC715 /* RxCocoa.framework in Frameworks */ = {isa = PBXBuildFile; fileRef = C77E83001EA25F08000AC715 /* RxCocoa.framework */; };
		C77E83331EA25F4F000AC715 /* RxCocoa.framework in Embed Frameworks */ = {isa = PBXBuildFile; fileRef = C77E83001EA25F08000AC715 /* RxCocoa.framework */; settings = {ATTRIBUTES = (CodeSignOnCopy, RemoveHeadersOnCopy, ); }; };
		C77E83361EA25F4F000AC715 /* RxSwiftExt.framework in Frameworks */ = {isa = PBXBuildFile; fileRef = C77E82DC1EA25EF5000AC715 /* RxSwiftExt.framework */; };
		C77E83371EA25F4F000AC715 /* RxSwiftExt.framework in Embed Frameworks */ = {isa = PBXBuildFile; fileRef = C77E82DC1EA25EF5000AC715 /* RxSwiftExt.framework */; settings = {ATTRIBUTES = (CodeSignOnCopy, RemoveHeadersOnCopy, ); }; };
/* End PBXBuildFile section */

/* Begin PBXContainerItemProxy section */
		C72E27B61E9ED9EB0064E01B /* PBXContainerItemProxy */ = {
			isa = PBXContainerItemProxy;
			containerPortal = C72E27991E9ED9EB0064E01B /* Project object */;
			proxyType = 1;
			remoteGlobalIDString = C72E27A01E9ED9EB0064E01B;
			remoteInfo = LearningSwiftCourse;
		};
		C72E27C11E9ED9EB0064E01B /* PBXContainerItemProxy */ = {
			isa = PBXContainerItemProxy;
			containerPortal = C72E27991E9ED9EB0064E01B /* Project object */;
			proxyType = 1;
			remoteGlobalIDString = C72E27A01E9ED9EB0064E01B;
			remoteInfo = LearningSwiftCourse;
		};
		C77E82DB1EA25EF5000AC715 /* PBXContainerItemProxy */ = {
			isa = PBXContainerItemProxy;
			containerPortal = C77E82D61EA25EF5000AC715 /* RxSwiftExt.xcodeproj */;
			proxyType = 2;
			remoteGlobalIDString = 188C6D911C47B2B20092101A;
			remoteInfo = RxSwiftExt;
		};
		C77E82DD1EA25EF5000AC715 /* PBXContainerItemProxy */ = {
			isa = PBXContainerItemProxy;
			containerPortal = C77E82D61EA25EF5000AC715 /* RxSwiftExt.xcodeproj */;
			proxyType = 2;
			remoteGlobalIDString = 3D638DE71DC2B2D40089A590;
			remoteInfo = RxSwiftExtTests;
		};
		C77E82F71EA25F08000AC715 /* PBXContainerItemProxy */ = {
			isa = PBXContainerItemProxy;
			containerPortal = C77E82DF1EA25F07000AC715 /* Rx.xcodeproj */;
			proxyType = 2;
			remoteGlobalIDString = C8A56AD71AD7424700B4673B;
			remoteInfo = "RxSwift-iOS";
		};
		C77E82F91EA25F08000AC715 /* PBXContainerItemProxy */ = {
			isa = PBXContainerItemProxy;
			containerPortal = C77E82DF1EA25F07000AC715 /* Rx.xcodeproj */;
			proxyType = 2;
			remoteGlobalIDString = C88BB8711B07E5ED0064D411;
			remoteInfo = "RxSwift-macOS";
		};
		C77E82FB1EA25F08000AC715 /* PBXContainerItemProxy */ = {
			isa = PBXContainerItemProxy;
			containerPortal = C77E82DF1EA25F07000AC715 /* Rx.xcodeproj */;
			proxyType = 2;
			remoteGlobalIDString = D2EA280C1BB9B5A200880ED3;
			remoteInfo = "RxSwift-tvOS";
		};
		C77E82FD1EA25F08000AC715 /* PBXContainerItemProxy */ = {
			isa = PBXContainerItemProxy;
			containerPortal = C77E82DF1EA25F07000AC715 /* Rx.xcodeproj */;
			proxyType = 2;
			remoteGlobalIDString = C8F0C0021BBBFB8B001B112F;
			remoteInfo = "RxSwift-watchOS";
		};
		C77E82FF1EA25F08000AC715 /* PBXContainerItemProxy */ = {
			isa = PBXContainerItemProxy;
			containerPortal = C77E82DF1EA25F07000AC715 /* Rx.xcodeproj */;
			proxyType = 2;
			remoteGlobalIDString = C809396D1B8A71760088E94D;
			remoteInfo = "RxCocoa-iOS";
		};
		C77E83011EA25F08000AC715 /* PBXContainerItemProxy */ = {
			isa = PBXContainerItemProxy;
			containerPortal = C77E82DF1EA25F07000AC715 /* Rx.xcodeproj */;
			proxyType = 2;
			remoteGlobalIDString = C80939E71B8A71840088E94D;
			remoteInfo = "RxCocoa-macOS";
		};
		C77E83031EA25F08000AC715 /* PBXContainerItemProxy */ = {
			isa = PBXContainerItemProxy;
			containerPortal = C77E82DF1EA25F07000AC715 /* Rx.xcodeproj */;
			proxyType = 2;
			remoteGlobalIDString = D2138C751BB9BE9800339B5C;
			remoteInfo = "RxCocoa-tvOS";
		};
		C77E83051EA25F08000AC715 /* PBXContainerItemProxy */ = {
			isa = PBXContainerItemProxy;
			containerPortal = C77E82DF1EA25F07000AC715 /* Rx.xcodeproj */;
			proxyType = 2;
			remoteGlobalIDString = C8F0C04B1BBBFBB9001B112F;
			remoteInfo = "RxCocoa-watchOS";
		};
		C77E83071EA25F08000AC715 /* PBXContainerItemProxy */ = {
			isa = PBXContainerItemProxy;
			containerPortal = C77E82DF1EA25F07000AC715 /* Rx.xcodeproj */;
			proxyType = 2;
			remoteGlobalIDString = C8093BC71B8A71F00088E94D;
			remoteInfo = "RxBlocking-iOS";
		};
		C77E83091EA25F08000AC715 /* PBXContainerItemProxy */ = {
			isa = PBXContainerItemProxy;
			containerPortal = C77E82DF1EA25F07000AC715 /* Rx.xcodeproj */;
			proxyType = 2;
			remoteGlobalIDString = C8093C451B8A71FC0088E94D;
			remoteInfo = "RxBlocking-macOS";
		};
		C77E830B1EA25F08000AC715 /* PBXContainerItemProxy */ = {
			isa = PBXContainerItemProxy;
			containerPortal = C77E82DF1EA25F07000AC715 /* Rx.xcodeproj */;
			proxyType = 2;
			remoteGlobalIDString = D2EBEB811BB9B99D003A27DC;
			remoteInfo = "RxBlocking-tvOS";
		};
		C77E830D1EA25F08000AC715 /* PBXContainerItemProxy */ = {
			isa = PBXContainerItemProxy;
			containerPortal = C77E82DF1EA25F07000AC715 /* Rx.xcodeproj */;
			proxyType = 2;
			remoteGlobalIDString = C8F0C0581BBBFBCE001B112F;
			remoteInfo = "RxBlocking-watchOS";
		};
		C77E830F1EA25F08000AC715 /* PBXContainerItemProxy */ = {
			isa = PBXContainerItemProxy;
			containerPortal = C77E82DF1EA25F07000AC715 /* Rx.xcodeproj */;
			proxyType = 2;
			remoteGlobalIDString = C88FA50C1C25C44800CCFEA4;
			remoteInfo = "RxTest-iOS";
		};
		C77E83111EA25F08000AC715 /* PBXContainerItemProxy */ = {
			isa = PBXContainerItemProxy;
			containerPortal = C77E82DF1EA25F07000AC715 /* Rx.xcodeproj */;
			proxyType = 2;
			remoteGlobalIDString = C88FA51D1C25C4B500CCFEA4;
			remoteInfo = "RxTest-macOS";
		};
		C77E83131EA25F08000AC715 /* PBXContainerItemProxy */ = {
			isa = PBXContainerItemProxy;
			containerPortal = C77E82DF1EA25F07000AC715 /* Rx.xcodeproj */;
			proxyType = 2;
			remoteGlobalIDString = C88FA52E1C25C4C000CCFEA4;
			remoteInfo = "RxTest-tvOS";
		};
		C77E83151EA25F08000AC715 /* PBXContainerItemProxy */ = {
			isa = PBXContainerItemProxy;
			containerPortal = C77E82DF1EA25F07000AC715 /* Rx.xcodeproj */;
			proxyType = 2;
			remoteGlobalIDString = C88FA53F1C25C4CC00CCFEA4;
			remoteInfo = "RxTest-watchOS";
		};
		C77E83171EA25F08000AC715 /* PBXContainerItemProxy */ = {
			isa = PBXContainerItemProxy;
			containerPortal = C77E82DF1EA25F07000AC715 /* Rx.xcodeproj */;
			proxyType = 2;
			remoteGlobalIDString = C83508C31C386F6F0027C24C;
			remoteInfo = "AllTests-iOS";
		};
		C77E83191EA25F08000AC715 /* PBXContainerItemProxy */ = {
			isa = PBXContainerItemProxy;
			containerPortal = C77E82DF1EA25F07000AC715 /* Rx.xcodeproj */;
			proxyType = 2;
			remoteGlobalIDString = C83509841C38740E0027C24C;
			remoteInfo = "AllTests-tvOS";
		};
		C77E831B1EA25F08000AC715 /* PBXContainerItemProxy */ = {
			isa = PBXContainerItemProxy;
			containerPortal = C77E82DF1EA25F07000AC715 /* Rx.xcodeproj */;
			proxyType = 2;
			remoteGlobalIDString = C83509941C38742C0027C24C;
			remoteInfo = "AllTests-macOS";
		};
		C77E831D1EA25F08000AC715 /* PBXContainerItemProxy */ = {
			isa = PBXContainerItemProxy;
			containerPortal = C77E82DF1EA25F07000AC715 /* Rx.xcodeproj */;
			proxyType = 2;
			remoteGlobalIDString = C85BA04B1C3878740075D68E;
			remoteInfo = Microoptimizations;
		};
		C77E831F1EA25F08000AC715 /* PBXContainerItemProxy */ = {
			isa = PBXContainerItemProxy;
			containerPortal = C77E82DF1EA25F07000AC715 /* Rx.xcodeproj */;
			proxyType = 2;
			remoteGlobalIDString = C8E8BA551E2C181A00A4AC2C;
			remoteInfo = Benchmarks;
		};
		C77E83261EA25F18000AC715 /* PBXContainerItemProxy */ = {
			isa = PBXContainerItemProxy;
			containerPortal = C77E83211EA25F18000AC715 /* RxGesture.xcodeproj */;
			proxyType = 2;
			remoteGlobalIDString = F4CC4C1D1DEBA895009ED835;
			remoteInfo = "RxGesture-iOS";
		};
		C77E83281EA25F18000AC715 /* PBXContainerItemProxy */ = {
			isa = PBXContainerItemProxy;
			containerPortal = C77E83211EA25F18000AC715 /* RxGesture.xcodeproj */;
			proxyType = 2;
			remoteGlobalIDString = 87F8F7221E511E2E00C3B1BE;
			remoteInfo = "RxGesture-OSX";
		};
		C77E832C1EA25F4F000AC715 /* PBXContainerItemProxy */ = {
			isa = PBXContainerItemProxy;
			containerPortal = C77E83211EA25F18000AC715 /* RxGesture.xcodeproj */;
			proxyType = 1;
			remoteGlobalIDString = F4CC4C1C1DEBA895009ED835;
			remoteInfo = "RxGesture-iOS";
		};
		C77E83301EA25F4F000AC715 /* PBXContainerItemProxy */ = {
			isa = PBXContainerItemProxy;
			containerPortal = C77E82DF1EA25F07000AC715 /* Rx.xcodeproj */;
			proxyType = 1;
			remoteGlobalIDString = C8A56AD61AD7424700B4673B;
			remoteInfo = "RxSwift-iOS";
		};
		C77E83341EA25F4F000AC715 /* PBXContainerItemProxy */ = {
			isa = PBXContainerItemProxy;
			containerPortal = C77E82DF1EA25F07000AC715 /* Rx.xcodeproj */;
			proxyType = 1;
			remoteGlobalIDString = C80938F51B8A71760088E94D;
			remoteInfo = "RxCocoa-iOS";
		};
		C77E83381EA25F4F000AC715 /* PBXContainerItemProxy */ = {
			isa = PBXContainerItemProxy;
			containerPortal = C77E82D61EA25EF5000AC715 /* RxSwiftExt.xcodeproj */;
			proxyType = 1;
			remoteGlobalIDString = 188C6D901C47B2B20092101A;
			remoteInfo = RxSwiftExt;
		};
/* End PBXContainerItemProxy section */

/* Begin PBXCopyFilesBuildPhase section */
		C77E833A1EA25F4F000AC715 /* Embed Frameworks */ = {
			isa = PBXCopyFilesBuildPhase;
			buildActionMask = 2147483647;
			dstPath = "";
			dstSubfolderSpec = 10;
			files = (
				C77E83371EA25F4F000AC715 /* RxSwiftExt.framework in Embed Frameworks */,
				C77E83331EA25F4F000AC715 /* RxCocoa.framework in Embed Frameworks */,
				C77E832F1EA25F4F000AC715 /* RxSwift.framework in Embed Frameworks */,
				C77E832B1EA25F4F000AC715 /* RxGesture.framework in Embed Frameworks */,
			);
			name = "Embed Frameworks";
			runOnlyForDeploymentPostprocessing = 0;
		};
/* End PBXCopyFilesBuildPhase section */

/* Begin PBXFileReference section */
		C72E27A11E9ED9EB0064E01B /* LearningSwiftCourse.app */ = {isa = PBXFileReference; explicitFileType = wrapper.application; includeInIndex = 0; path = LearningSwiftCourse.app; sourceTree = BUILT_PRODUCTS_DIR; };
		C72E27A41E9ED9EB0064E01B /* AppDelegate.swift */ = {isa = PBXFileReference; lastKnownFileType = sourcecode.swift; path = AppDelegate.swift; sourceTree = "<group>"; };
		C72E27A61E9ED9EB0064E01B /* ViewController.swift */ = {isa = PBXFileReference; lastKnownFileType = sourcecode.swift; path = ViewController.swift; sourceTree = "<group>"; };
		C72E27A91E9ED9EB0064E01B /* Base */ = {isa = PBXFileReference; lastKnownFileType = file.storyboard; name = Base; path = Base.lproj/Main.storyboard; sourceTree = "<group>"; };
		C72E27AB1E9ED9EB0064E01B /* Assets.xcassets */ = {isa = PBXFileReference; lastKnownFileType = folder.assetcatalog; path = Assets.xcassets; sourceTree = "<group>"; };
		C72E27AE1E9ED9EB0064E01B /* Base */ = {isa = PBXFileReference; lastKnownFileType = file.storyboard; name = Base; path = Base.lproj/LaunchScreen.storyboard; sourceTree = "<group>"; };
		C72E27B01E9ED9EB0064E01B /* Info.plist */ = {isa = PBXFileReference; lastKnownFileType = text.plist.xml; path = Info.plist; sourceTree = "<group>"; };
		C72E27B51E9ED9EB0064E01B /* LearningSwiftCourseTests.xctest */ = {isa = PBXFileReference; explicitFileType = wrapper.cfbundle; includeInIndex = 0; path = LearningSwiftCourseTests.xctest; sourceTree = BUILT_PRODUCTS_DIR; };
		C72E27B91E9ED9EB0064E01B /* LearningSwiftCourseTests.swift */ = {isa = PBXFileReference; lastKnownFileType = sourcecode.swift; path = LearningSwiftCourseTests.swift; sourceTree = "<group>"; };
		C72E27BB1E9ED9EB0064E01B /* Info.plist */ = {isa = PBXFileReference; lastKnownFileType = text.plist.xml; path = Info.plist; sourceTree = "<group>"; };
		C72E27C01E9ED9EB0064E01B /* LearningSwiftCourseUITests.xctest */ = {isa = PBXFileReference; explicitFileType = wrapper.cfbundle; includeInIndex = 0; path = LearningSwiftCourseUITests.xctest; sourceTree = BUILT_PRODUCTS_DIR; };
		C72E27C41E9ED9EB0064E01B /* LearningSwiftCourseUITests.swift */ = {isa = PBXFileReference; lastKnownFileType = sourcecode.swift; path = LearningSwiftCourseUITests.swift; sourceTree = "<group>"; };
		C72E27C61E9ED9EB0064E01B /* Info.plist */ = {isa = PBXFileReference; lastKnownFileType = text.plist.xml; path = Info.plist; sourceTree = "<group>"; };
		C72E27D21E9EDA0C0064E01B /* LearningSwift.playground */ = {isa = PBXFileReference; lastKnownFileType = file.playground; path = LearningSwift.playground; sourceTree = "<group>"; };
		C77E82D61EA25EF5000AC715 /* RxSwiftExt.xcodeproj */ = {isa = PBXFileReference; lastKnownFileType = "wrapper.pb-project"; name = RxSwiftExt.xcodeproj; path = ../Carthage/Checkouts/RxSwiftExt/RxSwiftExt.xcodeproj; sourceTree = "<group>"; };
		C77E82DF1EA25F07000AC715 /* Rx.xcodeproj */ = {isa = PBXFileReference; lastKnownFileType = "wrapper.pb-project"; name = Rx.xcodeproj; path = ../Carthage/Checkouts/RxSwift/Rx.xcodeproj; sourceTree = "<group>"; };
		C77E83211EA25F18000AC715 /* RxGesture.xcodeproj */ = {isa = PBXFileReference; lastKnownFileType = "wrapper.pb-project"; name = RxGesture.xcodeproj; path = ../Carthage/Checkouts/RxGesture/RxGesture/RxGesture.xcodeproj; sourceTree = "<group>"; };
/* End PBXFileReference section */

/* Begin PBXFrameworksBuildPhase section */
		C72E279E1E9ED9EB0064E01B /* Frameworks */ = {
			isa = PBXFrameworksBuildPhase;
			buildActionMask = 2147483647;
			files = (
				C77E83361EA25F4F000AC715 /* RxSwiftExt.framework in Frameworks */,
				C77E83321EA25F4F000AC715 /* RxCocoa.framework in Frameworks */,
				C77E832E1EA25F4F000AC715 /* RxSwift.framework in Frameworks */,
				C77E832A1EA25F4F000AC715 /* RxGesture.framework in Frameworks */,
			);
			runOnlyForDeploymentPostprocessing = 0;
		};
		C72E27B21E9ED9EB0064E01B /* Frameworks */ = {
			isa = PBXFrameworksBuildPhase;
			buildActionMask = 2147483647;
			files = (
			);
			runOnlyForDeploymentPostprocessing = 0;
		};
		C72E27BD1E9ED9EB0064E01B /* Frameworks */ = {
			isa = PBXFrameworksBuildPhase;
			buildActionMask = 2147483647;
			files = (
			);
			runOnlyForDeploymentPostprocessing = 0;
		};
/* End PBXFrameworksBuildPhase section */

/* Begin PBXGroup section */
		C72E27981E9ED9EB0064E01B = {
			isa = PBXGroup;
			children = (
				C77E82D51EA25E3B000AC715 /* Dependencies */,
				C72E27A31E9ED9EB0064E01B /* LearningSwiftCourse */,
				C72E27B81E9ED9EB0064E01B /* LearningSwiftCourseTests */,
				C72E27C31E9ED9EB0064E01B /* LearningSwiftCourseUITests */,
				C72E27A21E9ED9EB0064E01B /* Products */,
			);
			sourceTree = "<group>";
		};
		C72E27A21E9ED9EB0064E01B /* Products */ = {
			isa = PBXGroup;
			children = (
				C72E27A11E9ED9EB0064E01B /* LearningSwiftCourse.app */,
				C72E27B51E9ED9EB0064E01B /* LearningSwiftCourseTests.xctest */,
				C72E27C01E9ED9EB0064E01B /* LearningSwiftCourseUITests.xctest */,
			);
			name = Products;
			sourceTree = "<group>";
		};
		C72E27A31E9ED9EB0064E01B /* LearningSwiftCourse */ = {
			isa = PBXGroup;
			children = (
				C72E27A41E9ED9EB0064E01B /* AppDelegate.swift */,
				C72E27A61E9ED9EB0064E01B /* ViewController.swift */,
				C72E27A81E9ED9EB0064E01B /* Main.storyboard */,
				C72E27AB1E9ED9EB0064E01B /* Assets.xcassets */,
				C72E27AD1E9ED9EB0064E01B /* LaunchScreen.storyboard */,
				C72E27B01E9ED9EB0064E01B /* Info.plist */,
				C72E27D21E9EDA0C0064E01B /* LearningSwift.playground */,
			);
			path = LearningSwiftCourse;
			sourceTree = "<group>";
		};
		C72E27B81E9ED9EB0064E01B /* LearningSwiftCourseTests */ = {
			isa = PBXGroup;
			children = (
				C72E27B91E9ED9EB0064E01B /* LearningSwiftCourseTests.swift */,
				C72E27BB1E9ED9EB0064E01B /* Info.plist */,
			);
			path = LearningSwiftCourseTests;
			sourceTree = "<group>";
		};
		C72E27C31E9ED9EB0064E01B /* LearningSwiftCourseUITests */ = {
			isa = PBXGroup;
			children = (
				C72E27C41E9ED9EB0064E01B /* LearningSwiftCourseUITests.swift */,
				C72E27C61E9ED9EB0064E01B /* Info.plist */,
			);
			path = LearningSwiftCourseUITests;
			sourceTree = "<group>";
		};
		C77E82D51EA25E3B000AC715 /* Dependencies */ = {
			isa = PBXGroup;
			children = (
				C77E83211EA25F18000AC715 /* RxGesture.xcodeproj */,
				C77E82DF1EA25F07000AC715 /* Rx.xcodeproj */,
				C77E82D61EA25EF5000AC715 /* RxSwiftExt.xcodeproj */,
			);
			name = Dependencies;
			sourceTree = "<group>";
		};
		C77E82D71EA25EF5000AC715 /* Products */ = {
			isa = PBXGroup;
			children = (
				C77E82DC1EA25EF5000AC715 /* RxSwiftExt.framework */,
				C77E82DE1EA25EF5000AC715 /* RxSwiftExtTests.xctest */,
			);
			name = Products;
			sourceTree = "<group>";
		};
		C77E82E01EA25F07000AC715 /* Products */ = {
			isa = PBXGroup;
			children = (
				C77E82F81EA25F08000AC715 /* RxSwift.framework */,
				C77E82FA1EA25F08000AC715 /* RxSwift.framework */,
				C77E82FC1EA25F08000AC715 /* RxSwift.framework */,
				C77E82FE1EA25F08000AC715 /* RxSwift.framework */,
				C77E83001EA25F08000AC715 /* RxCocoa.framework */,
				C77E83021EA25F08000AC715 /* RxCocoa.framework */,
				C77E83041EA25F08000AC715 /* RxCocoa.framework */,
				C77E83061EA25F08000AC715 /* RxCocoa.framework */,
				C77E83081EA25F08000AC715 /* RxBlocking.framework */,
				C77E830A1EA25F08000AC715 /* RxBlocking.framework */,
				C77E830C1EA25F08000AC715 /* RxBlocking.framework */,
				C77E830E1EA25F08000AC715 /* RxBlocking.framework */,
				C77E83101EA25F08000AC715 /* RxTest.framework */,
				C77E83121EA25F08000AC715 /* RxTest.framework */,
				C77E83141EA25F08000AC715 /* RxTest.framework */,
				C77E83161EA25F08000AC715 /* RxTest.framework */,
				C77E83181EA25F08000AC715 /* AllTests-iOS.xctest */,
				C77E831A1EA25F08000AC715 /* AllTests-tvOS.xctest */,
				C77E831C1EA25F08000AC715 /* AllTests-macOS.xctest */,
				C77E831E1EA25F08000AC715 /* PerformanceTests.app */,
				C77E83201EA25F08000AC715 /* Benchmarks.xctest */,
			);
			name = Products;
			sourceTree = "<group>";
		};
		C77E83221EA25F18000AC715 /* Products */ = {
			isa = PBXGroup;
			children = (
				C77E83271EA25F18000AC715 /* RxGesture.framework */,
				C77E83291EA25F18000AC715 /* RxGesture.framework */,
			);
			name = Products;
			sourceTree = "<group>";
		};
/* End PBXGroup section */

/* Begin PBXNativeTarget section */
		C72E27A01E9ED9EB0064E01B /* LearningSwiftCourse */ = {
			isa = PBXNativeTarget;
			buildConfigurationList = C72E27C91E9ED9EB0064E01B /* Build configuration list for PBXNativeTarget "LearningSwiftCourse" */;
			buildPhases = (
				C72E279D1E9ED9EB0064E01B /* Sources */,
				C72E279E1E9ED9EB0064E01B /* Frameworks */,
				C72E279F1E9ED9EB0064E01B /* Resources */,
				C77E833A1EA25F4F000AC715 /* Embed Frameworks */,
			);
			buildRules = (
			);
			dependencies = (
				C77E832D1EA25F4F000AC715 /* PBXTargetDependency */,
				C77E83311EA25F4F000AC715 /* PBXTargetDependency */,
				C77E83351EA25F4F000AC715 /* PBXTargetDependency */,
				C77E83391EA25F4F000AC715 /* PBXTargetDependency */,
			);
			name = LearningSwiftCourse;
			productName = LearningSwiftCourse;
			productReference = C72E27A11E9ED9EB0064E01B /* LearningSwiftCourse.app */;
			productType = "com.apple.product-type.application";
		};
		C72E27B41E9ED9EB0064E01B /* LearningSwiftCourseTests */ = {
			isa = PBXNativeTarget;
			buildConfigurationList = C72E27CC1E9ED9EB0064E01B /* Build configuration list for PBXNativeTarget "LearningSwiftCourseTests" */;
			buildPhases = (
				C72E27B11E9ED9EB0064E01B /* Sources */,
				C72E27B21E9ED9EB0064E01B /* Frameworks */,
				C72E27B31E9ED9EB0064E01B /* Resources */,
			);
			buildRules = (
			);
			dependencies = (
				C72E27B71E9ED9EB0064E01B /* PBXTargetDependency */,
			);
			name = LearningSwiftCourseTests;
			productName = LearningSwiftCourseTests;
			productReference = C72E27B51E9ED9EB0064E01B /* LearningSwiftCourseTests.xctest */;
			productType = "com.apple.product-type.bundle.unit-test";
		};
		C72E27BF1E9ED9EB0064E01B /* LearningSwiftCourseUITests */ = {
			isa = PBXNativeTarget;
			buildConfigurationList = C72E27CF1E9ED9EB0064E01B /* Build configuration list for PBXNativeTarget "LearningSwiftCourseUITests" */;
			buildPhases = (
				C72E27BC1E9ED9EB0064E01B /* Sources */,
				C72E27BD1E9ED9EB0064E01B /* Frameworks */,
				C72E27BE1E9ED9EB0064E01B /* Resources */,
			);
			buildRules = (
			);
			dependencies = (
				C72E27C21E9ED9EB0064E01B /* PBXTargetDependency */,
			);
			name = LearningSwiftCourseUITests;
			productName = LearningSwiftCourseUITests;
			productReference = C72E27C01E9ED9EB0064E01B /* LearningSwiftCourseUITests.xctest */;
			productType = "com.apple.product-type.bundle.ui-testing";
		};
/* End PBXNativeTarget section */

/* Begin PBXProject section */
		C72E27991E9ED9EB0064E01B /* Project object */ = {
			isa = PBXProject;
			attributes = {
				LastSwiftUpdateCheck = 0830;
				LastUpgradeCheck = 0830;
				ORGANIZATIONNAME = "LEXI LABS";
				TargetAttributes = {
					C72E27A01E9ED9EB0064E01B = {
						CreatedOnToolsVersion = 8.3.1;
						DevelopmentTeam = 4Q93294747;
						ProvisioningStyle = Automatic;
					};
					C72E27B41E9ED9EB0064E01B = {
						CreatedOnToolsVersion = 8.3.1;
						DevelopmentTeam = 4Q93294747;
						ProvisioningStyle = Automatic;
						TestTargetID = C72E27A01E9ED9EB0064E01B;
					};
					C72E27BF1E9ED9EB0064E01B = {
						CreatedOnToolsVersion = 8.3.1;
						DevelopmentTeam = 4Q93294747;
						ProvisioningStyle = Automatic;
						TestTargetID = C72E27A01E9ED9EB0064E01B;
					};
				};
			};
			buildConfigurationList = C72E279C1E9ED9EB0064E01B /* Build configuration list for PBXProject "LearningSwiftCourse" */;
			compatibilityVersion = "Xcode 3.2";
			developmentRegion = English;
			hasScannedForEncodings = 0;
			knownRegions = (
				en,
				Base,
			);
			mainGroup = C72E27981E9ED9EB0064E01B;
			productRefGroup = C72E27A21E9ED9EB0064E01B /* Products */;
			projectDirPath = "";
			projectReferences = (
				{
					ProductGroup = C77E82E01EA25F07000AC715 /* Products */;
					ProjectRef = C77E82DF1EA25F07000AC715 /* Rx.xcodeproj */;
				},
				{
					ProductGroup = C77E83221EA25F18000AC715 /* Products */;
					ProjectRef = C77E83211EA25F18000AC715 /* RxGesture.xcodeproj */;
				},
				{
					ProductGroup = C77E82D71EA25EF5000AC715 /* Products */;
					ProjectRef = C77E82D61EA25EF5000AC715 /* RxSwiftExt.xcodeproj */;
				},
			);
			projectRoot = "";
			targets = (
				C72E27A01E9ED9EB0064E01B /* LearningSwiftCourse */,
				C72E27B41E9ED9EB0064E01B /* LearningSwiftCourseTests */,
				C72E27BF1E9ED9EB0064E01B /* LearningSwiftCourseUITests */,
			);
		};
/* End PBXProject section */

/* Begin PBXReferenceProxy section */
		C77E82DC1EA25EF5000AC715 /* RxSwiftExt.framework */ = {
			isa = PBXReferenceProxy;
			fileType = wrapper.framework;
			path = RxSwiftExt.framework;
			remoteRef = C77E82DB1EA25EF5000AC715 /* PBXContainerItemProxy */;
			sourceTree = BUILT_PRODUCTS_DIR;
		};
		C77E82DE1EA25EF5000AC715 /* RxSwiftExtTests.xctest */ = {
			isa = PBXReferenceProxy;
			fileType = wrapper.cfbundle;
			path = RxSwiftExtTests.xctest;
			remoteRef = C77E82DD1EA25EF5000AC715 /* PBXContainerItemProxy */;
			sourceTree = BUILT_PRODUCTS_DIR;
		};
		C77E82F81EA25F08000AC715 /* RxSwift.framework */ = {
			isa = PBXReferenceProxy;
			fileType = wrapper.framework;
			path = RxSwift.framework;
			remoteRef = C77E82F71EA25F08000AC715 /* PBXContainerItemProxy */;
			sourceTree = BUILT_PRODUCTS_DIR;
		};
		C77E82FA1EA25F08000AC715 /* RxSwift.framework */ = {
			isa = PBXReferenceProxy;
			fileType = wrapper.framework;
			path = RxSwift.framework;
			remoteRef = C77E82F91EA25F08000AC715 /* PBXContainerItemProxy */;
			sourceTree = BUILT_PRODUCTS_DIR;
		};
		C77E82FC1EA25F08000AC715 /* RxSwift.framework */ = {
			isa = PBXReferenceProxy;
			fileType = wrapper.framework;
			path = RxSwift.framework;
			remoteRef = C77E82FB1EA25F08000AC715 /* PBXContainerItemProxy */;
			sourceTree = BUILT_PRODUCTS_DIR;
		};
		C77E82FE1EA25F08000AC715 /* RxSwift.framework */ = {
			isa = PBXReferenceProxy;
			fileType = wrapper.framework;
			path = RxSwift.framework;
			remoteRef = C77E82FD1EA25F08000AC715 /* PBXContainerItemProxy */;
			sourceTree = BUILT_PRODUCTS_DIR;
		};
		C77E83001EA25F08000AC715 /* RxCocoa.framework */ = {
			isa = PBXReferenceProxy;
			fileType = wrapper.framework;
			path = RxCocoa.framework;
			remoteRef = C77E82FF1EA25F08000AC715 /* PBXContainerItemProxy */;
			sourceTree = BUILT_PRODUCTS_DIR;
		};
		C77E83021EA25F08000AC715 /* RxCocoa.framework */ = {
			isa = PBXReferenceProxy;
			fileType = wrapper.framework;
			path = RxCocoa.framework;
			remoteRef = C77E83011EA25F08000AC715 /* PBXContainerItemProxy */;
			sourceTree = BUILT_PRODUCTS_DIR;
		};
		C77E83041EA25F08000AC715 /* RxCocoa.framework */ = {
			isa = PBXReferenceProxy;
			fileType = wrapper.framework;
			path = RxCocoa.framework;
			remoteRef = C77E83031EA25F08000AC715 /* PBXContainerItemProxy */;
			sourceTree = BUILT_PRODUCTS_DIR;
		};
		C77E83061EA25F08000AC715 /* RxCocoa.framework */ = {
			isa = PBXReferenceProxy;
			fileType = wrapper.framework;
			path = RxCocoa.framework;
			remoteRef = C77E83051EA25F08000AC715 /* PBXContainerItemProxy */;
			sourceTree = BUILT_PRODUCTS_DIR;
		};
		C77E83081EA25F08000AC715 /* RxBlocking.framework */ = {
			isa = PBXReferenceProxy;
			fileType = wrapper.framework;
			path = RxBlocking.framework;
			remoteRef = C77E83071EA25F08000AC715 /* PBXContainerItemProxy */;
			sourceTree = BUILT_PRODUCTS_DIR;
		};
		C77E830A1EA25F08000AC715 /* RxBlocking.framework */ = {
			isa = PBXReferenceProxy;
			fileType = wrapper.framework;
			path = RxBlocking.framework;
			remoteRef = C77E83091EA25F08000AC715 /* PBXContainerItemProxy */;
			sourceTree = BUILT_PRODUCTS_DIR;
		};
		C77E830C1EA25F08000AC715 /* RxBlocking.framework */ = {
			isa = PBXReferenceProxy;
			fileType = wrapper.framework;
			path = RxBlocking.framework;
			remoteRef = C77E830B1EA25F08000AC715 /* PBXContainerItemProxy */;
			sourceTree = BUILT_PRODUCTS_DIR;
		};
		C77E830E1EA25F08000AC715 /* RxBlocking.framework */ = {
			isa = PBXReferenceProxy;
			fileType = wrapper.framework;
			path = RxBlocking.framework;
			remoteRef = C77E830D1EA25F08000AC715 /* PBXContainerItemProxy */;
			sourceTree = BUILT_PRODUCTS_DIR;
		};
		C77E83101EA25F08000AC715 /* RxTest.framework */ = {
			isa = PBXReferenceProxy;
			fileType = wrapper.framework;
			path = RxTest.framework;
			remoteRef = C77E830F1EA25F08000AC715 /* PBXContainerItemProxy */;
			sourceTree = BUILT_PRODUCTS_DIR;
		};
		C77E83121EA25F08000AC715 /* RxTest.framework */ = {
			isa = PBXReferenceProxy;
			fileType = wrapper.framework;
			path = RxTest.framework;
			remoteRef = C77E83111EA25F08000AC715 /* PBXContainerItemProxy */;
			sourceTree = BUILT_PRODUCTS_DIR;
		};
		C77E83141EA25F08000AC715 /* RxTest.framework */ = {
			isa = PBXReferenceProxy;
			fileType = wrapper.framework;
			path = RxTest.framework;
			remoteRef = C77E83131EA25F08000AC715 /* PBXContainerItemProxy */;
			sourceTree = BUILT_PRODUCTS_DIR;
		};
		C77E83161EA25F08000AC715 /* RxTest.framework */ = {
			isa = PBXReferenceProxy;
			fileType = wrapper.framework;
			path = RxTest.framework;
			remoteRef = C77E83151EA25F08000AC715 /* PBXContainerItemProxy */;
			sourceTree = BUILT_PRODUCTS_DIR;
		};
		C77E83181EA25F08000AC715 /* AllTests-iOS.xctest */ = {
			isa = PBXReferenceProxy;
			fileType = wrapper.cfbundle;
			path = "AllTests-iOS.xctest";
			remoteRef = C77E83171EA25F08000AC715 /* PBXContainerItemProxy */;
			sourceTree = BUILT_PRODUCTS_DIR;
		};
		C77E831A1EA25F08000AC715 /* AllTests-tvOS.xctest */ = {
			isa = PBXReferenceProxy;
			fileType = wrapper.cfbundle;
			path = "AllTests-tvOS.xctest";
			remoteRef = C77E83191EA25F08000AC715 /* PBXContainerItemProxy */;
			sourceTree = BUILT_PRODUCTS_DIR;
		};
		C77E831C1EA25F08000AC715 /* AllTests-macOS.xctest */ = {
			isa = PBXReferenceProxy;
			fileType = wrapper.cfbundle;
			path = "AllTests-macOS.xctest";
			remoteRef = C77E831B1EA25F08000AC715 /* PBXContainerItemProxy */;
			sourceTree = BUILT_PRODUCTS_DIR;
		};
		C77E831E1EA25F08000AC715 /* PerformanceTests.app */ = {
			isa = PBXReferenceProxy;
			fileType = wrapper.application;
			name = PerformanceTests.app;
			path = Microoptimizations.app;
			remoteRef = C77E831D1EA25F08000AC715 /* PBXContainerItemProxy */;
			sourceTree = BUILT_PRODUCTS_DIR;
		};
		C77E83201EA25F08000AC715 /* Benchmarks.xctest */ = {
			isa = PBXReferenceProxy;
			fileType = wrapper.cfbundle;
			path = Benchmarks.xctest;
			remoteRef = C77E831F1EA25F08000AC715 /* PBXContainerItemProxy */;
			sourceTree = BUILT_PRODUCTS_DIR;
		};
		C77E83271EA25F18000AC715 /* RxGesture.framework */ = {
			isa = PBXReferenceProxy;
			fileType = wrapper.framework;
			path = RxGesture.framework;
			remoteRef = C77E83261EA25F18000AC715 /* PBXContainerItemProxy */;
			sourceTree = BUILT_PRODUCTS_DIR;
		};
		C77E83291EA25F18000AC715 /* RxGesture.framework */ = {
			isa = PBXReferenceProxy;
			fileType = wrapper.framework;
			path = RxGesture.framework;
			remoteRef = C77E83281EA25F18000AC715 /* PBXContainerItemProxy */;
			sourceTree = BUILT_PRODUCTS_DIR;
		};
/* End PBXReferenceProxy section */

/* Begin PBXResourcesBuildPhase section */
		C72E279F1E9ED9EB0064E01B /* Resources */ = {
			isa = PBXResourcesBuildPhase;
			buildActionMask = 2147483647;
			files = (
				C72E27AF1E9ED9EB0064E01B /* LaunchScreen.storyboard in Resources */,
				C72E27AC1E9ED9EB0064E01B /* Assets.xcassets in Resources */,
				C72E27AA1E9ED9EB0064E01B /* Main.storyboard in Resources */,
			);
			runOnlyForDeploymentPostprocessing = 0;
		};
		C72E27B31E9ED9EB0064E01B /* Resources */ = {
			isa = PBXResourcesBuildPhase;
			buildActionMask = 2147483647;
			files = (
			);
			runOnlyForDeploymentPostprocessing = 0;
		};
		C72E27BE1E9ED9EB0064E01B /* Resources */ = {
			isa = PBXResourcesBuildPhase;
			buildActionMask = 2147483647;
			files = (
			);
			runOnlyForDeploymentPostprocessing = 0;
		};
/* End PBXResourcesBuildPhase section */

/* Begin PBXSourcesBuildPhase section */
		C72E279D1E9ED9EB0064E01B /* Sources */ = {
			isa = PBXSourcesBuildPhase;
			buildActionMask = 2147483647;
			files = (
				C72E27A71E9ED9EB0064E01B /* ViewController.swift in Sources */,
				C72E27A51E9ED9EB0064E01B /* AppDelegate.swift in Sources */,
			);
			runOnlyForDeploymentPostprocessing = 0;
		};
		C72E27B11E9ED9EB0064E01B /* Sources */ = {
			isa = PBXSourcesBuildPhase;
			buildActionMask = 2147483647;
			files = (
				C72E27BA1E9ED9EB0064E01B /* LearningSwiftCourseTests.swift in Sources */,
			);
			runOnlyForDeploymentPostprocessing = 0;
		};
		C72E27BC1E9ED9EB0064E01B /* Sources */ = {
			isa = PBXSourcesBuildPhase;
			buildActionMask = 2147483647;
			files = (
				C72E27C51E9ED9EB0064E01B /* LearningSwiftCourseUITests.swift in Sources */,
			);
			runOnlyForDeploymentPostprocessing = 0;
		};
/* End PBXSourcesBuildPhase section */

/* Begin PBXTargetDependency section */
		C72E27B71E9ED9EB0064E01B /* PBXTargetDependency */ = {
			isa = PBXTargetDependency;
			target = C72E27A01E9ED9EB0064E01B /* LearningSwiftCourse */;
			targetProxy = C72E27B61E9ED9EB0064E01B /* PBXContainerItemProxy */;
		};
		C72E27C21E9ED9EB0064E01B /* PBXTargetDependency */ = {
			isa = PBXTargetDependency;
			target = C72E27A01E9ED9EB0064E01B /* LearningSwiftCourse */;
			targetProxy = C72E27C11E9ED9EB0064E01B /* PBXContainerItemProxy */;
		};
		C77E832D1EA25F4F000AC715 /* PBXTargetDependency */ = {
			isa = PBXTargetDependency;
			name = "RxGesture-iOS";
			targetProxy = C77E832C1EA25F4F000AC715 /* PBXContainerItemProxy */;
		};
		C77E83311EA25F4F000AC715 /* PBXTargetDependency */ = {
			isa = PBXTargetDependency;
			name = "RxSwift-iOS";
			targetProxy = C77E83301EA25F4F000AC715 /* PBXContainerItemProxy */;
		};
		C77E83351EA25F4F000AC715 /* PBXTargetDependency */ = {
			isa = PBXTargetDependency;
			name = "RxCocoa-iOS";
			targetProxy = C77E83341EA25F4F000AC715 /* PBXContainerItemProxy */;
		};
		C77E83391EA25F4F000AC715 /* PBXTargetDependency */ = {
			isa = PBXTargetDependency;
			name = RxSwiftExt;
			targetProxy = C77E83381EA25F4F000AC715 /* PBXContainerItemProxy */;
		};
/* End PBXTargetDependency section */

/* Begin PBXVariantGroup section */
		C72E27A81E9ED9EB0064E01B /* Main.storyboard */ = {
			isa = PBXVariantGroup;
			children = (
				C72E27A91E9ED9EB0064E01B /* Base */,
			);
			name = Main.storyboard;
			sourceTree = "<group>";
		};
		C72E27AD1E9ED9EB0064E01B /* LaunchScreen.storyboard */ = {
			isa = PBXVariantGroup;
			children = (
				C72E27AE1E9ED9EB0064E01B /* Base */,
			);
			name = LaunchScreen.storyboard;
			sourceTree = "<group>";
		};
/* End PBXVariantGroup section */

/* Begin XCBuildConfiguration section */
		C72E27C71E9ED9EB0064E01B /* Debug */ = {
			isa = XCBuildConfiguration;
			buildSettings = {
				ALWAYS_SEARCH_USER_PATHS = NO;
				CLANG_ANALYZER_NONNULL = YES;
				CLANG_ANALYZER_NUMBER_OBJECT_CONVERSION = YES_AGGRESSIVE;
				CLANG_CXX_LANGUAGE_STANDARD = "gnu++0x";
				CLANG_CXX_LIBRARY = "libc++";
				CLANG_ENABLE_MODULES = YES;
				CLANG_ENABLE_OBJC_ARC = YES;
				CLANG_WARN_BOOL_CONVERSION = YES;
				CLANG_WARN_CONSTANT_CONVERSION = YES;
				CLANG_WARN_DIRECT_OBJC_ISA_USAGE = YES_ERROR;
				CLANG_WARN_DOCUMENTATION_COMMENTS = YES;
				CLANG_WARN_EMPTY_BODY = YES;
				CLANG_WARN_ENUM_CONVERSION = YES;
				CLANG_WARN_INFINITE_RECURSION = YES;
				CLANG_WARN_INT_CONVERSION = YES;
				CLANG_WARN_OBJC_ROOT_CLASS = YES_ERROR;
				CLANG_WARN_SUSPICIOUS_MOVE = YES;
				CLANG_WARN_UNREACHABLE_CODE = YES;
				CLANG_WARN__DUPLICATE_METHOD_MATCH = YES;
				"CODE_SIGN_IDENTITY[sdk=iphoneos*]" = "iPhone Developer";
				COPY_PHASE_STRIP = NO;
				DEBUG_INFORMATION_FORMAT = dwarf;
				ENABLE_STRICT_OBJC_MSGSEND = YES;
				ENABLE_TESTABILITY = YES;
				GCC_C_LANGUAGE_STANDARD = gnu99;
				GCC_DYNAMIC_NO_PIC = NO;
				GCC_NO_COMMON_BLOCKS = YES;
				GCC_OPTIMIZATION_LEVEL = 0;
				GCC_PREPROCESSOR_DEFINITIONS = (
					"DEBUG=1",
					"$(inherited)",
				);
				GCC_WARN_64_TO_32_BIT_CONVERSION = YES;
				GCC_WARN_ABOUT_RETURN_TYPE = YES_ERROR;
				GCC_WARN_UNDECLARED_SELECTOR = YES;
				GCC_WARN_UNINITIALIZED_AUTOS = YES_AGGRESSIVE;
				GCC_WARN_UNUSED_FUNCTION = YES;
				GCC_WARN_UNUSED_VARIABLE = YES;
				IPHONEOS_DEPLOYMENT_TARGET = 10.3;
				MTL_ENABLE_DEBUG_INFO = YES;
				ONLY_ACTIVE_ARCH = YES;
				SDKROOT = iphoneos;
				SWIFT_ACTIVE_COMPILATION_CONDITIONS = DEBUG;
				SWIFT_OPTIMIZATION_LEVEL = "-Onone";
				TARGETED_DEVICE_FAMILY = "1,2";
			};
			name = Debug;
		};
		C72E27C81E9ED9EB0064E01B /* Release */ = {
			isa = XCBuildConfiguration;
			buildSettings = {
				ALWAYS_SEARCH_USER_PATHS = NO;
				CLANG_ANALYZER_NONNULL = YES;
				CLANG_ANALYZER_NUMBER_OBJECT_CONVERSION = YES_AGGRESSIVE;
				CLANG_CXX_LANGUAGE_STANDARD = "gnu++0x";
				CLANG_CXX_LIBRARY = "libc++";
				CLANG_ENABLE_MODULES = YES;
				CLANG_ENABLE_OBJC_ARC = YES;
				CLANG_WARN_BOOL_CONVERSION = YES;
				CLANG_WARN_CONSTANT_CONVERSION = YES;
				CLANG_WARN_DIRECT_OBJC_ISA_USAGE = YES_ERROR;
				CLANG_WARN_DOCUMENTATION_COMMENTS = YES;
				CLANG_WARN_EMPTY_BODY = YES;
				CLANG_WARN_ENUM_CONVERSION = YES;
				CLANG_WARN_INFINITE_RECURSION = YES;
				CLANG_WARN_INT_CONVERSION = YES;
				CLANG_WARN_OBJC_ROOT_CLASS = YES_ERROR;
				CLANG_WARN_SUSPICIOUS_MOVE = YES;
				CLANG_WARN_UNREACHABLE_CODE = YES;
				CLANG_WARN__DUPLICATE_METHOD_MATCH = YES;
				"CODE_SIGN_IDENTITY[sdk=iphoneos*]" = "iPhone Developer";
				COPY_PHASE_STRIP = NO;
				DEBUG_INFORMATION_FORMAT = "dwarf-with-dsym";
				ENABLE_NS_ASSERTIONS = NO;
				ENABLE_STRICT_OBJC_MSGSEND = YES;
				GCC_C_LANGUAGE_STANDARD = gnu99;
				GCC_NO_COMMON_BLOCKS = YES;
				GCC_WARN_64_TO_32_BIT_CONVERSION = YES;
				GCC_WARN_ABOUT_RETURN_TYPE = YES_ERROR;
				GCC_WARN_UNDECLARED_SELECTOR = YES;
				GCC_WARN_UNINITIALIZED_AUTOS = YES_AGGRESSIVE;
				GCC_WARN_UNUSED_FUNCTION = YES;
				GCC_WARN_UNUSED_VARIABLE = YES;
				IPHONEOS_DEPLOYMENT_TARGET = 10.3;
				MTL_ENABLE_DEBUG_INFO = NO;
				SDKROOT = iphoneos;
				SWIFT_OPTIMIZATION_LEVEL = "-Owholemodule";
				TARGETED_DEVICE_FAMILY = "1,2";
				VALIDATE_PRODUCT = YES;
			};
			name = Release;
		};
		C72E27CA1E9ED9EB0064E01B /* Debug */ = {
			isa = XCBuildConfiguration;
			buildSettings = {
				ALWAYS_EMBED_SWIFT_STANDARD_LIBRARIES = YES;
				ASSETCATALOG_COMPILER_APPICON_NAME = AppIcon;
				DEVELOPMENT_TEAM = 4Q93294747;
				INFOPLIST_FILE = LearningSwiftCourse/Info.plist;
				LD_RUNPATH_SEARCH_PATHS = "$(inherited) @executable_path/Frameworks";
				PRODUCT_BUNDLE_IDENTIFIER = co.lexilabs.LearningSwiftCourse;
				PRODUCT_NAME = "$(TARGET_NAME)";
				SWIFT_VERSION = 3.0;
			};
			name = Debug;
		};
		C72E27CB1E9ED9EB0064E01B /* Release */ = {
			isa = XCBuildConfiguration;
			buildSettings = {
				ALWAYS_EMBED_SWIFT_STANDARD_LIBRARIES = YES;
				ASSETCATALOG_COMPILER_APPICON_NAME = AppIcon;
				DEVELOPMENT_TEAM = 4Q93294747;
				INFOPLIST_FILE = LearningSwiftCourse/Info.plist;
				LD_RUNPATH_SEARCH_PATHS = "$(inherited) @executable_path/Frameworks";
				PRODUCT_BUNDLE_IDENTIFIER = co.lexilabs.LearningSwiftCourse;
				PRODUCT_NAME = "$(TARGET_NAME)";
				SWIFT_VERSION = 3.0;
			};
			name = Release;
		};
		C72E27CD1E9ED9EB0064E01B /* Debug */ = {
			isa = XCBuildConfiguration;
			buildSettings = {
				ALWAYS_EMBED_SWIFT_STANDARD_LIBRARIES = YES;
				BUNDLE_LOADER = "$(TEST_HOST)";
				DEVELOPMENT_TEAM = 4Q93294747;
				INFOPLIST_FILE = LearningSwiftCourseTests/Info.plist;
				LD_RUNPATH_SEARCH_PATHS = "$(inherited) @executable_path/Frameworks @loader_path/Frameworks";
				PRODUCT_BUNDLE_IDENTIFIER = co.lexilabs.LearningSwiftCourseTests;
				PRODUCT_NAME = "$(TARGET_NAME)";
				SWIFT_VERSION = 3.0;
				TEST_HOST = "$(BUILT_PRODUCTS_DIR)/LearningSwiftCourse.app/LearningSwiftCourse";
			};
			name = Debug;
		};
		C72E27CE1E9ED9EB0064E01B /* Release */ = {
			isa = XCBuildConfiguration;
			buildSettings = {
				ALWAYS_EMBED_SWIFT_STANDARD_LIBRARIES = YES;
				BUNDLE_LOADER = "$(TEST_HOST)";
				DEVELOPMENT_TEAM = 4Q93294747;
				INFOPLIST_FILE = LearningSwiftCourseTests/Info.plist;
				LD_RUNPATH_SEARCH_PATHS = "$(inherited) @executable_path/Frameworks @loader_path/Frameworks";
				PRODUCT_BUNDLE_IDENTIFIER = co.lexilabs.LearningSwiftCourseTests;
				PRODUCT_NAME = "$(TARGET_NAME)";
				SWIFT_VERSION = 3.0;
				TEST_HOST = "$(BUILT_PRODUCTS_DIR)/LearningSwiftCourse.app/LearningSwiftCourse";
			};
			name = Release;
		};
		C72E27D01E9ED9EB0064E01B /* Debug */ = {
			isa = XCBuildConfiguration;
			buildSettings = {
				ALWAYS_EMBED_SWIFT_STANDARD_LIBRARIES = YES;
				DEVELOPMENT_TEAM = 4Q93294747;
				INFOPLIST_FILE = LearningSwiftCourseUITests/Info.plist;
				LD_RUNPATH_SEARCH_PATHS = "$(inherited) @executable_path/Frameworks @loader_path/Frameworks";
				PRODUCT_BUNDLE_IDENTIFIER = co.lexilabs.LearningSwiftCourseUITests;
				PRODUCT_NAME = "$(TARGET_NAME)";
				SWIFT_VERSION = 3.0;
				TEST_TARGET_NAME = LearningSwiftCourse;
			};
			name = Debug;
		};
		C72E27D11E9ED9EB0064E01B /* Release */ = {
			isa = XCBuildConfiguration;
			buildSettings = {
				ALWAYS_EMBED_SWIFT_STANDARD_LIBRARIES = YES;
				DEVELOPMENT_TEAM = 4Q93294747;
				INFOPLIST_FILE = LearningSwiftCourseUITests/Info.plist;
				LD_RUNPATH_SEARCH_PATHS = "$(inherited) @executable_path/Frameworks @loader_path/Frameworks";
				PRODUCT_BUNDLE_IDENTIFIER = co.lexilabs.LearningSwiftCourseUITests;
				PRODUCT_NAME = "$(TARGET_NAME)";
				SWIFT_VERSION = 3.0;
				TEST_TARGET_NAME = LearningSwiftCourse;
			};
			name = Release;
		};
/* End XCBuildConfiguration section */

/* Begin XCConfigurationList section */
		C72E279C1E9ED9EB0064E01B /* Build configuration list for PBXProject "LearningSwiftCourse" */ = {
			isa = XCConfigurationList;
			buildConfigurations = (
				C72E27C71E9ED9EB0064E01B /* Debug */,
				C72E27C81E9ED9EB0064E01B /* Release */,
			);
			defaultConfigurationIsVisible = 0;
			defaultConfigurationName = Release;
		};
		C72E27C91E9ED9EB0064E01B /* Build configuration list for PBXNativeTarget "LearningSwiftCourse" */ = {
			isa = XCConfigurationList;
			buildConfigurations = (
				C72E27CA1E9ED9EB0064E01B /* Debug */,
				C72E27CB1E9ED9EB0064E01B /* Release */,
			);
			defaultConfigurationIsVisible = 0;
			defaultConfigurationName = Release;
		};
		C72E27CC1E9ED9EB0064E01B /* Build configuration list for PBXNativeTarget "LearningSwiftCourseTests" */ = {
			isa = XCConfigurationList;
			buildConfigurations = (
				C72E27CD1E9ED9EB0064E01B /* Debug */,
				C72E27CE1E9ED9EB0064E01B /* Release */,
			);
			defaultConfigurationIsVisible = 0;
			defaultConfigurationName = Release;
		};
		C72E27CF1E9ED9EB0064E01B /* Build configuration list for PBXNativeTarget "LearningSwiftCourseUITests" */ = {
			isa = XCConfigurationList;
			buildConfigurations = (
				C72E27D01E9ED9EB0064E01B /* Debug */,
				C72E27D11E9ED9EB0064E01B /* Release */,
			);
			defaultConfigurationIsVisible = 0;
			defaultConfigurationName = Release;
		};
/* End XCConfigurationList section */
	};
	rootObject = C72E27991E9ED9EB0064E01B /* Project object */;
}
