// !$*UTF8*$!
{
	archiveVersion = 1;
	classes = {
	};
	objectVersion = 46;
	objects = {

/* Begin PBXBuildFile section */
		C72E27A51E9ED9EB0064E01B /* AppDelegate.swift in Sources */ = {isa = PBXBuildFile; fileRef = C72E27A41E9ED9EB0064E01B /* AppDelegate.swift */; };
		C72E27A71E9ED9EB0064E01B /* ColorChangeViewController.swift in Sources */ = {isa = PBXBuildFile; fileRef = C72E27A61E9ED9EB0064E01B /* ColorChangeViewController.swift */; };
		C72E27AA1E9ED9EB0064E01B /* ColorsMain.storyboard in Resources */ = {isa = PBXBuildFile; fileRef = C72E27A81E9ED9EB0064E01B /* ColorsMain.storyboard */; };
		C72E27AC1E9ED9EB0064E01B /* Assets.xcassets in Resources */ = {isa = PBXBuildFile; fileRef = C72E27AB1E9ED9EB0064E01B /* Assets.xcassets */; };
		C72E27AF1E9ED9EB0064E01B /* LaunchScreen.storyboard in Resources */ = {isa = PBXBuildFile; fileRef = C72E27AD1E9ED9EB0064E01B /* LaunchScreen.storyboard */; };
		C72E27BA1E9ED9EB0064E01B /* LearningSwiftCourseTests.swift in Sources */ = {isa = PBXBuildFile; fileRef = C72E27B91E9ED9EB0064E01B /* LearningSwiftCourseTests.swift */; };
		C72E27C51E9ED9EB0064E01B /* LearningSwiftCourseUITests.swift in Sources */ = {isa = PBXBuildFile; fileRef = C72E27C41E9ED9EB0064E01B /* LearningSwiftCourseUITests.swift */; };
		C74217341EC1C27C0007B4C3 /* ScrollViewMain.storyboard in Resources */ = {isa = PBXBuildFile; fileRef = C74217331EC1C27C0007B4C3 /* ScrollViewMain.storyboard */; };
		C74217361EC1C7A60007B4C3 /* ScrollViewController.swift in Sources */ = {isa = PBXBuildFile; fileRef = C74217351EC1C7A60007B4C3 /* ScrollViewController.swift */; };
		C74217381EC1C8520007B4C3 /* slides_info.plist in Resources */ = {isa = PBXBuildFile; fileRef = C74217371EC1C8520007B4C3 /* slides_info.plist */; };
		C742173A1EC1CA400007B4C3 /* SlidesInfoModel.swift in Sources */ = {isa = PBXBuildFile; fileRef = C74217391EC1CA400007B4C3 /* SlidesInfoModel.swift */; };
		C742173C1EC1CF650007B4C3 /* Slide.swift in Sources */ = {isa = PBXBuildFile; fileRef = C742173B1EC1CF650007B4C3 /* Slide.swift */; };
		C742173E1EC1CF740007B4C3 /* Slide.xib in Resources */ = {isa = PBXBuildFile; fileRef = C742173D1EC1CF740007B4C3 /* Slide.xib */; };
		C74217CA1EC1F11A0007B4C3 /* UIImage+GIF.swift in Sources */ = {isa = PBXBuildFile; fileRef = C74217C91EC1F11A0007B4C3 /* UIImage+GIF.swift */; };
		C74217CC1EC1F32B0007B4C3 /* slide19.gif in Resources */ = {isa = PBXBuildFile; fileRef = C74217CB1EC1F32B0007B4C3 /* slide19.gif */; };
		C74217CE1EC1F34C0007B4C3 /* slide15.gif in Resources */ = {isa = PBXBuildFile; fileRef = C74217CD1EC1F34C0007B4C3 /* slide15.gif */; };
		C74217D01EC1F36A0007B4C3 /* slide16.gif in Resources */ = {isa = PBXBuildFile; fileRef = C74217CF1EC1F36A0007B4C3 /* slide16.gif */; };
		C74217D21EC1F37A0007B4C3 /* slide18.gif in Resources */ = {isa = PBXBuildFile; fileRef = C74217D11EC1F37A0007B4C3 /* slide18.gif */; };
		C74217D61EC1F4090007B4C3 /* slide17.gif in Resources */ = {isa = PBXBuildFile; fileRef = C74217D51EC1F4090007B4C3 /* slide17.gif */; };
		C74939841ED7747100555D31 /* InspirationalFilmsMain.storyboard in Resources */ = {isa = PBXBuildFile; fileRef = C74939831ED7747100555D31 /* InspirationalFilmsMain.storyboard */; };
		C74939861ED774C200555D31 /* InspirationalFilmsViewController.swift in Sources */ = {isa = PBXBuildFile; fileRef = C74939851ED774C200555D31 /* InspirationalFilmsViewController.swift */; };
		C749398A1ED7808000555D31 /* InspirationalFilmsCollectionViewCell.swift in Sources */ = {isa = PBXBuildFile; fileRef = C74939891ED7808000555D31 /* InspirationalFilmsCollectionViewCell.swift */; };
		C749398D1ED782D500555D31 /* InspirationalFilms.swift in Sources */ = {isa = PBXBuildFile; fileRef = C749398C1ED782D500555D31 /* InspirationalFilms.swift */; };
		C749398F1ED7840D00555D31 /* InspirationalFilmsInfo.swift in Sources */ = {isa = PBXBuildFile; fileRef = C749398E1ED7840D00555D31 /* InspirationalFilmsInfo.swift */; };
		C765C26C1EA4DFD400F5FE90 /* TabBarMain.storyboard in Resources */ = {isa = PBXBuildFile; fileRef = C765C26B1EA4DFD400F5FE90 /* TabBarMain.storyboard */; };
		C765C2701EA4E08600F5FE90 /* MetricViewController.swift in Sources */ = {isa = PBXBuildFile; fileRef = C765C26F1EA4E08600F5FE90 /* MetricViewController.swift */; };
		C765C2721EA4E09F00F5FE90 /* EnglishViewController.swift in Sources */ = {isa = PBXBuildFile; fileRef = C765C2711EA4E09F00F5FE90 /* EnglishViewController.swift */; };
		C765C2751EA4E6E000F5FE90 /* NavBarMain.storyboard in Resources */ = {isa = PBXBuildFile; fileRef = C765C2741EA4E6E000F5FE90 /* NavBarMain.storyboard */; };
		C765C27B1EA4E77000F5FE90 /* NavigationViewController.swift in Sources */ = {isa = PBXBuildFile; fileRef = C765C27A1EA4E77000F5FE90 /* NavigationViewController.swift */; };
		C765C27D1EA4E79B00F5FE90 /* RootViewController.swift in Sources */ = {isa = PBXBuildFile; fileRef = C765C27C1EA4E79B00F5FE90 /* RootViewController.swift */; };
		C76E5B471ED59FED00E2C4D3 /* UIView+Ext.swift in Sources */ = {isa = PBXBuildFile; fileRef = C76E5B461ED59FED00E2C4D3 /* UIView+Ext.swift */; };
		C76E5C721ED60AFC00E2C4D3 /* UIApplication+Ext.swift in Sources */ = {isa = PBXBuildFile; fileRef = C76E5C711ED60AFC00E2C4D3 /* UIApplication+Ext.swift */; };
		C76E5C741ED60B6E00E2C4D3 /* UIWindow+Ext.swift in Sources */ = {isa = PBXBuildFile; fileRef = C76E5C731ED60B6E00E2C4D3 /* UIWindow+Ext.swift */; };
		C76E5C761ED6326A00E2C4D3 /* EmptyViewController.swift in Sources */ = {isa = PBXBuildFile; fileRef = C76E5C751ED6326A00E2C4D3 /* EmptyViewController.swift */; };
		C76E5C791ED639D400E2C4D3 /* CarouselViewController.swift in Sources */ = {isa = PBXBuildFile; fileRef = C76E5C781ED639D400E2C4D3 /* CarouselViewController.swift */; };
		C76E5C7B1ED639E500E2C4D3 /* CarouselMain.storyboard in Resources */ = {isa = PBXBuildFile; fileRef = C76E5C7A1ED639E500E2C4D3 /* CarouselMain.storyboard */; };
		C76E5C7D1ED6500B00E2C4D3 /* Interest.swift in Sources */ = {isa = PBXBuildFile; fileRef = C76E5C7C1ED6500B00E2C4D3 /* Interest.swift */; };
		C76E5C801ED65C7400E2C4D3 /* InterestCollectionViewCell.swift in Sources */ = {isa = PBXBuildFile; fileRef = C76E5C7F1ED65C7400E2C4D3 /* InterestCollectionViewCell.swift */; };
		C76E5EC21ED706ED00E2C4D3 /* UISearchBar+Ext.swift in Sources */ = {isa = PBXBuildFile; fileRef = C76E5EC11ED706ED00E2C4D3 /* UISearchBar+Ext.swift */; };
		C77E832A1EA25F4F000AC715 /* RxGesture.framework in Frameworks */ = {isa = PBXBuildFile; fileRef = C77E83271EA25F18000AC715 /* RxGesture.framework */; };
		C77E832B1EA25F4F000AC715 /* RxGesture.framework in Embed Frameworks */ = {isa = PBXBuildFile; fileRef = C77E83271EA25F18000AC715 /* RxGesture.framework */; settings = {ATTRIBUTES = (CodeSignOnCopy, RemoveHeadersOnCopy, ); }; };
		C77E832E1EA25F4F000AC715 /* RxSwift.framework in Frameworks */ = {isa = PBXBuildFile; fileRef = C77E82F81EA25F08000AC715 /* RxSwift.framework */; };
		C77E832F1EA25F4F000AC715 /* RxSwift.framework in Embed Frameworks */ = {isa = PBXBuildFile; fileRef = C77E82F81EA25F08000AC715 /* RxSwift.framework */; settings = {ATTRIBUTES = (CodeSignOnCopy, RemoveHeadersOnCopy, ); }; };
		C77E83321EA25F4F000AC715 /* RxCocoa.framework in Frameworks */ = {isa = PBXBuildFile; fileRef = C77E83001EA25F08000AC715 /* RxCocoa.framework */; };
		C77E83331EA25F4F000AC715 /* RxCocoa.framework in Embed Frameworks */ = {isa = PBXBuildFile; fileRef = C77E83001EA25F08000AC715 /* RxCocoa.framework */; settings = {ATTRIBUTES = (CodeSignOnCopy, RemoveHeadersOnCopy, ); }; };
		C77E83361EA25F4F000AC715 /* RxSwiftExt.framework in Frameworks */ = {isa = PBXBuildFile; fileRef = C77E82DC1EA25EF5000AC715 /* RxSwiftExt.framework */; };
		C77E83371EA25F4F000AC715 /* RxSwiftExt.framework in Embed Frameworks */ = {isa = PBXBuildFile; fileRef = C77E82DC1EA25EF5000AC715 /* RxSwiftExt.framework */; settings = {ATTRIBUTES = (CodeSignOnCopy, RemoveHeadersOnCopy, ); }; };
		C781C8B01EE2BB9D00DC9A7B /* Dictionary+Ext.swift in Sources */ = {isa = PBXBuildFile; fileRef = C781C8AF1EE2BB9D00DC9A7B /* Dictionary+Ext.swift */; };
		C78B2CE71EA6C74D00DB3967 /* UIImageView+Ext.swift in Sources */ = {isa = PBXBuildFile; fileRef = C78B2CE61EA6C74D00DB3967 /* UIImageView+Ext.swift */; };
		C79635331EE553E800AA11B0 /* SummaryScreenViewController.swift in Sources */ = {isa = PBXBuildFile; fileRef = C79635321EE553E800AA11B0 /* SummaryScreenViewController.swift */; };
		C796354B1EE5540000AA11B0 /* IntroScreenViewController.swift in Sources */ = {isa = PBXBuildFile; fileRef = C796354A1EE5540000AA11B0 /* IntroScreenViewController.swift */; };
		C79635D71EE5A01100AA11B0 /* IntroScreenTableViewCell.swift in Sources */ = {isa = PBXBuildFile; fileRef = C79635D61EE5A01100AA11B0 /* IntroScreenTableViewCell.swift */; };
		C7ACB3871ED8C0B8008B0E82 /* InspirationalFilmsMediaScrollView.swift in Sources */ = {isa = PBXBuildFile; fileRef = C7ACB3861ED8C0B8008B0E82 /* InspirationalFilmsMediaScrollView.swift */; };
		C7AE47ED1EA4FCE600C2096E /* TabBarModel.swift in Sources */ = {isa = PBXBuildFile; fileRef = C7AE47EC1EA4FCE600C2096E /* TabBarModel.swift */; };
		C7AE48041EA4FE7D00C2096E /* TabBarViewController.swift in Sources */ = {isa = PBXBuildFile; fileRef = C7AE48031EA4FE7D00C2096E /* TabBarViewController.swift */; };
		C7AE48061EA51E8600C2096E /* NavBarModel.swift in Sources */ = {isa = PBXBuildFile; fileRef = C7AE48051EA51E8600C2096E /* NavBarModel.swift */; };
		C7AE48901EA5327300C2096E /* Main.storyboard in Resources */ = {isa = PBXBuildFile; fileRef = C7AE488F1EA5327300C2096E /* Main.storyboard */; };
		C7AE48921EA5328B00C2096E /* MainViewController.swift in Sources */ = {isa = PBXBuildFile; fileRef = C7AE48911EA5328B00C2096E /* MainViewController.swift */; };
		C7AE489E1EA54D6B00C2096E /* MediaTableViewController.swift in Sources */ = {isa = PBXBuildFile; fileRef = C7AE489D1EA54D6B00C2096E /* MediaTableViewController.swift */; };
		C7AE48A01EA5500600C2096E /* TableViewMain.storyboard in Resources */ = {isa = PBXBuildFile; fileRef = C7AE489F1EA5500600C2096E /* TableViewMain.storyboard */; };
		C7AE48A21EA5509B00C2096E /* TableViewNavigationViewController.swift in Sources */ = {isa = PBXBuildFile; fileRef = C7AE48A11EA5509B00C2096E /* TableViewNavigationViewController.swift */; };
		C7AE48A61EA5531A00C2096E /* ChosenMediaDetailedViewController.swift in Sources */ = {isa = PBXBuildFile; fileRef = C7AE48A31EA5531A00C2096E /* ChosenMediaDetailedViewController.swift */; };
		C7AE48A71EA5531A00C2096E /* ChosenMediaTableViewController.swift in Sources */ = {isa = PBXBuildFile; fileRef = C7AE48A41EA5531A00C2096E /* ChosenMediaTableViewController.swift */; };
		C7AE48AF1EA5550B00C2096E /* MediaLayers.swift in Sources */ = {isa = PBXBuildFile; fileRef = C7AE48AA1EA5550B00C2096E /* MediaLayers.swift */; };
		C7AE48B01EA5550B00C2096E /* MediaTableViewCell.swift in Sources */ = {isa = PBXBuildFile; fileRef = C7AE48AB1EA5550B00C2096E /* MediaTableViewCell.swift */; };
		C7AE48B11EA5550B00C2096E /* MediaType.swift in Sources */ = {isa = PBXBuildFile; fileRef = C7AE48AC1EA5550B00C2096E /* MediaType.swift */; };
		C7AE48B21EA5550B00C2096E /* Product.swift in Sources */ = {isa = PBXBuildFile; fileRef = C7AE48AD1EA5550B00C2096E /* Product.swift */; };
		C7AE48B31EA5550B00C2096E /* ProductLine.swift in Sources */ = {isa = PBXBuildFile; fileRef = C7AE48AE1EA5550B00C2096E /* ProductLine.swift */; };
		C7AE48D51EA563A400C2096E /* Math+Ext.swift in Sources */ = {isa = PBXBuildFile; fileRef = C7AE48D21EA563A400C2096E /* Math+Ext.swift */; };
		C7AE48D61EA563A400C2096E /* UIImage+Ext.swift in Sources */ = {isa = PBXBuildFile; fileRef = C7AE48D31EA563A400C2096E /* UIImage+Ext.swift */; };
		C7AE48D71EA563A400C2096E /* UIKit+Ext.swift in Sources */ = {isa = PBXBuildFile; fileRef = C7AE48D41EA563A400C2096E /* UIKit+Ext.swift */; };
		C7AE48DF1EA6141200C2096E /* AddMediaViewController.swift in Sources */ = {isa = PBXBuildFile; fileRef = C7AE48DE1EA6141200C2096E /* AddMediaViewController.swift */; };
		C7BE65DB1EE29CE000A05286 /* IBAnimatable.framework in Frameworks */ = {isa = PBXBuildFile; fileRef = C7BE65C51EE29CCD00A05286 /* IBAnimatable.framework */; };
		C7BE65DC1EE29CE000A05286 /* IBAnimatable.framework in Embed Frameworks */ = {isa = PBXBuildFile; fileRef = C7BE65C51EE29CCD00A05286 /* IBAnimatable.framework */; settings = {ATTRIBUTES = (CodeSignOnCopy, RemoveHeadersOnCopy, ); }; };
		C7BE65E21EE2A22900A05286 /* MainCollectionViewController.swift in Sources */ = {isa = PBXBuildFile; fileRef = C7BE65E11EE2A22900A05286 /* MainCollectionViewController.swift */; };
		C7BE65E41EE2A23E00A05286 /* MainCollectionViewCell.swift in Sources */ = {isa = PBXBuildFile; fileRef = C7BE65E31EE2A23E00A05286 /* MainCollectionViewCell.swift */; };
		C7BE66FA1EE2B30F00A05286 /* UIColor+Ext.swift in Sources */ = {isa = PBXBuildFile; fileRef = C7BE66F91EE2B30F00A05286 /* UIColor+Ext.swift */; };
		C7BE67861EE2B72900A05286 /* Generic+Ext.swift in Sources */ = {isa = PBXBuildFile; fileRef = C7BE67851EE2B72900A05286 /* Generic+Ext.swift */; };
		C7C951741EA3E08D005DFE3B /* Architecture.png in Resources */ = {isa = PBXBuildFile; fileRef = C7C951731EA3E08D005DFE3B /* Architecture.png */; };
		C7C9518E1EA40DD6005DFE3B /* ColorsViewController.swift in Sources */ = {isa = PBXBuildFile; fileRef = C7C9518D1EA40DD6005DFE3B /* ColorsViewController.swift */; };
		C7E387DC1ED2F2DC000DCE15 /* AudioCheckViewController.swift in Sources */ = {isa = PBXBuildFile; fileRef = C7E387DB1ED2F2DC000DCE15 /* AudioCheckViewController.swift */; };
		C7E387DE1ED2F2FF000DCE15 /* AudioMain.storyboard in Resources */ = {isa = PBXBuildFile; fileRef = C7E387DD1ED2F2FF000DCE15 /* AudioMain.storyboard */; };
		C7E387E01ED2F5A9000DCE15 /* brooks.mp3 in Resources */ = {isa = PBXBuildFile; fileRef = C7E387DF1ED2F5A9000DCE15 /* brooks.mp3 */; };
		C7E45A101EE2EEA300F7015C /* UIButton+Ext.swift in Sources */ = {isa = PBXBuildFile; fileRef = C7E45A0F1EE2EEA300F7015C /* UIButton+Ext.swift */; };
		C7E45A281EE351BB00F7015C /* UITextField+Ext.swift in Sources */ = {isa = PBXBuildFile; fileRef = C7E45A271EE351BB00F7015C /* UITextField+Ext.swift */; };
		C7E8B1891ED4551600FC912F /* VideoPlayerViewController.swift in Sources */ = {isa = PBXBuildFile; fileRef = C7E8B1881ED4551600FC912F /* VideoPlayerViewController.swift */; };
		C7E8B18B1ED4552A00FC912F /* VideoPlayerMain.storyboard in Resources */ = {isa = PBXBuildFile; fileRef = C7E8B18A1ED4552A00FC912F /* VideoPlayerMain.storyboard */; };
		C7EB75F81EE2E55D0094DE3D /* InspirationalFilmsLabelsScrollView.swift in Sources */ = {isa = PBXBuildFile; fileRef = C7EB75F71EE2E55D0094DE3D /* InspirationalFilmsLabelsScrollView.swift */; };
		C7F45E9E1EE41D20005CF986 /* TheWordsParkIntro.mp4 in Resources */ = {isa = PBXBuildFile; fileRef = C7F45E9D1EE41377005CF986 /* TheWordsParkIntro.mp4 */; };
		C7F45EA01EE41D9B005CF986 /* String+Ext.swift in Sources */ = {isa = PBXBuildFile; fileRef = C7F45E9F1EE41D9B005CF986 /* String+Ext.swift */; };
		C7F45F4F1EE4BAFA005CF986 /* StorySmartiesMain.storyboard in Resources */ = {isa = PBXBuildFile; fileRef = C7F45F4E1EE4BAFA005CF986 /* StorySmartiesMain.storyboard */; };
		C7F45F511EE4BB18005CF986 /* StorySmartiesViewController.swift in Sources */ = {isa = PBXBuildFile; fileRef = C7F45F501EE4BB18005CF986 /* StorySmartiesViewController.swift */; };
		C7FBFE4D1EA4E92900DECCAE /* RedViewController.swift in Sources */ = {isa = PBXBuildFile; fileRef = C7FBFE4C1EA4E92900DECCAE /* RedViewController.swift */; };
/* End PBXBuildFile section */

/* Begin PBXContainerItemProxy section */
		C72E27B61E9ED9EB0064E01B /* PBXContainerItemProxy */ = {
			isa = PBXContainerItemProxy;
			containerPortal = C72E27991E9ED9EB0064E01B /* Project object */;
			proxyType = 1;
			remoteGlobalIDString = C72E27A01E9ED9EB0064E01B;
			remoteInfo = LearningSwiftCourse;
		};
		C72E27C11E9ED9EB0064E01B /* PBXContainerItemProxy */ = {
			isa = PBXContainerItemProxy;
			containerPortal = C72E27991E9ED9EB0064E01B /* Project object */;
			proxyType = 1;
			remoteGlobalIDString = C72E27A01E9ED9EB0064E01B;
			remoteInfo = LearningSwiftCourse;
		};
		C77E82DB1EA25EF5000AC715 /* PBXContainerItemProxy */ = {
			isa = PBXContainerItemProxy;
			containerPortal = C77E82D61EA25EF5000AC715 /* RxSwiftExt.xcodeproj */;
			proxyType = 2;
			remoteGlobalIDString = 188C6D911C47B2B20092101A;
			remoteInfo = RxSwiftExt;
		};
		C77E82DD1EA25EF5000AC715 /* PBXContainerItemProxy */ = {
			isa = PBXContainerItemProxy;
			containerPortal = C77E82D61EA25EF5000AC715 /* RxSwiftExt.xcodeproj */;
			proxyType = 2;
			remoteGlobalIDString = 3D638DE71DC2B2D40089A590;
			remoteInfo = RxSwiftExtTests;
		};
		C77E82F71EA25F08000AC715 /* PBXContainerItemProxy */ = {
			isa = PBXContainerItemProxy;
			containerPortal = C77E82DF1EA25F07000AC715 /* Rx.xcodeproj */;
			proxyType = 2;
			remoteGlobalIDString = C8A56AD71AD7424700B4673B;
			remoteInfo = "RxSwift-iOS";
		};
		C77E82F91EA25F08000AC715 /* PBXContainerItemProxy */ = {
			isa = PBXContainerItemProxy;
			containerPortal = C77E82DF1EA25F07000AC715 /* Rx.xcodeproj */;
			proxyType = 2;
			remoteGlobalIDString = C88BB8711B07E5ED0064D411;
			remoteInfo = "RxSwift-macOS";
		};
		C77E82FB1EA25F08000AC715 /* PBXContainerItemProxy */ = {
			isa = PBXContainerItemProxy;
			containerPortal = C77E82DF1EA25F07000AC715 /* Rx.xcodeproj */;
			proxyType = 2;
			remoteGlobalIDString = D2EA280C1BB9B5A200880ED3;
			remoteInfo = "RxSwift-tvOS";
		};
		C77E82FD1EA25F08000AC715 /* PBXContainerItemProxy */ = {
			isa = PBXContainerItemProxy;
			containerPortal = C77E82DF1EA25F07000AC715 /* Rx.xcodeproj */;
			proxyType = 2;
			remoteGlobalIDString = C8F0C0021BBBFB8B001B112F;
			remoteInfo = "RxSwift-watchOS";
		};
		C77E82FF1EA25F08000AC715 /* PBXContainerItemProxy */ = {
			isa = PBXContainerItemProxy;
			containerPortal = C77E82DF1EA25F07000AC715 /* Rx.xcodeproj */;
			proxyType = 2;
			remoteGlobalIDString = C809396D1B8A71760088E94D;
			remoteInfo = "RxCocoa-iOS";
		};
		C77E83011EA25F08000AC715 /* PBXContainerItemProxy */ = {
			isa = PBXContainerItemProxy;
			containerPortal = C77E82DF1EA25F07000AC715 /* Rx.xcodeproj */;
			proxyType = 2;
			remoteGlobalIDString = C80939E71B8A71840088E94D;
			remoteInfo = "RxCocoa-macOS";
		};
		C77E83031EA25F08000AC715 /* PBXContainerItemProxy */ = {
			isa = PBXContainerItemProxy;
			containerPortal = C77E82DF1EA25F07000AC715 /* Rx.xcodeproj */;
			proxyType = 2;
			remoteGlobalIDString = D2138C751BB9BE9800339B5C;
			remoteInfo = "RxCocoa-tvOS";
		};
		C77E83051EA25F08000AC715 /* PBXContainerItemProxy */ = {
			isa = PBXContainerItemProxy;
			containerPortal = C77E82DF1EA25F07000AC715 /* Rx.xcodeproj */;
			proxyType = 2;
			remoteGlobalIDString = C8F0C04B1BBBFBB9001B112F;
			remoteInfo = "RxCocoa-watchOS";
		};
		C77E83071EA25F08000AC715 /* PBXContainerItemProxy */ = {
			isa = PBXContainerItemProxy;
			containerPortal = C77E82DF1EA25F07000AC715 /* Rx.xcodeproj */;
			proxyType = 2;
			remoteGlobalIDString = C8093BC71B8A71F00088E94D;
			remoteInfo = "RxBlocking-iOS";
		};
		C77E83091EA25F08000AC715 /* PBXContainerItemProxy */ = {
			isa = PBXContainerItemProxy;
			containerPortal = C77E82DF1EA25F07000AC715 /* Rx.xcodeproj */;
			proxyType = 2;
			remoteGlobalIDString = C8093C451B8A71FC0088E94D;
			remoteInfo = "RxBlocking-macOS";
		};
		C77E830B1EA25F08000AC715 /* PBXContainerItemProxy */ = {
			isa = PBXContainerItemProxy;
			containerPortal = C77E82DF1EA25F07000AC715 /* Rx.xcodeproj */;
			proxyType = 2;
			remoteGlobalIDString = D2EBEB811BB9B99D003A27DC;
			remoteInfo = "RxBlocking-tvOS";
		};
		C77E830D1EA25F08000AC715 /* PBXContainerItemProxy */ = {
			isa = PBXContainerItemProxy;
			containerPortal = C77E82DF1EA25F07000AC715 /* Rx.xcodeproj */;
			proxyType = 2;
			remoteGlobalIDString = C8F0C0581BBBFBCE001B112F;
			remoteInfo = "RxBlocking-watchOS";
		};
		C77E830F1EA25F08000AC715 /* PBXContainerItemProxy */ = {
			isa = PBXContainerItemProxy;
			containerPortal = C77E82DF1EA25F07000AC715 /* Rx.xcodeproj */;
			proxyType = 2;
			remoteGlobalIDString = C88FA50C1C25C44800CCFEA4;
			remoteInfo = "RxTest-iOS";
		};
		C77E83111EA25F08000AC715 /* PBXContainerItemProxy */ = {
			isa = PBXContainerItemProxy;
			containerPortal = C77E82DF1EA25F07000AC715 /* Rx.xcodeproj */;
			proxyType = 2;
			remoteGlobalIDString = C88FA51D1C25C4B500CCFEA4;
			remoteInfo = "RxTest-macOS";
		};
		C77E83131EA25F08000AC715 /* PBXContainerItemProxy */ = {
			isa = PBXContainerItemProxy;
			containerPortal = C77E82DF1EA25F07000AC715 /* Rx.xcodeproj */;
			proxyType = 2;
			remoteGlobalIDString = C88FA52E1C25C4C000CCFEA4;
			remoteInfo = "RxTest-tvOS";
		};
		C77E83151EA25F08000AC715 /* PBXContainerItemProxy */ = {
			isa = PBXContainerItemProxy;
			containerPortal = C77E82DF1EA25F07000AC715 /* Rx.xcodeproj */;
			proxyType = 2;
			remoteGlobalIDString = C88FA53F1C25C4CC00CCFEA4;
			remoteInfo = "RxTest-watchOS";
		};
		C77E83171EA25F08000AC715 /* PBXContainerItemProxy */ = {
			isa = PBXContainerItemProxy;
			containerPortal = C77E82DF1EA25F07000AC715 /* Rx.xcodeproj */;
			proxyType = 2;
			remoteGlobalIDString = C83508C31C386F6F0027C24C;
			remoteInfo = "AllTests-iOS";
		};
		C77E83191EA25F08000AC715 /* PBXContainerItemProxy */ = {
			isa = PBXContainerItemProxy;
			containerPortal = C77E82DF1EA25F07000AC715 /* Rx.xcodeproj */;
			proxyType = 2;
			remoteGlobalIDString = C83509841C38740E0027C24C;
			remoteInfo = "AllTests-tvOS";
		};
		C77E831B1EA25F08000AC715 /* PBXContainerItemProxy */ = {
			isa = PBXContainerItemProxy;
			containerPortal = C77E82DF1EA25F07000AC715 /* Rx.xcodeproj */;
			proxyType = 2;
			remoteGlobalIDString = C83509941C38742C0027C24C;
			remoteInfo = "AllTests-macOS";
		};
		C77E831D1EA25F08000AC715 /* PBXContainerItemProxy */ = {
			isa = PBXContainerItemProxy;
			containerPortal = C77E82DF1EA25F07000AC715 /* Rx.xcodeproj */;
			proxyType = 2;
			remoteGlobalIDString = C85BA04B1C3878740075D68E;
			remoteInfo = Microoptimizations;
		};
		C77E831F1EA25F08000AC715 /* PBXContainerItemProxy */ = {
			isa = PBXContainerItemProxy;
			containerPortal = C77E82DF1EA25F07000AC715 /* Rx.xcodeproj */;
			proxyType = 2;
			remoteGlobalIDString = C8E8BA551E2C181A00A4AC2C;
			remoteInfo = Benchmarks;
		};
		C77E83261EA25F18000AC715 /* PBXContainerItemProxy */ = {
			isa = PBXContainerItemProxy;
			containerPortal = C77E83211EA25F18000AC715 /* RxGesture.xcodeproj */;
			proxyType = 2;
			remoteGlobalIDString = F4CC4C1D1DEBA895009ED835;
			remoteInfo = "RxGesture-iOS";
		};
		C77E83281EA25F18000AC715 /* PBXContainerItemProxy */ = {
			isa = PBXContainerItemProxy;
			containerPortal = C77E83211EA25F18000AC715 /* RxGesture.xcodeproj */;
			proxyType = 2;
			remoteGlobalIDString = 87F8F7221E511E2E00C3B1BE;
			remoteInfo = "RxGesture-OSX";
		};
		C77E832C1EA25F4F000AC715 /* PBXContainerItemProxy */ = {
			isa = PBXContainerItemProxy;
			containerPortal = C77E83211EA25F18000AC715 /* RxGesture.xcodeproj */;
			proxyType = 1;
			remoteGlobalIDString = F4CC4C1C1DEBA895009ED835;
			remoteInfo = "RxGesture-iOS";
		};
		C77E83301EA25F4F000AC715 /* PBXContainerItemProxy */ = {
			isa = PBXContainerItemProxy;
			containerPortal = C77E82DF1EA25F07000AC715 /* Rx.xcodeproj */;
			proxyType = 1;
			remoteGlobalIDString = C8A56AD61AD7424700B4673B;
			remoteInfo = "RxSwift-iOS";
		};
		C77E83341EA25F4F000AC715 /* PBXContainerItemProxy */ = {
			isa = PBXContainerItemProxy;
			containerPortal = C77E82DF1EA25F07000AC715 /* Rx.xcodeproj */;
			proxyType = 1;
			remoteGlobalIDString = C80938F51B8A71760088E94D;
			remoteInfo = "RxCocoa-iOS";
		};
		C77E83381EA25F4F000AC715 /* PBXContainerItemProxy */ = {
			isa = PBXContainerItemProxy;
			containerPortal = C77E82D61EA25EF5000AC715 /* RxSwiftExt.xcodeproj */;
			proxyType = 1;
			remoteGlobalIDString = 188C6D901C47B2B20092101A;
			remoteInfo = RxSwiftExt;
		};
		C7BE65C21EE29CCD00A05286 /* PBXContainerItemProxy */ = {
			isa = PBXContainerItemProxy;
			containerPortal = C7BE65BD1EE29CCC00A05286 /* IBAnimatable.xcodeproj */;
			proxyType = 2;
			remoteGlobalIDString = AE6C66FF1BFBF93500134A35;
			remoteInfo = IBAnimatableApp;
		};
		C7BE65C41EE29CCD00A05286 /* PBXContainerItemProxy */ = {
			isa = PBXContainerItemProxy;
			containerPortal = C7BE65BD1EE29CCC00A05286 /* IBAnimatable.xcodeproj */;
			proxyType = 2;
			remoteGlobalIDString = AE6B01551C2A082300950BB2;
			remoteInfo = IBAnimatable;
		};
		C7BE65DD1EE29CE000A05286 /* PBXContainerItemProxy */ = {
			isa = PBXContainerItemProxy;
			containerPortal = C7BE65BD1EE29CCC00A05286 /* IBAnimatable.xcodeproj */;
			proxyType = 1;
			remoteGlobalIDString = AE6B01541C2A082300950BB2;
			remoteInfo = IBAnimatable;
		};
/* End PBXContainerItemProxy section */

/* Begin PBXCopyFilesBuildPhase section */
		C77E833A1EA25F4F000AC715 /* Embed Frameworks */ = {
			isa = PBXCopyFilesBuildPhase;
			buildActionMask = 2147483647;
			dstPath = "";
			dstSubfolderSpec = 10;
			files = (
				C77E83371EA25F4F000AC715 /* RxSwiftExt.framework in Embed Frameworks */,
				C77E83331EA25F4F000AC715 /* RxCocoa.framework in Embed Frameworks */,
				C77E832F1EA25F4F000AC715 /* RxSwift.framework in Embed Frameworks */,
				C7BE65DC1EE29CE000A05286 /* IBAnimatable.framework in Embed Frameworks */,
				C77E832B1EA25F4F000AC715 /* RxGesture.framework in Embed Frameworks */,
			);
			name = "Embed Frameworks";
			runOnlyForDeploymentPostprocessing = 0;
		};
/* End PBXCopyFilesBuildPhase section */

/* Begin PBXFileReference section */
		C72E27A11E9ED9EB0064E01B /* LearningSwiftCourse.app */ = {isa = PBXFileReference; explicitFileType = wrapper.application; includeInIndex = 0; path = LearningSwiftCourse.app; sourceTree = BUILT_PRODUCTS_DIR; };
		C72E27A41E9ED9EB0064E01B /* AppDelegate.swift */ = {isa = PBXFileReference; lastKnownFileType = sourcecode.swift; path = AppDelegate.swift; sourceTree = "<group>"; };
		C72E27A61E9ED9EB0064E01B /* ColorChangeViewController.swift */ = {isa = PBXFileReference; lastKnownFileType = sourcecode.swift; path = ColorChangeViewController.swift; sourceTree = "<group>"; };
		C72E27A91E9ED9EB0064E01B /* Base */ = {isa = PBXFileReference; lastKnownFileType = file.storyboard; name = Base; path = Base.lproj/ColorsMain.storyboard; sourceTree = "<group>"; };
		C72E27AB1E9ED9EB0064E01B /* Assets.xcassets */ = {isa = PBXFileReference; lastKnownFileType = folder.assetcatalog; path = Assets.xcassets; sourceTree = "<group>"; };
		C72E27AE1E9ED9EB0064E01B /* Base */ = {isa = PBXFileReference; lastKnownFileType = file.storyboard; name = Base; path = Base.lproj/LaunchScreen.storyboard; sourceTree = "<group>"; };
		C72E27B01E9ED9EB0064E01B /* Info.plist */ = {isa = PBXFileReference; lastKnownFileType = text.plist.xml; path = Info.plist; sourceTree = "<group>"; };
		C72E27B51E9ED9EB0064E01B /* LearningSwiftCourseTests.xctest */ = {isa = PBXFileReference; explicitFileType = wrapper.cfbundle; includeInIndex = 0; path = LearningSwiftCourseTests.xctest; sourceTree = BUILT_PRODUCTS_DIR; };
		C72E27B91E9ED9EB0064E01B /* LearningSwiftCourseTests.swift */ = {isa = PBXFileReference; lastKnownFileType = sourcecode.swift; path = LearningSwiftCourseTests.swift; sourceTree = "<group>"; };
		C72E27BB1E9ED9EB0064E01B /* Info.plist */ = {isa = PBXFileReference; lastKnownFileType = text.plist.xml; path = Info.plist; sourceTree = "<group>"; };
		C72E27C01E9ED9EB0064E01B /* LearningSwiftCourseUITests.xctest */ = {isa = PBXFileReference; explicitFileType = wrapper.cfbundle; includeInIndex = 0; path = LearningSwiftCourseUITests.xctest; sourceTree = BUILT_PRODUCTS_DIR; };
		C72E27C41E9ED9EB0064E01B /* LearningSwiftCourseUITests.swift */ = {isa = PBXFileReference; lastKnownFileType = sourcecode.swift; path = LearningSwiftCourseUITests.swift; sourceTree = "<group>"; };
		C72E27C61E9ED9EB0064E01B /* Info.plist */ = {isa = PBXFileReference; lastKnownFileType = text.plist.xml; path = Info.plist; sourceTree = "<group>"; };
		C72E27D21E9EDA0C0064E01B /* LearningSwift.playground */ = {isa = PBXFileReference; lastKnownFileType = file.playground; path = LearningSwift.playground; sourceTree = "<group>"; };
		C74217331EC1C27C0007B4C3 /* ScrollViewMain.storyboard */ = {isa = PBXFileReference; fileEncoding = 4; lastKnownFileType = file.storyboard; path = ScrollViewMain.storyboard; sourceTree = "<group>"; };
		C74217351EC1C7A60007B4C3 /* ScrollViewController.swift */ = {isa = PBXFileReference; fileEncoding = 4; lastKnownFileType = sourcecode.swift; path = ScrollViewController.swift; sourceTree = "<group>"; };
		C74217371EC1C8520007B4C3 /* slides_info.plist */ = {isa = PBXFileReference; fileEncoding = 4; lastKnownFileType = text.plist.xml; path = slides_info.plist; sourceTree = "<group>"; };
		C74217391EC1CA400007B4C3 /* SlidesInfoModel.swift */ = {isa = PBXFileReference; fileEncoding = 4; lastKnownFileType = sourcecode.swift; path = SlidesInfoModel.swift; sourceTree = "<group>"; };
		C742173B1EC1CF650007B4C3 /* Slide.swift */ = {isa = PBXFileReference; fileEncoding = 4; lastKnownFileType = sourcecode.swift; path = Slide.swift; sourceTree = "<group>"; };
		C742173D1EC1CF740007B4C3 /* Slide.xib */ = {isa = PBXFileReference; fileEncoding = 4; lastKnownFileType = file.xib; path = Slide.xib; sourceTree = "<group>"; };
		C74217C91EC1F11A0007B4C3 /* UIImage+GIF.swift */ = {isa = PBXFileReference; fileEncoding = 4; lastKnownFileType = sourcecode.swift; path = "UIImage+GIF.swift"; sourceTree = "<group>"; };
		C74217CB1EC1F32B0007B4C3 /* slide19.gif */ = {isa = PBXFileReference; lastKnownFileType = image.gif; path = slide19.gif; sourceTree = "<group>"; };
		C74217CD1EC1F34C0007B4C3 /* slide15.gif */ = {isa = PBXFileReference; lastKnownFileType = image.gif; path = slide15.gif; sourceTree = "<group>"; };
		C74217CF1EC1F36A0007B4C3 /* slide16.gif */ = {isa = PBXFileReference; lastKnownFileType = image.gif; path = slide16.gif; sourceTree = "<group>"; };
		C74217D11EC1F37A0007B4C3 /* slide18.gif */ = {isa = PBXFileReference; lastKnownFileType = image.gif; path = slide18.gif; sourceTree = "<group>"; };
		C74217D51EC1F4090007B4C3 /* slide17.gif */ = {isa = PBXFileReference; lastKnownFileType = image.gif; path = slide17.gif; sourceTree = "<group>"; };
		C74939831ED7747100555D31 /* InspirationalFilmsMain.storyboard */ = {isa = PBXFileReference; fileEncoding = 4; lastKnownFileType = file.storyboard; path = InspirationalFilmsMain.storyboard; sourceTree = "<group>"; };
		C74939851ED774C200555D31 /* InspirationalFilmsViewController.swift */ = {isa = PBXFileReference; fileEncoding = 4; lastKnownFileType = sourcecode.swift; path = InspirationalFilmsViewController.swift; sourceTree = "<group>"; };
		C74939891ED7808000555D31 /* InspirationalFilmsCollectionViewCell.swift */ = {isa = PBXFileReference; fileEncoding = 4; lastKnownFileType = sourcecode.swift; path = InspirationalFilmsCollectionViewCell.swift; sourceTree = "<group>"; };
		C749398C1ED782D500555D31 /* InspirationalFilms.swift */ = {isa = PBXFileReference; fileEncoding = 4; lastKnownFileType = sourcecode.swift; path = InspirationalFilms.swift; sourceTree = "<group>"; };
		C749398E1ED7840D00555D31 /* InspirationalFilmsInfo.swift */ = {isa = PBXFileReference; fileEncoding = 4; lastKnownFileType = sourcecode.swift; path = InspirationalFilmsInfo.swift; sourceTree = "<group>"; };
		C765C26B1EA4DFD400F5FE90 /* TabBarMain.storyboard */ = {isa = PBXFileReference; fileEncoding = 4; lastKnownFileType = file.storyboard; path = TabBarMain.storyboard; sourceTree = "<group>"; };
		C765C26F1EA4E08600F5FE90 /* MetricViewController.swift */ = {isa = PBXFileReference; fileEncoding = 4; lastKnownFileType = sourcecode.swift; path = MetricViewController.swift; sourceTree = "<group>"; };
		C765C2711EA4E09F00F5FE90 /* EnglishViewController.swift */ = {isa = PBXFileReference; fileEncoding = 4; lastKnownFileType = sourcecode.swift; path = EnglishViewController.swift; sourceTree = "<group>"; };
		C765C2741EA4E6E000F5FE90 /* NavBarMain.storyboard */ = {isa = PBXFileReference; fileEncoding = 4; lastKnownFileType = file.storyboard; path = NavBarMain.storyboard; sourceTree = "<group>"; };
		C765C27A1EA4E77000F5FE90 /* NavigationViewController.swift */ = {isa = PBXFileReference; fileEncoding = 4; lastKnownFileType = sourcecode.swift; path = NavigationViewController.swift; sourceTree = "<group>"; };
		C765C27C1EA4E79B00F5FE90 /* RootViewController.swift */ = {isa = PBXFileReference; fileEncoding = 4; lastKnownFileType = sourcecode.swift; path = RootViewController.swift; sourceTree = "<group>"; };
		C76E5B461ED59FED00E2C4D3 /* UIView+Ext.swift */ = {isa = PBXFileReference; fileEncoding = 4; lastKnownFileType = sourcecode.swift; path = "UIView+Ext.swift"; sourceTree = "<group>"; };
		C76E5C711ED60AFC00E2C4D3 /* UIApplication+Ext.swift */ = {isa = PBXFileReference; fileEncoding = 4; lastKnownFileType = sourcecode.swift; path = "UIApplication+Ext.swift"; sourceTree = "<group>"; };
		C76E5C731ED60B6E00E2C4D3 /* UIWindow+Ext.swift */ = {isa = PBXFileReference; fileEncoding = 4; lastKnownFileType = sourcecode.swift; path = "UIWindow+Ext.swift"; sourceTree = "<group>"; };
		C76E5C751ED6326A00E2C4D3 /* EmptyViewController.swift */ = {isa = PBXFileReference; fileEncoding = 4; lastKnownFileType = sourcecode.swift; path = EmptyViewController.swift; sourceTree = "<group>"; };
		C76E5C781ED639D400E2C4D3 /* CarouselViewController.swift */ = {isa = PBXFileReference; fileEncoding = 4; lastKnownFileType = sourcecode.swift; path = CarouselViewController.swift; sourceTree = "<group>"; };
		C76E5C7A1ED639E500E2C4D3 /* CarouselMain.storyboard */ = {isa = PBXFileReference; fileEncoding = 4; lastKnownFileType = file.storyboard; path = CarouselMain.storyboard; sourceTree = "<group>"; };
		C76E5C7C1ED6500B00E2C4D3 /* Interest.swift */ = {isa = PBXFileReference; fileEncoding = 4; lastKnownFileType = sourcecode.swift; path = Interest.swift; sourceTree = "<group>"; };
		C76E5C7F1ED65C7400E2C4D3 /* InterestCollectionViewCell.swift */ = {isa = PBXFileReference; fileEncoding = 4; lastKnownFileType = sourcecode.swift; path = InterestCollectionViewCell.swift; sourceTree = "<group>"; };
		C76E5EC11ED706ED00E2C4D3 /* UISearchBar+Ext.swift */ = {isa = PBXFileReference; fileEncoding = 4; lastKnownFileType = sourcecode.swift; path = "UISearchBar+Ext.swift"; sourceTree = "<group>"; };
		C77E82D61EA25EF5000AC715 /* RxSwiftExt.xcodeproj */ = {isa = PBXFileReference; lastKnownFileType = "wrapper.pb-project"; name = RxSwiftExt.xcodeproj; path = ../Carthage/Checkouts/RxSwiftExt/RxSwiftExt.xcodeproj; sourceTree = "<group>"; };
		C77E82DF1EA25F07000AC715 /* Rx.xcodeproj */ = {isa = PBXFileReference; lastKnownFileType = "wrapper.pb-project"; name = Rx.xcodeproj; path = ../Carthage/Checkouts/RxSwift/Rx.xcodeproj; sourceTree = "<group>"; };
		C77E83211EA25F18000AC715 /* RxGesture.xcodeproj */ = {isa = PBXFileReference; lastKnownFileType = "wrapper.pb-project"; name = RxGesture.xcodeproj; path = ../Carthage/Checkouts/RxGesture/RxGesture/RxGesture.xcodeproj; sourceTree = "<group>"; };
		C781C8AF1EE2BB9D00DC9A7B /* Dictionary+Ext.swift */ = {isa = PBXFileReference; fileEncoding = 4; lastKnownFileType = sourcecode.swift; path = "Dictionary+Ext.swift"; sourceTree = "<group>"; };
		C78B2CE61EA6C74D00DB3967 /* UIImageView+Ext.swift */ = {isa = PBXFileReference; fileEncoding = 4; lastKnownFileType = sourcecode.swift; path = "UIImageView+Ext.swift"; sourceTree = "<group>"; };
		C79635321EE553E800AA11B0 /* SummaryScreenViewController.swift */ = {isa = PBXFileReference; fileEncoding = 4; lastKnownFileType = sourcecode.swift; path = SummaryScreenViewController.swift; sourceTree = "<group>"; };
		C796354A1EE5540000AA11B0 /* IntroScreenViewController.swift */ = {isa = PBXFileReference; fileEncoding = 4; lastKnownFileType = sourcecode.swift; path = IntroScreenViewController.swift; sourceTree = "<group>"; };
		C79635D61EE5A01100AA11B0 /* IntroScreenTableViewCell.swift */ = {isa = PBXFileReference; fileEncoding = 4; lastKnownFileType = sourcecode.swift; path = IntroScreenTableViewCell.swift; sourceTree = "<group>"; };
		C7ACB3861ED8C0B8008B0E82 /* InspirationalFilmsMediaScrollView.swift */ = {isa = PBXFileReference; fileEncoding = 4; lastKnownFileType = sourcecode.swift; path = InspirationalFilmsMediaScrollView.swift; sourceTree = "<group>"; };
		C7AE47EC1EA4FCE600C2096E /* TabBarModel.swift */ = {isa = PBXFileReference; fileEncoding = 4; lastKnownFileType = sourcecode.swift; path = TabBarModel.swift; sourceTree = "<group>"; };
		C7AE48031EA4FE7D00C2096E /* TabBarViewController.swift */ = {isa = PBXFileReference; fileEncoding = 4; lastKnownFileType = sourcecode.swift; path = TabBarViewController.swift; sourceTree = "<group>"; };
		C7AE48051EA51E8600C2096E /* NavBarModel.swift */ = {isa = PBXFileReference; fileEncoding = 4; lastKnownFileType = sourcecode.swift; path = NavBarModel.swift; sourceTree = "<group>"; };
		C7AE488F1EA5327300C2096E /* Main.storyboard */ = {isa = PBXFileReference; fileEncoding = 4; lastKnownFileType = file.storyboard; path = Main.storyboard; sourceTree = "<group>"; };
		C7AE48911EA5328B00C2096E /* MainViewController.swift */ = {isa = PBXFileReference; fileEncoding = 4; lastKnownFileType = sourcecode.swift; path = MainViewController.swift; sourceTree = "<group>"; };
		C7AE489D1EA54D6B00C2096E /* MediaTableViewController.swift */ = {isa = PBXFileReference; fileEncoding = 4; lastKnownFileType = sourcecode.swift; path = MediaTableViewController.swift; sourceTree = "<group>"; };
		C7AE489F1EA5500600C2096E /* TableViewMain.storyboard */ = {isa = PBXFileReference; fileEncoding = 4; lastKnownFileType = file.storyboard; path = TableViewMain.storyboard; sourceTree = "<group>"; };
		C7AE48A11EA5509B00C2096E /* TableViewNavigationViewController.swift */ = {isa = PBXFileReference; fileEncoding = 4; lastKnownFileType = sourcecode.swift; path = TableViewNavigationViewController.swift; sourceTree = "<group>"; };
		C7AE48A31EA5531A00C2096E /* ChosenMediaDetailedViewController.swift */ = {isa = PBXFileReference; fileEncoding = 4; lastKnownFileType = sourcecode.swift; path = ChosenMediaDetailedViewController.swift; sourceTree = "<group>"; };
		C7AE48A41EA5531A00C2096E /* ChosenMediaTableViewController.swift */ = {isa = PBXFileReference; fileEncoding = 4; lastKnownFileType = sourcecode.swift; path = ChosenMediaTableViewController.swift; sourceTree = "<group>"; };
		C7AE48AA1EA5550B00C2096E /* MediaLayers.swift */ = {isa = PBXFileReference; fileEncoding = 4; lastKnownFileType = sourcecode.swift; path = MediaLayers.swift; sourceTree = "<group>"; };
		C7AE48AB1EA5550B00C2096E /* MediaTableViewCell.swift */ = {isa = PBXFileReference; fileEncoding = 4; lastKnownFileType = sourcecode.swift; path = MediaTableViewCell.swift; sourceTree = "<group>"; };
		C7AE48AC1EA5550B00C2096E /* MediaType.swift */ = {isa = PBXFileReference; fileEncoding = 4; lastKnownFileType = sourcecode.swift; path = MediaType.swift; sourceTree = "<group>"; };
		C7AE48AD1EA5550B00C2096E /* Product.swift */ = {isa = PBXFileReference; fileEncoding = 4; lastKnownFileType = sourcecode.swift; path = Product.swift; sourceTree = "<group>"; };
		C7AE48AE1EA5550B00C2096E /* ProductLine.swift */ = {isa = PBXFileReference; fileEncoding = 4; lastKnownFileType = sourcecode.swift; path = ProductLine.swift; sourceTree = "<group>"; };
		C7AE48D21EA563A400C2096E /* Math+Ext.swift */ = {isa = PBXFileReference; fileEncoding = 4; lastKnownFileType = sourcecode.swift; path = "Math+Ext.swift"; sourceTree = "<group>"; };
		C7AE48D31EA563A400C2096E /* UIImage+Ext.swift */ = {isa = PBXFileReference; fileEncoding = 4; lastKnownFileType = sourcecode.swift; path = "UIImage+Ext.swift"; sourceTree = "<group>"; };
		C7AE48D41EA563A400C2096E /* UIKit+Ext.swift */ = {isa = PBXFileReference; fileEncoding = 4; lastKnownFileType = sourcecode.swift; path = "UIKit+Ext.swift"; sourceTree = "<group>"; };
		C7AE48DE1EA6141200C2096E /* AddMediaViewController.swift */ = {isa = PBXFileReference; fileEncoding = 4; lastKnownFileType = sourcecode.swift; path = AddMediaViewController.swift; sourceTree = "<group>"; };
		C7BE65BD1EE29CCC00A05286 /* IBAnimatable.xcodeproj */ = {isa = PBXFileReference; lastKnownFileType = "wrapper.pb-project"; name = IBAnimatable.xcodeproj; path = ../Carthage/Checkouts/IBAnimatable/IBAnimatable.xcodeproj; sourceTree = "<group>"; };
		C7BE65E11EE2A22900A05286 /* MainCollectionViewController.swift */ = {isa = PBXFileReference; fileEncoding = 4; lastKnownFileType = sourcecode.swift; path = MainCollectionViewController.swift; sourceTree = "<group>"; };
		C7BE65E31EE2A23E00A05286 /* MainCollectionViewCell.swift */ = {isa = PBXFileReference; fileEncoding = 4; lastKnownFileType = sourcecode.swift; path = MainCollectionViewCell.swift; sourceTree = "<group>"; };
		C7BE66F91EE2B30F00A05286 /* UIColor+Ext.swift */ = {isa = PBXFileReference; fileEncoding = 4; lastKnownFileType = sourcecode.swift; path = "UIColor+Ext.swift"; sourceTree = "<group>"; };
		C7BE67851EE2B72900A05286 /* Generic+Ext.swift */ = {isa = PBXFileReference; fileEncoding = 4; lastKnownFileType = sourcecode.swift; path = "Generic+Ext.swift"; sourceTree = "<group>"; };
		C7C951731EA3E08D005DFE3B /* Architecture.png */ = {isa = PBXFileReference; lastKnownFileType = image.png; path = Architecture.png; sourceTree = "<group>"; };
		C7C9518D1EA40DD6005DFE3B /* ColorsViewController.swift */ = {isa = PBXFileReference; fileEncoding = 4; lastKnownFileType = sourcecode.swift; path = ColorsViewController.swift; sourceTree = "<group>"; };
		C7E387DB1ED2F2DC000DCE15 /* AudioCheckViewController.swift */ = {isa = PBXFileReference; fileEncoding = 4; lastKnownFileType = sourcecode.swift; path = AudioCheckViewController.swift; sourceTree = "<group>"; };
		C7E387DD1ED2F2FF000DCE15 /* AudioMain.storyboard */ = {isa = PBXFileReference; fileEncoding = 4; lastKnownFileType = file.storyboard; path = AudioMain.storyboard; sourceTree = "<group>"; };
		C7E387DF1ED2F5A9000DCE15 /* brooks.mp3 */ = {isa = PBXFileReference; lastKnownFileType = audio.mp3; path = brooks.mp3; sourceTree = "<group>"; };
		C7E3886E1ED3055F000DCE15 /* LearningSwiftCourse.entitlements */ = {isa = PBXFileReference; lastKnownFileType = text.plist.entitlements; path = LearningSwiftCourse.entitlements; sourceTree = "<group>"; };
		C7E45A0F1EE2EEA300F7015C /* UIButton+Ext.swift */ = {isa = PBXFileReference; fileEncoding = 4; lastKnownFileType = sourcecode.swift; path = "UIButton+Ext.swift"; sourceTree = "<group>"; };
		C7E45A271EE351BB00F7015C /* UITextField+Ext.swift */ = {isa = PBXFileReference; fileEncoding = 4; lastKnownFileType = sourcecode.swift; path = "UITextField+Ext.swift"; sourceTree = "<group>"; };
		C7E8B1881ED4551600FC912F /* VideoPlayerViewController.swift */ = {isa = PBXFileReference; fileEncoding = 4; lastKnownFileType = sourcecode.swift; path = VideoPlayerViewController.swift; sourceTree = "<group>"; };
		C7E8B18A1ED4552A00FC912F /* VideoPlayerMain.storyboard */ = {isa = PBXFileReference; fileEncoding = 4; lastKnownFileType = file.storyboard; path = VideoPlayerMain.storyboard; sourceTree = "<group>"; };
		C7EB75F71EE2E55D0094DE3D /* InspirationalFilmsLabelsScrollView.swift */ = {isa = PBXFileReference; fileEncoding = 4; lastKnownFileType = sourcecode.swift; path = InspirationalFilmsLabelsScrollView.swift; sourceTree = "<group>"; };
		C7F45E9D1EE41377005CF986 /* TheWordsParkIntro.mp4 */ = {isa = PBXFileReference; lastKnownFileType = file; name = TheWordsParkIntro.mp4; path = ../../../../Desktop/InspirationslFilmsWithSubs/TheWords2012/TheWordsParkIntro.mp4; sourceTree = "<group>"; };
		C7F45E9F1EE41D9B005CF986 /* String+Ext.swift */ = {isa = PBXFileReference; fileEncoding = 4; lastKnownFileType = sourcecode.swift; path = "String+Ext.swift"; sourceTree = "<group>"; };
		C7F45F4E1EE4BAFA005CF986 /* StorySmartiesMain.storyboard */ = {isa = PBXFileReference; fileEncoding = 4; lastKnownFileType = file.storyboard; path = StorySmartiesMain.storyboard; sourceTree = "<group>"; };
		C7F45F501EE4BB18005CF986 /* StorySmartiesViewController.swift */ = {isa = PBXFileReference; fileEncoding = 4; lastKnownFileType = sourcecode.swift; path = StorySmartiesViewController.swift; sourceTree = "<group>"; };
		C7FBFE4C1EA4E92900DECCAE /* RedViewController.swift */ = {isa = PBXFileReference; fileEncoding = 4; lastKnownFileType = sourcecode.swift; path = RedViewController.swift; sourceTree = "<group>"; };
/* End PBXFileReference section */

/* Begin PBXFrameworksBuildPhase section */
		C72E279E1E9ED9EB0064E01B /* Frameworks */ = {
			isa = PBXFrameworksBuildPhase;
			buildActionMask = 2147483647;
			files = (
				C77E83361EA25F4F000AC715 /* RxSwiftExt.framework in Frameworks */,
				C77E83321EA25F4F000AC715 /* RxCocoa.framework in Frameworks */,
				C77E832E1EA25F4F000AC715 /* RxSwift.framework in Frameworks */,
				C7BE65DB1EE29CE000A05286 /* IBAnimatable.framework in Frameworks */,
				C77E832A1EA25F4F000AC715 /* RxGesture.framework in Frameworks */,
			);
			runOnlyForDeploymentPostprocessing = 0;
		};
		C72E27B21E9ED9EB0064E01B /* Frameworks */ = {
			isa = PBXFrameworksBuildPhase;
			buildActionMask = 2147483647;
			files = (
			);
			runOnlyForDeploymentPostprocessing = 0;
		};
		C72E27BD1E9ED9EB0064E01B /* Frameworks */ = {
			isa = PBXFrameworksBuildPhase;
			buildActionMask = 2147483647;
			files = (
			);
			runOnlyForDeploymentPostprocessing = 0;
		};
/* End PBXFrameworksBuildPhase section */

/* Begin PBXGroup section */
		C72E27981E9ED9EB0064E01B = {
			isa = PBXGroup;
			children = (
				C77E82D51EA25E3B000AC715 /* Dependencies */,
				C72E27A31E9ED9EB0064E01B /* LearningSwiftCourse */,
				C72E27B81E9ED9EB0064E01B /* LearningSwiftCourseTests */,
				C72E27C31E9ED9EB0064E01B /* LearningSwiftCourseUITests */,
				C72E27A21E9ED9EB0064E01B /* Products */,
				C7E3886B1ED3055F000DCE15 /* Frameworks */,
			);
			sourceTree = "<group>";
		};
		C72E27A21E9ED9EB0064E01B /* Products */ = {
			isa = PBXGroup;
			children = (
				C72E27A11E9ED9EB0064E01B /* LearningSwiftCourse.app */,
				C72E27B51E9ED9EB0064E01B /* LearningSwiftCourseTests.xctest */,
				C72E27C01E9ED9EB0064E01B /* LearningSwiftCourseUITests.xctest */,
			);
			name = Products;
			sourceTree = "<group>";
		};
		C72E27A31E9ED9EB0064E01B /* LearningSwiftCourse */ = {
			isa = PBXGroup;
			children = (
				C7E3886E1ED3055F000DCE15 /* LearningSwiftCourse.entitlements */,
				C7AE48D11EA5638800C2096E /* Extensions */,
				C7E387C51ED2F2B2000DCE15 /* AudioExample */,
				C7AE48961EA54C4100C2096E /* TableExample */,
				C765C2731EA4E6C000F5FE90 /* NavBarExample */,
				C765C26E1EA4E03600F5FE90 /* TabBarExample */,
				C74217161EC1C0200007B4C3 /* ScrollViewExample */,
				C765C26D1EA4E02700F5FE90 /* ColorsExample */,
				C76E5C771ED639A500E2C4D3 /* CarouselViewsExample */,
				C749396D1ED7729D00555D31 /* InspirationalFilmsExample */,
				C7E8B1721ED454ED00FC912F /* VideoPlayerExample */,
				C7F45F371EE4BAB7005CF986 /* StorySmartiesDesign */,
				C72E27A41E9ED9EB0064E01B /* AppDelegate.swift */,
				C7AE48911EA5328B00C2096E /* MainViewController.swift */,
				C7BE65E11EE2A22900A05286 /* MainCollectionViewController.swift */,
				C7BE65E31EE2A23E00A05286 /* MainCollectionViewCell.swift */,
				C7AE488F1EA5327300C2096E /* Main.storyboard */,
				C72E27AB1E9ED9EB0064E01B /* Assets.xcassets */,
				C7C9515B1EA3E022005DFE3B /* Resources */,
				C72E27AD1E9ED9EB0064E01B /* LaunchScreen.storyboard */,
				C72E27B01E9ED9EB0064E01B /* Info.plist */,
				C72E27D21E9EDA0C0064E01B /* LearningSwift.playground */,
			);
			path = LearningSwiftCourse;
			sourceTree = "<group>";
		};
		C72E27B81E9ED9EB0064E01B /* LearningSwiftCourseTests */ = {
			isa = PBXGroup;
			children = (
				C72E27B91E9ED9EB0064E01B /* LearningSwiftCourseTests.swift */,
				C72E27BB1E9ED9EB0064E01B /* Info.plist */,
			);
			path = LearningSwiftCourseTests;
			sourceTree = "<group>";
		};
		C72E27C31E9ED9EB0064E01B /* LearningSwiftCourseUITests */ = {
			isa = PBXGroup;
			children = (
				C72E27C41E9ED9EB0064E01B /* LearningSwiftCourseUITests.swift */,
				C72E27C61E9ED9EB0064E01B /* Info.plist */,
			);
			path = LearningSwiftCourseUITests;
			sourceTree = "<group>";
		};
		C74217161EC1C0200007B4C3 /* ScrollViewExample */ = {
			isa = PBXGroup;
			children = (
				C74217331EC1C27C0007B4C3 /* ScrollViewMain.storyboard */,
				C74217351EC1C7A60007B4C3 /* ScrollViewController.swift */,
				C74217391EC1CA400007B4C3 /* SlidesInfoModel.swift */,
				C74217371EC1C8520007B4C3 /* slides_info.plist */,
				C742173B1EC1CF650007B4C3 /* Slide.swift */,
				C742173D1EC1CF740007B4C3 /* Slide.xib */,
				C74217CD1EC1F34C0007B4C3 /* slide15.gif */,
				C74217CF1EC1F36A0007B4C3 /* slide16.gif */,
				C74217D51EC1F4090007B4C3 /* slide17.gif */,
				C74217D11EC1F37A0007B4C3 /* slide18.gif */,
				C74217CB1EC1F32B0007B4C3 /* slide19.gif */,
			);
			name = ScrollViewExample;
			sourceTree = "<group>";
		};
		C749396D1ED7729D00555D31 /* InspirationalFilmsExample */ = {
			isa = PBXGroup;
			children = (
				C749398B1ED7823200555D31 /* Model */,
				C7ACB3701ED8C075008B0E82 /* Views */,
				C74939851ED774C200555D31 /* InspirationalFilmsViewController.swift */,
				C74939831ED7747100555D31 /* InspirationalFilmsMain.storyboard */,
			);
			name = InspirationalFilmsExample;
			sourceTree = "<group>";
		};
		C749398B1ED7823200555D31 /* Model */ = {
			isa = PBXGroup;
			children = (
				C749398C1ED782D500555D31 /* InspirationalFilms.swift */,
				C749398E1ED7840D00555D31 /* InspirationalFilmsInfo.swift */,
			);
			name = Model;
			sourceTree = "<group>";
		};
		C765C26D1EA4E02700F5FE90 /* ColorsExample */ = {
			isa = PBXGroup;
			children = (
				C7C9518D1EA40DD6005DFE3B /* ColorsViewController.swift */,
				C72E27A61E9ED9EB0064E01B /* ColorChangeViewController.swift */,
				C72E27A81E9ED9EB0064E01B /* ColorsMain.storyboard */,
			);
			name = ColorsExample;
			sourceTree = "<group>";
		};
		C765C26E1EA4E03600F5FE90 /* TabBarExample */ = {
			isa = PBXGroup;
			children = (
				C76E5C751ED6326A00E2C4D3 /* EmptyViewController.swift */,
				C7AE48031EA4FE7D00C2096E /* TabBarViewController.swift */,
				C765C2711EA4E09F00F5FE90 /* EnglishViewController.swift */,
				C765C26F1EA4E08600F5FE90 /* MetricViewController.swift */,
				C7AE47EC1EA4FCE600C2096E /* TabBarModel.swift */,
				C765C26B1EA4DFD400F5FE90 /* TabBarMain.storyboard */,
			);
			name = TabBarExample;
			sourceTree = "<group>";
		};
		C765C2731EA4E6C000F5FE90 /* NavBarExample */ = {
			isa = PBXGroup;
			children = (
				C765C27C1EA4E79B00F5FE90 /* RootViewController.swift */,
				C765C27A1EA4E77000F5FE90 /* NavigationViewController.swift */,
				C7FBFE4C1EA4E92900DECCAE /* RedViewController.swift */,
				C7AE48051EA51E8600C2096E /* NavBarModel.swift */,
				C765C2741EA4E6E000F5FE90 /* NavBarMain.storyboard */,
			);
			name = NavBarExample;
			sourceTree = "<group>";
		};
		C76E5C771ED639A500E2C4D3 /* CarouselViewsExample */ = {
			isa = PBXGroup;
			children = (
				C76E5C7E1ED6503F00E2C4D3 /* Model */,
				C76E5C781ED639D400E2C4D3 /* CarouselViewController.swift */,
				C76E5C7F1ED65C7400E2C4D3 /* InterestCollectionViewCell.swift */,
				C76E5C7A1ED639E500E2C4D3 /* CarouselMain.storyboard */,
			);
			name = CarouselViewsExample;
			sourceTree = "<group>";
		};
		C76E5C7E1ED6503F00E2C4D3 /* Model */ = {
			isa = PBXGroup;
			children = (
				C76E5C7C1ED6500B00E2C4D3 /* Interest.swift */,
			);
			name = Model;
			sourceTree = "<group>";
		};
		C77E82D51EA25E3B000AC715 /* Dependencies */ = {
			isa = PBXGroup;
			children = (
				C7BE65BD1EE29CCC00A05286 /* IBAnimatable.xcodeproj */,
				C77E83211EA25F18000AC715 /* RxGesture.xcodeproj */,
				C77E82DF1EA25F07000AC715 /* Rx.xcodeproj */,
				C77E82D61EA25EF5000AC715 /* RxSwiftExt.xcodeproj */,
			);
			name = Dependencies;
			sourceTree = "<group>";
		};
		C77E82D71EA25EF5000AC715 /* Products */ = {
			isa = PBXGroup;
			children = (
				C77E82DC1EA25EF5000AC715 /* RxSwiftExt.framework */,
				C77E82DE1EA25EF5000AC715 /* RxSwiftExtTests.xctest */,
			);
			name = Products;
			sourceTree = "<group>";
		};
		C77E82E01EA25F07000AC715 /* Products */ = {
			isa = PBXGroup;
			children = (
				C77E82F81EA25F08000AC715 /* RxSwift.framework */,
				C77E82FA1EA25F08000AC715 /* RxSwift.framework */,
				C77E82FC1EA25F08000AC715 /* RxSwift.framework */,
				C77E82FE1EA25F08000AC715 /* RxSwift.framework */,
				C77E83001EA25F08000AC715 /* RxCocoa.framework */,
				C77E83021EA25F08000AC715 /* RxCocoa.framework */,
				C77E83041EA25F08000AC715 /* RxCocoa.framework */,
				C77E83061EA25F08000AC715 /* RxCocoa.framework */,
				C77E83081EA25F08000AC715 /* RxBlocking.framework */,
				C77E830A1EA25F08000AC715 /* RxBlocking.framework */,
				C77E830C1EA25F08000AC715 /* RxBlocking.framework */,
				C77E830E1EA25F08000AC715 /* RxBlocking.framework */,
				C77E83101EA25F08000AC715 /* RxTest.framework */,
				C77E83121EA25F08000AC715 /* RxTest.framework */,
				C77E83141EA25F08000AC715 /* RxTest.framework */,
				C77E83161EA25F08000AC715 /* RxTest.framework */,
				C77E83181EA25F08000AC715 /* AllTests-iOS.xctest */,
				C77E831A1EA25F08000AC715 /* AllTests-tvOS.xctest */,
				C77E831C1EA25F08000AC715 /* AllTests-macOS.xctest */,
				C77E831E1EA25F08000AC715 /* PerformanceTests.app */,
				C77E83201EA25F08000AC715 /* Benchmarks.xctest */,
			);
			name = Products;
			sourceTree = "<group>";
		};
		C77E83221EA25F18000AC715 /* Products */ = {
			isa = PBXGroup;
			children = (
				C77E83271EA25F18000AC715 /* RxGesture.framework */,
				C77E83291EA25F18000AC715 /* RxGesture.framework */,
			);
			name = Products;
			sourceTree = "<group>";
		};
		C7ACB3701ED8C075008B0E82 /* Views */ = {
			isa = PBXGroup;
			children = (
				C74939891ED7808000555D31 /* InspirationalFilmsCollectionViewCell.swift */,
				C7ACB3861ED8C0B8008B0E82 /* InspirationalFilmsMediaScrollView.swift */,
				C7EB75F71EE2E55D0094DE3D /* InspirationalFilmsLabelsScrollView.swift */,
			);
			name = Views;
			sourceTree = "<group>";
		};
		C7AE48961EA54C4100C2096E /* TableExample */ = {
			isa = PBXGroup;
			children = (
				C7AE48DE1EA6141200C2096E /* AddMediaViewController.swift */,
				C7AE48A11EA5509B00C2096E /* TableViewNavigationViewController.swift */,
				C7AE48A31EA5531A00C2096E /* ChosenMediaDetailedViewController.swift */,
				C7AE48A41EA5531A00C2096E /* ChosenMediaTableViewController.swift */,
				C7AE489D1EA54D6B00C2096E /* MediaTableViewController.swift */,
				C7AE48A91EA554FA00C2096E /* Model */,
				C7AE489F1EA5500600C2096E /* TableViewMain.storyboard */,
			);
			name = TableExample;
			sourceTree = "<group>";
		};
		C7AE48A91EA554FA00C2096E /* Model */ = {
			isa = PBXGroup;
			children = (
				C7AE48AA1EA5550B00C2096E /* MediaLayers.swift */,
				C7AE48AB1EA5550B00C2096E /* MediaTableViewCell.swift */,
				C7AE48AC1EA5550B00C2096E /* MediaType.swift */,
				C7AE48AD1EA5550B00C2096E /* Product.swift */,
				C7AE48AE1EA5550B00C2096E /* ProductLine.swift */,
			);
			name = Model;
			sourceTree = "<group>";
		};
		C7AE48D11EA5638800C2096E /* Extensions */ = {
			isa = PBXGroup;
			children = (
				C7AE48D21EA563A400C2096E /* Math+Ext.swift */,
				C7BE67851EE2B72900A05286 /* Generic+Ext.swift */,
				C781C8AF1EE2BB9D00DC9A7B /* Dictionary+Ext.swift */,
				C7AE48D31EA563A400C2096E /* UIImage+Ext.swift */,
				C7AE48D41EA563A400C2096E /* UIKit+Ext.swift */,
				C78B2CE61EA6C74D00DB3967 /* UIImageView+Ext.swift */,
				C74217C91EC1F11A0007B4C3 /* UIImage+GIF.swift */,
				C76E5B461ED59FED00E2C4D3 /* UIView+Ext.swift */,
				C76E5C711ED60AFC00E2C4D3 /* UIApplication+Ext.swift */,
				C76E5C731ED60B6E00E2C4D3 /* UIWindow+Ext.swift */,
				C76E5EC11ED706ED00E2C4D3 /* UISearchBar+Ext.swift */,
				C7BE66F91EE2B30F00A05286 /* UIColor+Ext.swift */,
				C7E45A0F1EE2EEA300F7015C /* UIButton+Ext.swift */,
				C7E45A271EE351BB00F7015C /* UITextField+Ext.swift */,
				C7F45E9F1EE41D9B005CF986 /* String+Ext.swift */,
			);
			name = Extensions;
			sourceTree = "<group>";
		};
		C7BE65BE1EE29CCC00A05286 /* Products */ = {
			isa = PBXGroup;
			children = (
				C7BE65C31EE29CCD00A05286 /* IBAnimatableApp.app */,
				C7BE65C51EE29CCD00A05286 /* IBAnimatable.framework */,
			);
			name = Products;
			sourceTree = "<group>";
		};
		C7C9515B1EA3E022005DFE3B /* Resources */ = {
			isa = PBXGroup;
			children = (
				C7F45E861EE41357005CF986 /* Videos */,
				C7C951731EA3E08D005DFE3B /* Architecture.png */,
			);
			name = Resources;
			sourceTree = "<group>";
		};
		C7E387C51ED2F2B2000DCE15 /* AudioExample */ = {
			isa = PBXGroup;
			children = (
				C7E387DB1ED2F2DC000DCE15 /* AudioCheckViewController.swift */,
				C7E387DF1ED2F5A9000DCE15 /* brooks.mp3 */,
				C7E387DD1ED2F2FF000DCE15 /* AudioMain.storyboard */,
			);
			name = AudioExample;
			sourceTree = "<group>";
		};
		C7E3886B1ED3055F000DCE15 /* Frameworks */ = {
			isa = PBXGroup;
			children = (
			);
			name = Frameworks;
			sourceTree = "<group>";
		};
		C7E8B1721ED454ED00FC912F /* VideoPlayerExample */ = {
			isa = PBXGroup;
			children = (
				C7E8B1881ED4551600FC912F /* VideoPlayerViewController.swift */,
				C7E8B18A1ED4552A00FC912F /* VideoPlayerMain.storyboard */,
			);
			name = VideoPlayerExample;
			sourceTree = "<group>";
		};
		C7F45E861EE41357005CF986 /* Videos */ = {
			isa = PBXGroup;
			children = (
				C7F45E9D1EE41377005CF986 /* TheWordsParkIntro.mp4 */,
			);
			name = Videos;
			sourceTree = "<group>";
		};
		C7F45F371EE4BAB7005CF986 /* StorySmartiesDesign */ = {
			isa = PBXGroup;
			children = (
				C79635321EE553E800AA11B0 /* SummaryScreenViewController.swift */,
				C796354A1EE5540000AA11B0 /* IntroScreenViewController.swift */,
				C79635D61EE5A01100AA11B0 /* IntroScreenTableViewCell.swift */,
				C7F45F501EE4BB18005CF986 /* StorySmartiesViewController.swift */,
				C7F45F4E1EE4BAFA005CF986 /* StorySmartiesMain.storyboard */,
			);
			name = StorySmartiesDesign;
			sourceTree = "<group>";
		};
/* End PBXGroup section */

/* Begin PBXNativeTarget section */
		C72E27A01E9ED9EB0064E01B /* LearningSwiftCourse */ = {
			isa = PBXNativeTarget;
			buildConfigurationList = C72E27C91E9ED9EB0064E01B /* Build configuration list for PBXNativeTarget "LearningSwiftCourse" */;
			buildPhases = (
				C72E279D1E9ED9EB0064E01B /* Sources */,
				C72E279E1E9ED9EB0064E01B /* Frameworks */,
				C72E279F1E9ED9EB0064E01B /* Resources */,
				C77E833A1EA25F4F000AC715 /* Embed Frameworks */,
			);
			buildRules = (
			);
			dependencies = (
				C77E832D1EA25F4F000AC715 /* PBXTargetDependency */,
				C77E83311EA25F4F000AC715 /* PBXTargetDependency */,
				C77E83351EA25F4F000AC715 /* PBXTargetDependency */,
				C77E83391EA25F4F000AC715 /* PBXTargetDependency */,
				C7BE65DE1EE29CE000A05286 /* PBXTargetDependency */,
			);
			name = LearningSwiftCourse;
			productName = LearningSwiftCourse;
			productReference = C72E27A11E9ED9EB0064E01B /* LearningSwiftCourse.app */;
			productType = "com.apple.product-type.application";
		};
		C72E27B41E9ED9EB0064E01B /* LearningSwiftCourseTests */ = {
			isa = PBXNativeTarget;
			buildConfigurationList = C72E27CC1E9ED9EB0064E01B /* Build configuration list for PBXNativeTarget "LearningSwiftCourseTests" */;
			buildPhases = (
				C72E27B11E9ED9EB0064E01B /* Sources */,
				C72E27B21E9ED9EB0064E01B /* Frameworks */,
				C72E27B31E9ED9EB0064E01B /* Resources */,
			);
			buildRules = (
			);
			dependencies = (
				C72E27B71E9ED9EB0064E01B /* PBXTargetDependency */,
			);
			name = LearningSwiftCourseTests;
			productName = LearningSwiftCourseTests;
			productReference = C72E27B51E9ED9EB0064E01B /* LearningSwiftCourseTests.xctest */;
			productType = "com.apple.product-type.bundle.unit-test";
		};
		C72E27BF1E9ED9EB0064E01B /* LearningSwiftCourseUITests */ = {
			isa = PBXNativeTarget;
			buildConfigurationList = C72E27CF1E9ED9EB0064E01B /* Build configuration list for PBXNativeTarget "LearningSwiftCourseUITests" */;
			buildPhases = (
				C72E27BC1E9ED9EB0064E01B /* Sources */,
				C72E27BD1E9ED9EB0064E01B /* Frameworks */,
				C72E27BE1E9ED9EB0064E01B /* Resources */,
			);
			buildRules = (
			);
			dependencies = (
				C72E27C21E9ED9EB0064E01B /* PBXTargetDependency */,
			);
			name = LearningSwiftCourseUITests;
			productName = LearningSwiftCourseUITests;
			productReference = C72E27C01E9ED9EB0064E01B /* LearningSwiftCourseUITests.xctest */;
			productType = "com.apple.product-type.bundle.ui-testing";
		};
/* End PBXNativeTarget section */

/* Begin PBXProject section */
		C72E27991E9ED9EB0064E01B /* Project object */ = {
			isa = PBXProject;
			attributes = {
				LastSwiftUpdateCheck = 0830;
				LastUpgradeCheck = 0830;
				ORGANIZATIONNAME = "LEXI LABS";
				TargetAttributes = {
					C72E27A01E9ED9EB0064E01B = {
						CreatedOnToolsVersion = 8.3.1;
						DevelopmentTeam = 4Q93294747;
						ProvisioningStyle = Automatic;
						SystemCapabilities = {
							com.apple.BackgroundModes = {
								enabled = 1;
							};
							com.apple.InterAppAudio = {
								enabled = 0;
							};
						};
					};
					C72E27B41E9ED9EB0064E01B = {
						CreatedOnToolsVersion = 8.3.1;
						DevelopmentTeam = 4Q93294747;
						ProvisioningStyle = Automatic;
						TestTargetID = C72E27A01E9ED9EB0064E01B;
					};
					C72E27BF1E9ED9EB0064E01B = {
						CreatedOnToolsVersion = 8.3.1;
						DevelopmentTeam = 4Q93294747;
						ProvisioningStyle = Automatic;
						TestTargetID = C72E27A01E9ED9EB0064E01B;
					};
				};
			};
			buildConfigurationList = C72E279C1E9ED9EB0064E01B /* Build configuration list for PBXProject "LearningSwiftCourse" */;
			compatibilityVersion = "Xcode 3.2";
			developmentRegion = English;
			hasScannedForEncodings = 0;
			knownRegions = (
				en,
				Base,
			);
			mainGroup = C72E27981E9ED9EB0064E01B;
			productRefGroup = C72E27A21E9ED9EB0064E01B /* Products */;
			projectDirPath = "";
			projectReferences = (
				{
					ProductGroup = C7BE65BE1EE29CCC00A05286 /* Products */;
					ProjectRef = C7BE65BD1EE29CCC00A05286 /* IBAnimatable.xcodeproj */;
				},
				{
					ProductGroup = C77E82E01EA25F07000AC715 /* Products */;
					ProjectRef = C77E82DF1EA25F07000AC715 /* Rx.xcodeproj */;
				},
				{
					ProductGroup = C77E83221EA25F18000AC715 /* Products */;
					ProjectRef = C77E83211EA25F18000AC715 /* RxGesture.xcodeproj */;
				},
				{
					ProductGroup = C77E82D71EA25EF5000AC715 /* Products */;
					ProjectRef = C77E82D61EA25EF5000AC715 /* RxSwiftExt.xcodeproj */;
				},
			);
			projectRoot = "";
			targets = (
				C72E27A01E9ED9EB0064E01B /* LearningSwiftCourse */,
				C72E27B41E9ED9EB0064E01B /* LearningSwiftCourseTests */,
				C72E27BF1E9ED9EB0064E01B /* LearningSwiftCourseUITests */,
			);
		};
/* End PBXProject section */

/* Begin PBXReferenceProxy section */
		C77E82DC1EA25EF5000AC715 /* RxSwiftExt.framework */ = {
			isa = PBXReferenceProxy;
			fileType = wrapper.framework;
			path = RxSwiftExt.framework;
			remoteRef = C77E82DB1EA25EF5000AC715 /* PBXContainerItemProxy */;
			sourceTree = BUILT_PRODUCTS_DIR;
		};
		C77E82DE1EA25EF5000AC715 /* RxSwiftExtTests.xctest */ = {
			isa = PBXReferenceProxy;
			fileType = wrapper.cfbundle;
			path = RxSwiftExtTests.xctest;
			remoteRef = C77E82DD1EA25EF5000AC715 /* PBXContainerItemProxy */;
			sourceTree = BUILT_PRODUCTS_DIR;
		};
		C77E82F81EA25F08000AC715 /* RxSwift.framework */ = {
			isa = PBXReferenceProxy;
			fileType = wrapper.framework;
			path = RxSwift.framework;
			remoteRef = C77E82F71EA25F08000AC715 /* PBXContainerItemProxy */;
			sourceTree = BUILT_PRODUCTS_DIR;
		};
		C77E82FA1EA25F08000AC715 /* RxSwift.framework */ = {
			isa = PBXReferenceProxy;
			fileType = wrapper.framework;
			path = RxSwift.framework;
			remoteRef = C77E82F91EA25F08000AC715 /* PBXContainerItemProxy */;
			sourceTree = BUILT_PRODUCTS_DIR;
		};
		C77E82FC1EA25F08000AC715 /* RxSwift.framework */ = {
			isa = PBXReferenceProxy;
			fileType = wrapper.framework;
			path = RxSwift.framework;
			remoteRef = C77E82FB1EA25F08000AC715 /* PBXContainerItemProxy */;
			sourceTree = BUILT_PRODUCTS_DIR;
		};
		C77E82FE1EA25F08000AC715 /* RxSwift.framework */ = {
			isa = PBXReferenceProxy;
			fileType = wrapper.framework;
			path = RxSwift.framework;
			remoteRef = C77E82FD1EA25F08000AC715 /* PBXContainerItemProxy */;
			sourceTree = BUILT_PRODUCTS_DIR;
		};
		C77E83001EA25F08000AC715 /* RxCocoa.framework */ = {
			isa = PBXReferenceProxy;
			fileType = wrapper.framework;
			path = RxCocoa.framework;
			remoteRef = C77E82FF1EA25F08000AC715 /* PBXContainerItemProxy */;
			sourceTree = BUILT_PRODUCTS_DIR;
		};
		C77E83021EA25F08000AC715 /* RxCocoa.framework */ = {
			isa = PBXReferenceProxy;
			fileType = wrapper.framework;
			path = RxCocoa.framework;
			remoteRef = C77E83011EA25F08000AC715 /* PBXContainerItemProxy */;
			sourceTree = BUILT_PRODUCTS_DIR;
		};
		C77E83041EA25F08000AC715 /* RxCocoa.framework */ = {
			isa = PBXReferenceProxy;
			fileType = wrapper.framework;
			path = RxCocoa.framework;
			remoteRef = C77E83031EA25F08000AC715 /* PBXContainerItemProxy */;
			sourceTree = BUILT_PRODUCTS_DIR;
		};
		C77E83061EA25F08000AC715 /* RxCocoa.framework */ = {
			isa = PBXReferenceProxy;
			fileType = wrapper.framework;
			path = RxCocoa.framework;
			remoteRef = C77E83051EA25F08000AC715 /* PBXContainerItemProxy */;
			sourceTree = BUILT_PRODUCTS_DIR;
		};
		C77E83081EA25F08000AC715 /* RxBlocking.framework */ = {
			isa = PBXReferenceProxy;
			fileType = wrapper.framework;
			path = RxBlocking.framework;
			remoteRef = C77E83071EA25F08000AC715 /* PBXContainerItemProxy */;
			sourceTree = BUILT_PRODUCTS_DIR;
		};
		C77E830A1EA25F08000AC715 /* RxBlocking.framework */ = {
			isa = PBXReferenceProxy;
			fileType = wrapper.framework;
			path = RxBlocking.framework;
			remoteRef = C77E83091EA25F08000AC715 /* PBXContainerItemProxy */;
			sourceTree = BUILT_PRODUCTS_DIR;
		};
		C77E830C1EA25F08000AC715 /* RxBlocking.framework */ = {
			isa = PBXReferenceProxy;
			fileType = wrapper.framework;
			path = RxBlocking.framework;
			remoteRef = C77E830B1EA25F08000AC715 /* PBXContainerItemProxy */;
			sourceTree = BUILT_PRODUCTS_DIR;
		};
		C77E830E1EA25F08000AC715 /* RxBlocking.framework */ = {
			isa = PBXReferenceProxy;
			fileType = wrapper.framework;
			path = RxBlocking.framework;
			remoteRef = C77E830D1EA25F08000AC715 /* PBXContainerItemProxy */;
			sourceTree = BUILT_PRODUCTS_DIR;
		};
		C77E83101EA25F08000AC715 /* RxTest.framework */ = {
			isa = PBXReferenceProxy;
			fileType = wrapper.framework;
			path = RxTest.framework;
			remoteRef = C77E830F1EA25F08000AC715 /* PBXContainerItemProxy */;
			sourceTree = BUILT_PRODUCTS_DIR;
		};
		C77E83121EA25F08000AC715 /* RxTest.framework */ = {
			isa = PBXReferenceProxy;
			fileType = wrapper.framework;
			path = RxTest.framework;
			remoteRef = C77E83111EA25F08000AC715 /* PBXContainerItemProxy */;
			sourceTree = BUILT_PRODUCTS_DIR;
		};
		C77E83141EA25F08000AC715 /* RxTest.framework */ = {
			isa = PBXReferenceProxy;
			fileType = wrapper.framework;
			path = RxTest.framework;
			remoteRef = C77E83131EA25F08000AC715 /* PBXContainerItemProxy */;
			sourceTree = BUILT_PRODUCTS_DIR;
		};
		C77E83161EA25F08000AC715 /* RxTest.framework */ = {
			isa = PBXReferenceProxy;
			fileType = wrapper.framework;
			path = RxTest.framework;
			remoteRef = C77E83151EA25F08000AC715 /* PBXContainerItemProxy */;
			sourceTree = BUILT_PRODUCTS_DIR;
		};
		C77E83181EA25F08000AC715 /* AllTests-iOS.xctest */ = {
			isa = PBXReferenceProxy;
			fileType = wrapper.cfbundle;
			path = "AllTests-iOS.xctest";
			remoteRef = C77E83171EA25F08000AC715 /* PBXContainerItemProxy */;
			sourceTree = BUILT_PRODUCTS_DIR;
		};
		C77E831A1EA25F08000AC715 /* AllTests-tvOS.xctest */ = {
			isa = PBXReferenceProxy;
			fileType = wrapper.cfbundle;
			path = "AllTests-tvOS.xctest";
			remoteRef = C77E83191EA25F08000AC715 /* PBXContainerItemProxy */;
			sourceTree = BUILT_PRODUCTS_DIR;
		};
		C77E831C1EA25F08000AC715 /* AllTests-macOS.xctest */ = {
			isa = PBXReferenceProxy;
			fileType = wrapper.cfbundle;
			path = "AllTests-macOS.xctest";
			remoteRef = C77E831B1EA25F08000AC715 /* PBXContainerItemProxy */;
			sourceTree = BUILT_PRODUCTS_DIR;
		};
		C77E831E1EA25F08000AC715 /* PerformanceTests.app */ = {
			isa = PBXReferenceProxy;
			fileType = wrapper.application;
			name = PerformanceTests.app;
			path = Microoptimizations.app;
			remoteRef = C77E831D1EA25F08000AC715 /* PBXContainerItemProxy */;
			sourceTree = BUILT_PRODUCTS_DIR;
		};
		C77E83201EA25F08000AC715 /* Benchmarks.xctest */ = {
			isa = PBXReferenceProxy;
			fileType = wrapper.cfbundle;
			path = Benchmarks.xctest;
			remoteRef = C77E831F1EA25F08000AC715 /* PBXContainerItemProxy */;
			sourceTree = BUILT_PRODUCTS_DIR;
		};
		C77E83271EA25F18000AC715 /* RxGesture.framework */ = {
			isa = PBXReferenceProxy;
			fileType = wrapper.framework;
			path = RxGesture.framework;
			remoteRef = C77E83261EA25F18000AC715 /* PBXContainerItemProxy */;
			sourceTree = BUILT_PRODUCTS_DIR;
		};
		C77E83291EA25F18000AC715 /* RxGesture.framework */ = {
			isa = PBXReferenceProxy;
			fileType = wrapper.framework;
			path = RxGesture.framework;
			remoteRef = C77E83281EA25F18000AC715 /* PBXContainerItemProxy */;
			sourceTree = BUILT_PRODUCTS_DIR;
		};
		C7BE65C31EE29CCD00A05286 /* IBAnimatableApp.app */ = {
			isa = PBXReferenceProxy;
			fileType = wrapper.application;
			path = IBAnimatableApp.app;
			remoteRef = C7BE65C21EE29CCD00A05286 /* PBXContainerItemProxy */;
			sourceTree = BUILT_PRODUCTS_DIR;
		};
		C7BE65C51EE29CCD00A05286 /* IBAnimatable.framework */ = {
			isa = PBXReferenceProxy;
			fileType = wrapper.framework;
			path = IBAnimatable.framework;
			remoteRef = C7BE65C41EE29CCD00A05286 /* PBXContainerItemProxy */;
			sourceTree = BUILT_PRODUCTS_DIR;
		};
/* End PBXReferenceProxy section */

/* Begin PBXResourcesBuildPhase section */
		C72E279F1E9ED9EB0064E01B /* Resources */ = {
			isa = PBXResourcesBuildPhase;
			buildActionMask = 2147483647;
			files = (
				C7AE48A01EA5500600C2096E /* TableViewMain.storyboard in Resources */,
				C7AE48901EA5327300C2096E /* Main.storyboard in Resources */,
				C72E27AF1E9ED9EB0064E01B /* LaunchScreen.storyboard in Resources */,
				C74217341EC1C27C0007B4C3 /* ScrollViewMain.storyboard in Resources */,
				C74217CE1EC1F34C0007B4C3 /* slide15.gif in Resources */,
				C7E387DE1ED2F2FF000DCE15 /* AudioMain.storyboard in Resources */,
				C7F45E9E1EE41D20005CF986 /* TheWordsParkIntro.mp4 in Resources */,
				C74217D01EC1F36A0007B4C3 /* slide16.gif in Resources */,
				C742173E1EC1CF740007B4C3 /* Slide.xib in Resources */,
				C74217D21EC1F37A0007B4C3 /* slide18.gif in Resources */,
				C74217D61EC1F4090007B4C3 /* slide17.gif in Resources */,
				C7E387E01ED2F5A9000DCE15 /* brooks.mp3 in Resources */,
				C765C26C1EA4DFD400F5FE90 /* TabBarMain.storyboard in Resources */,
				C7F45F4F1EE4BAFA005CF986 /* StorySmartiesMain.storyboard in Resources */,
				C72E27AC1E9ED9EB0064E01B /* Assets.xcassets in Resources */,
				C76E5C7B1ED639E500E2C4D3 /* CarouselMain.storyboard in Resources */,
				C74217381EC1C8520007B4C3 /* slides_info.plist in Resources */,
				C765C2751EA4E6E000F5FE90 /* NavBarMain.storyboard in Resources */,
				C7E8B18B1ED4552A00FC912F /* VideoPlayerMain.storyboard in Resources */,
				C7C951741EA3E08D005DFE3B /* Architecture.png in Resources */,
				C74217CC1EC1F32B0007B4C3 /* slide19.gif in Resources */,
				C74939841ED7747100555D31 /* InspirationalFilmsMain.storyboard in Resources */,
				C72E27AA1E9ED9EB0064E01B /* ColorsMain.storyboard in Resources */,
			);
			runOnlyForDeploymentPostprocessing = 0;
		};
		C72E27B31E9ED9EB0064E01B /* Resources */ = {
			isa = PBXResourcesBuildPhase;
			buildActionMask = 2147483647;
			files = (
			);
			runOnlyForDeploymentPostprocessing = 0;
		};
		C72E27BE1E9ED9EB0064E01B /* Resources */ = {
			isa = PBXResourcesBuildPhase;
			buildActionMask = 2147483647;
			files = (
			);
			runOnlyForDeploymentPostprocessing = 0;
		};
/* End PBXResourcesBuildPhase section */

/* Begin PBXSourcesBuildPhase section */
		C72E279D1E9ED9EB0064E01B /* Sources */ = {
			isa = PBXSourcesBuildPhase;
			buildActionMask = 2147483647;
			files = (
				C7AE47ED1EA4FCE600C2096E /* TabBarModel.swift in Sources */,
				C76E5C741ED60B6E00E2C4D3 /* UIWindow+Ext.swift in Sources */,
				C796354B1EE5540000AA11B0 /* IntroScreenViewController.swift in Sources */,
				C742173A1EC1CA400007B4C3 /* SlidesInfoModel.swift in Sources */,
				C781C8B01EE2BB9D00DC9A7B /* Dictionary+Ext.swift in Sources */,
				C7AE489E1EA54D6B00C2096E /* MediaTableViewController.swift in Sources */,
				C79635D71EE5A01100AA11B0 /* IntroScreenTableViewCell.swift in Sources */,
				C76E5C791ED639D400E2C4D3 /* CarouselViewController.swift in Sources */,
				C7F45F511EE4BB18005CF986 /* StorySmartiesViewController.swift in Sources */,
				C76E5C7D1ED6500B00E2C4D3 /* Interest.swift in Sources */,
				C765C27B1EA4E77000F5FE90 /* NavigationViewController.swift in Sources */,
				C7E387DC1ED2F2DC000DCE15 /* AudioCheckViewController.swift in Sources */,
				C76E5C761ED6326A00E2C4D3 /* EmptyViewController.swift in Sources */,
				C7AE48D51EA563A400C2096E /* Math+Ext.swift in Sources */,
				C7ACB3871ED8C0B8008B0E82 /* InspirationalFilmsMediaScrollView.swift in Sources */,
				C7AE48A71EA5531A00C2096E /* ChosenMediaTableViewController.swift in Sources */,
				C749398A1ED7808000555D31 /* InspirationalFilmsCollectionViewCell.swift in Sources */,
				C7C9518E1EA40DD6005DFE3B /* ColorsViewController.swift in Sources */,
				C7AE48B21EA5550B00C2096E /* Product.swift in Sources */,
				C76E5EC21ED706ED00E2C4D3 /* UISearchBar+Ext.swift in Sources */,
				C72E27A71E9ED9EB0064E01B /* ColorChangeViewController.swift in Sources */,
				C78B2CE71EA6C74D00DB3967 /* UIImageView+Ext.swift in Sources */,
				C74217CA1EC1F11A0007B4C3 /* UIImage+GIF.swift in Sources */,
				C7AE48B11EA5550B00C2096E /* MediaType.swift in Sources */,
				C765C27D1EA4E79B00F5FE90 /* RootViewController.swift in Sources */,
				C7BE66FA1EE2B30F00A05286 /* UIColor+Ext.swift in Sources */,
				C7FBFE4D1EA4E92900DECCAE /* RedViewController.swift in Sources */,
				C74939861ED774C200555D31 /* InspirationalFilmsViewController.swift in Sources */,
				C7AE48921EA5328B00C2096E /* MainViewController.swift in Sources */,
				C74217361EC1C7A60007B4C3 /* ScrollViewController.swift in Sources */,
				C7AE48A61EA5531A00C2096E /* ChosenMediaDetailedViewController.swift in Sources */,
				C7AE48061EA51E8600C2096E /* NavBarModel.swift in Sources */,
				C765C2721EA4E09F00F5FE90 /* EnglishViewController.swift in Sources */,
				C7AE48D61EA563A400C2096E /* UIImage+Ext.swift in Sources */,
				C76E5C801ED65C7400E2C4D3 /* InterestCollectionViewCell.swift in Sources */,
				C7E8B1891ED4551600FC912F /* VideoPlayerViewController.swift in Sources */,
				C76E5C721ED60AFC00E2C4D3 /* UIApplication+Ext.swift in Sources */,
				C79635331EE553E800AA11B0 /* SummaryScreenViewController.swift in Sources */,
				C7BE67861EE2B72900A05286 /* Generic+Ext.swift in Sources */,
				C7E45A101EE2EEA300F7015C /* UIButton+Ext.swift in Sources */,
				C7F45EA01EE41D9B005CF986 /* String+Ext.swift in Sources */,
				C749398D1ED782D500555D31 /* InspirationalFilms.swift in Sources */,
				C72E27A51E9ED9EB0064E01B /* AppDelegate.swift in Sources */,
				C7E45A281EE351BB00F7015C /* UITextField+Ext.swift in Sources */,
				C76E5B471ED59FED00E2C4D3 /* UIView+Ext.swift in Sources */,
				C742173C1EC1CF650007B4C3 /* Slide.swift in Sources */,
				C7AE48B31EA5550B00C2096E /* ProductLine.swift in Sources */,
				C7BE65E41EE2A23E00A05286 /* MainCollectionViewCell.swift in Sources */,
				C7AE48041EA4FE7D00C2096E /* TabBarViewController.swift in Sources */,
				C7AE48B01EA5550B00C2096E /* MediaTableViewCell.swift in Sources */,
				C7BE65E21EE2A22900A05286 /* MainCollectionViewController.swift in Sources */,
				C7AE48D71EA563A400C2096E /* UIKit+Ext.swift in Sources */,
				C7AE48A21EA5509B00C2096E /* TableViewNavigationViewController.swift in Sources */,
				C7AE48DF1EA6141200C2096E /* AddMediaViewController.swift in Sources */,
				C7AE48AF1EA5550B00C2096E /* MediaLayers.swift in Sources */,
				C765C2701EA4E08600F5FE90 /* MetricViewController.swift in Sources */,
				C7EB75F81EE2E55D0094DE3D /* InspirationalFilmsLabelsScrollView.swift in Sources */,
				C749398F1ED7840D00555D31 /* InspirationalFilmsInfo.swift in Sources */,
			);
			runOnlyForDeploymentPostprocessing = 0;
		};
		C72E27B11E9ED9EB0064E01B /* Sources */ = {
			isa = PBXSourcesBuildPhase;
			buildActionMask = 2147483647;
			files = (
				C72E27BA1E9ED9EB0064E01B /* LearningSwiftCourseTests.swift in Sources */,
			);
			runOnlyForDeploymentPostprocessing = 0;
		};
		C72E27BC1E9ED9EB0064E01B /* Sources */ = {
			isa = PBXSourcesBuildPhase;
			buildActionMask = 2147483647;
			files = (
				C72E27C51E9ED9EB0064E01B /* LearningSwiftCourseUITests.swift in Sources */,
			);
			runOnlyForDeploymentPostprocessing = 0;
		};
/* End PBXSourcesBuildPhase section */

/* Begin PBXTargetDependency section */
		C72E27B71E9ED9EB0064E01B /* PBXTargetDependency */ = {
			isa = PBXTargetDependency;
			target = C72E27A01E9ED9EB0064E01B /* LearningSwiftCourse */;
			targetProxy = C72E27B61E9ED9EB0064E01B /* PBXContainerItemProxy */;
		};
		C72E27C21E9ED9EB0064E01B /* PBXTargetDependency */ = {
			isa = PBXTargetDependency;
			target = C72E27A01E9ED9EB0064E01B /* LearningSwiftCourse */;
			targetProxy = C72E27C11E9ED9EB0064E01B /* PBXContainerItemProxy */;
		};
		C77E832D1EA25F4F000AC715 /* PBXTargetDependency */ = {
			isa = PBXTargetDependency;
			name = "RxGesture-iOS";
			targetProxy = C77E832C1EA25F4F000AC715 /* PBXContainerItemProxy */;
		};
		C77E83311EA25F4F000AC715 /* PBXTargetDependency */ = {
			isa = PBXTargetDependency;
			name = "RxSwift-iOS";
			targetProxy = C77E83301EA25F4F000AC715 /* PBXContainerItemProxy */;
		};
		C77E83351EA25F4F000AC715 /* PBXTargetDependency */ = {
			isa = PBXTargetDependency;
			name = "RxCocoa-iOS";
			targetProxy = C77E83341EA25F4F000AC715 /* PBXContainerItemProxy */;
		};
		C77E83391EA25F4F000AC715 /* PBXTargetDependency */ = {
			isa = PBXTargetDependency;
			name = RxSwiftExt;
			targetProxy = C77E83381EA25F4F000AC715 /* PBXContainerItemProxy */;
		};
		C7BE65DE1EE29CE000A05286 /* PBXTargetDependency */ = {
			isa = PBXTargetDependency;
			name = IBAnimatable;
			targetProxy = C7BE65DD1EE29CE000A05286 /* PBXContainerItemProxy */;
		};
/* End PBXTargetDependency section */

/* Begin PBXVariantGroup section */
		C72E27A81E9ED9EB0064E01B /* ColorsMain.storyboard */ = {
			isa = PBXVariantGroup;
			children = (
				C72E27A91E9ED9EB0064E01B /* Base */,
			);
			name = ColorsMain.storyboard;
			sourceTree = "<group>";
		};
		C72E27AD1E9ED9EB0064E01B /* LaunchScreen.storyboard */ = {
			isa = PBXVariantGroup;
			children = (
				C72E27AE1E9ED9EB0064E01B /* Base */,
			);
			name = LaunchScreen.storyboard;
			sourceTree = "<group>";
		};
/* End PBXVariantGroup section */

/* Begin XCBuildConfiguration section */
		C72E27C71E9ED9EB0064E01B /* Debug */ = {
			isa = XCBuildConfiguration;
			buildSettings = {
				ALWAYS_SEARCH_USER_PATHS = NO;
				CLANG_ANALYZER_NONNULL = YES;
				CLANG_ANALYZER_NUMBER_OBJECT_CONVERSION = YES_AGGRESSIVE;
				CLANG_CXX_LANGUAGE_STANDARD = "gnu++0x";
				CLANG_CXX_LIBRARY = "libc++";
				CLANG_ENABLE_MODULES = YES;
				CLANG_ENABLE_OBJC_ARC = YES;
				CLANG_WARN_BOOL_CONVERSION = YES;
				CLANG_WARN_CONSTANT_CONVERSION = YES;
				CLANG_WARN_DIRECT_OBJC_ISA_USAGE = YES_ERROR;
				CLANG_WARN_DOCUMENTATION_COMMENTS = YES;
				CLANG_WARN_EMPTY_BODY = YES;
				CLANG_WARN_ENUM_CONVERSION = YES;
				CLANG_WARN_INFINITE_RECURSION = YES;
				CLANG_WARN_INT_CONVERSION = YES;
				CLANG_WARN_OBJC_ROOT_CLASS = YES_ERROR;
				CLANG_WARN_SUSPICIOUS_MOVE = YES;
				CLANG_WARN_UNREACHABLE_CODE = YES;
				CLANG_WARN__DUPLICATE_METHOD_MATCH = YES;
				"CODE_SIGN_IDENTITY[sdk=iphoneos*]" = "iPhone Developer";
				COPY_PHASE_STRIP = NO;
				DEBUG_INFORMATION_FORMAT = dwarf;
				ENABLE_STRICT_OBJC_MSGSEND = YES;
				ENABLE_TESTABILITY = YES;
				GCC_C_LANGUAGE_STANDARD = gnu99;
				GCC_DYNAMIC_NO_PIC = NO;
				GCC_NO_COMMON_BLOCKS = YES;
				GCC_OPTIMIZATION_LEVEL = 0;
				GCC_PREPROCESSOR_DEFINITIONS = (
					"DEBUG=1",
					"$(inherited)",
				);
				GCC_WARN_64_TO_32_BIT_CONVERSION = YES;
				GCC_WARN_ABOUT_RETURN_TYPE = YES_ERROR;
				GCC_WARN_UNDECLARED_SELECTOR = YES;
				GCC_WARN_UNINITIALIZED_AUTOS = YES_AGGRESSIVE;
				GCC_WARN_UNUSED_FUNCTION = YES;
				GCC_WARN_UNUSED_VARIABLE = YES;
				IPHONEOS_DEPLOYMENT_TARGET = 10.3;
				MTL_ENABLE_DEBUG_INFO = YES;
				ONLY_ACTIVE_ARCH = YES;
				SDKROOT = iphoneos;
				SWIFT_ACTIVE_COMPILATION_CONDITIONS = DEBUG;
				SWIFT_OPTIMIZATION_LEVEL = "-Onone";
				TARGETED_DEVICE_FAMILY = "1,2";
			};
			name = Debug;
		};
		C72E27C81E9ED9EB0064E01B /* Release */ = {
			isa = XCBuildConfiguration;
			buildSettings = {
				ALWAYS_SEARCH_USER_PATHS = NO;
				CLANG_ANALYZER_NONNULL = YES;
				CLANG_ANALYZER_NUMBER_OBJECT_CONVERSION = YES_AGGRESSIVE;
				CLANG_CXX_LANGUAGE_STANDARD = "gnu++0x";
				CLANG_CXX_LIBRARY = "libc++";
				CLANG_ENABLE_MODULES = YES;
				CLANG_ENABLE_OBJC_ARC = YES;
				CLANG_WARN_BOOL_CONVERSION = YES;
				CLANG_WARN_CONSTANT_CONVERSION = YES;
				CLANG_WARN_DIRECT_OBJC_ISA_USAGE = YES_ERROR;
				CLANG_WARN_DOCUMENTATION_COMMENTS = YES;
				CLANG_WARN_EMPTY_BODY = YES;
				CLANG_WARN_ENUM_CONVERSION = YES;
				CLANG_WARN_INFINITE_RECURSION = YES;
				CLANG_WARN_INT_CONVERSION = YES;
				CLANG_WARN_OBJC_ROOT_CLASS = YES_ERROR;
				CLANG_WARN_SUSPICIOUS_MOVE = YES;
				CLANG_WARN_UNREACHABLE_CODE = YES;
				CLANG_WARN__DUPLICATE_METHOD_MATCH = YES;
				"CODE_SIGN_IDENTITY[sdk=iphoneos*]" = "iPhone Developer";
				COPY_PHASE_STRIP = NO;
				DEBUG_INFORMATION_FORMAT = "dwarf-with-dsym";
				ENABLE_NS_ASSERTIONS = NO;
				ENABLE_STRICT_OBJC_MSGSEND = YES;
				GCC_C_LANGUAGE_STANDARD = gnu99;
				GCC_NO_COMMON_BLOCKS = YES;
				GCC_WARN_64_TO_32_BIT_CONVERSION = YES;
				GCC_WARN_ABOUT_RETURN_TYPE = YES_ERROR;
				GCC_WARN_UNDECLARED_SELECTOR = YES;
				GCC_WARN_UNINITIALIZED_AUTOS = YES_AGGRESSIVE;
				GCC_WARN_UNUSED_FUNCTION = YES;
				GCC_WARN_UNUSED_VARIABLE = YES;
				IPHONEOS_DEPLOYMENT_TARGET = 10.3;
				MTL_ENABLE_DEBUG_INFO = NO;
				SDKROOT = iphoneos;
				SWIFT_OPTIMIZATION_LEVEL = "-Owholemodule";
				TARGETED_DEVICE_FAMILY = "1,2";
				VALIDATE_PRODUCT = YES;
			};
			name = Release;
		};
		C72E27CA1E9ED9EB0064E01B /* Debug */ = {
			isa = XCBuildConfiguration;
			buildSettings = {
				ALWAYS_EMBED_SWIFT_STANDARD_LIBRARIES = YES;
				ASSETCATALOG_COMPILER_APPICON_NAME = AppIcon;
				DEVELOPMENT_TEAM = 4Q93294747;
				INFOPLIST_FILE = LearningSwiftCourse/Info.plist;
				LD_RUNPATH_SEARCH_PATHS = "$(inherited) @executable_path/Frameworks";
				PRODUCT_BUNDLE_IDENTIFIER = co.lexilabs.LearningSwiftCourse;
				PRODUCT_NAME = "$(TARGET_NAME)";
				SWIFT_VERSION = 3.0;
				TARGETED_DEVICE_FAMILY = 1;
			};
			name = Debug;
		};
		C72E27CB1E9ED9EB0064E01B /* Release */ = {
			isa = XCBuildConfiguration;
			buildSettings = {
				ALWAYS_EMBED_SWIFT_STANDARD_LIBRARIES = YES;
				ASSETCATALOG_COMPILER_APPICON_NAME = AppIcon;
				DEVELOPMENT_TEAM = 4Q93294747;
				INFOPLIST_FILE = LearningSwiftCourse/Info.plist;
				LD_RUNPATH_SEARCH_PATHS = "$(inherited) @executable_path/Frameworks";
				PRODUCT_BUNDLE_IDENTIFIER = co.lexilabs.LearningSwiftCourse;
				PRODUCT_NAME = "$(TARGET_NAME)";
				SWIFT_VERSION = 3.0;
				TARGETED_DEVICE_FAMILY = 1;
			};
			name = Release;
		};
		C72E27CD1E9ED9EB0064E01B /* Debug */ = {
			isa = XCBuildConfiguration;
			buildSettings = {
				ALWAYS_EMBED_SWIFT_STANDARD_LIBRARIES = YES;
				BUNDLE_LOADER = "$(TEST_HOST)";
				DEVELOPMENT_TEAM = 4Q93294747;
				INFOPLIST_FILE = LearningSwiftCourseTests/Info.plist;
				LD_RUNPATH_SEARCH_PATHS = "$(inherited) @executable_path/Frameworks @loader_path/Frameworks";
				PRODUCT_BUNDLE_IDENTIFIER = co.lexilabs.LearningSwiftCourseTests;
				PRODUCT_NAME = "$(TARGET_NAME)";
				SWIFT_VERSION = 3.0;
				TEST_HOST = "$(BUILT_PRODUCTS_DIR)/LearningSwiftCourse.app/LearningSwiftCourse";
			};
			name = Debug;
		};
		C72E27CE1E9ED9EB0064E01B /* Release */ = {
			isa = XCBuildConfiguration;
			buildSettings = {
				ALWAYS_EMBED_SWIFT_STANDARD_LIBRARIES = YES;
				BUNDLE_LOADER = "$(TEST_HOST)";
				DEVELOPMENT_TEAM = 4Q93294747;
				INFOPLIST_FILE = LearningSwiftCourseTests/Info.plist;
				LD_RUNPATH_SEARCH_PATHS = "$(inherited) @executable_path/Frameworks @loader_path/Frameworks";
				PRODUCT_BUNDLE_IDENTIFIER = co.lexilabs.LearningSwiftCourseTests;
				PRODUCT_NAME = "$(TARGET_NAME)";
				SWIFT_VERSION = 3.0;
				TEST_HOST = "$(BUILT_PRODUCTS_DIR)/LearningSwiftCourse.app/LearningSwiftCourse";
			};
			name = Release;
		};
		C72E27D01E9ED9EB0064E01B /* Debug */ = {
			isa = XCBuildConfiguration;
			buildSettings = {
				ALWAYS_EMBED_SWIFT_STANDARD_LIBRARIES = YES;
				DEVELOPMENT_TEAM = 4Q93294747;
				INFOPLIST_FILE = LearningSwiftCourseUITests/Info.plist;
				LD_RUNPATH_SEARCH_PATHS = "$(inherited) @executable_path/Frameworks @loader_path/Frameworks";
				PRODUCT_BUNDLE_IDENTIFIER = co.lexilabs.LearningSwiftCourseUITests;
				PRODUCT_NAME = "$(TARGET_NAME)";
				SWIFT_VERSION = 3.0;
				TEST_TARGET_NAME = LearningSwiftCourse;
			};
			name = Debug;
		};
		C72E27D11E9ED9EB0064E01B /* Release */ = {
			isa = XCBuildConfiguration;
			buildSettings = {
				ALWAYS_EMBED_SWIFT_STANDARD_LIBRARIES = YES;
				DEVELOPMENT_TEAM = 4Q93294747;
				INFOPLIST_FILE = LearningSwiftCourseUITests/Info.plist;
				LD_RUNPATH_SEARCH_PATHS = "$(inherited) @executable_path/Frameworks @loader_path/Frameworks";
				PRODUCT_BUNDLE_IDENTIFIER = co.lexilabs.LearningSwiftCourseUITests;
				PRODUCT_NAME = "$(TARGET_NAME)";
				SWIFT_VERSION = 3.0;
				TEST_TARGET_NAME = LearningSwiftCourse;
			};
			name = Release;
		};
/* End XCBuildConfiguration section */

/* Begin XCConfigurationList section */
		C72E279C1E9ED9EB0064E01B /* Build configuration list for PBXProject "LearningSwiftCourse" */ = {
			isa = XCConfigurationList;
			buildConfigurations = (
				C72E27C71E9ED9EB0064E01B /* Debug */,
				C72E27C81E9ED9EB0064E01B /* Release */,
			);
			defaultConfigurationIsVisible = 0;
			defaultConfigurationName = Release;
		};
		C72E27C91E9ED9EB0064E01B /* Build configuration list for PBXNativeTarget "LearningSwiftCourse" */ = {
			isa = XCConfigurationList;
			buildConfigurations = (
				C72E27CA1E9ED9EB0064E01B /* Debug */,
				C72E27CB1E9ED9EB0064E01B /* Release */,
			);
			defaultConfigurationIsVisible = 0;
			defaultConfigurationName = Release;
		};
		C72E27CC1E9ED9EB0064E01B /* Build configuration list for PBXNativeTarget "LearningSwiftCourseTests" */ = {
			isa = XCConfigurationList;
			buildConfigurations = (
				C72E27CD1E9ED9EB0064E01B /* Debug */,
				C72E27CE1E9ED9EB0064E01B /* Release */,
			);
			defaultConfigurationIsVisible = 0;
			defaultConfigurationName = Release;
		};
		C72E27CF1E9ED9EB0064E01B /* Build configuration list for PBXNativeTarget "LearningSwiftCourseUITests" */ = {
			isa = XCConfigurationList;
			buildConfigurations = (
				C72E27D01E9ED9EB0064E01B /* Debug */,
				C72E27D11E9ED9EB0064E01B /* Release */,
			);
			defaultConfigurationIsVisible = 0;
			defaultConfigurationName = Release;
		};
/* End XCConfigurationList section */
	};
	rootObject = C72E27991E9ED9EB0064E01B /* Project object */;
}
